
Microsoft Visual Studio Solution File, Format Version 12.00
# Visual Studio Version 17
VisualStudioVersion = 17.7.34031.279
MinimumVisualStudioVersion = 10.0.40219.1
Project("{8BC9CEB8-8B4A-11D0-8D11-00A0C91BC942}") = "Bai004", "Bai004\Bai004.vcxproj", "{7948C215-21D5-409E-AF52-03E1660542DE}"
EndProject
Project("{8BC9CEB8-8B4A-11D0-8D11-00A0C91BC942}") = "Bai010", "Bai010\Bai010.vcxproj", "{96B2B2AF-F508-4B0F-812F-8CB90395DFE1}"
EndProject
Project("{8BC9CEB8-8B4A-11D0-8D11-00A0C91BC942}") = "Bai016", "Bai016\Bai016.vcxproj", "{83746E63-8847-4FFA-8A85-575210182CF3}"
EndProject
Project("{8BC9CEB8-8B4A-11D0-8D11-00A0C91BC942}") = "Bai022", "Bai022\Bai022.vcxproj", "{41A91FDA-C65C-4FD0-A3D1-3C6CD1E51B6E}"
EndProject
Project("{8BC9CEB8-8B4A-11D0-8D11-00A0C91BC942}") = "Bai028", "Bai028\Bai028.vcxproj", "{AF8744CE-EF2E-49B1-9F35-930912D96510}"
EndProject
Project("{8BC9CEB8-8B4A-11D0-8D11-00A0C91BC942}") = "Bai034", "Bai034\Bai034.vcxproj", "{30FEB99C-6E1F-46C6-83AC-52A047B616B9}"
EndProject
Project("{8BC9CEB8-8B4A-11D0-8D11-00A0C91BC942}") = "Bai040", "Bai040\Bai040.vcxproj", "{385BF8C8-8495-4DF1-A32B-5705F8E2F317}"
EndProject
Project("{8BC9CEB8-8B4A-11D0-8D11-00A0C91BC942}") = "Bai046", "Bai046\Bai046.vcxproj", "{60BE4E06-F614-44F1-9930-8032AC2E6430}"
EndProject
Project("{8BC9CEB8-8B4A-11D0-8D11-00A0C91BC942}") = "Bai052", "Bai052\Bai052.vcxproj", "{9326357A-87F7-4AE7-AB57-287503807725}"
EndProject
Project("{8BC9CEB8-8B4A-11D0-8D11-00A0C91BC942}") = "Bai058", "Bai058\Bai058.vcxproj", "{065C799D-F72D-46D3-BB12-81A572E3A1BD}"
EndProject
Project("{8BC9CEB8-8B4A-11D0-8D11-00A0C91BC942}") = "Bai064", "Bai064\Bai064.vcxproj", "{B1B9F848-0921-4719-A01A-7C253C34529F}"
EndProject
Project("{8BC9CEB8-8B4A-11D0-8D11-00A0C91BC942}") = "Test", "Test\Test.vcxproj", "{22CB3929-EA56-4CCD-A728-88D9F343E152}"
EndProject
Project("{8BC9CEB8-8B4A-11D0-8D11-00A0C91BC942}") = "Bai070", "Bai070\Bai070.vcxproj", "{025A25E1-5B23-4BB0-B5F4-231D888C562E}"
EndProject
Project("{8BC9CEB8-8B4A-11D0-8D11-00A0C91BC942}") = "Bai076", "Bai076\Bai076.vcxproj", "{E6E51A91-9203-407E-ABD5-26755D9057AE}"
EndProject
Project("{8BC9CEB8-8B4A-11D0-8D11-00A0C91BC942}") = "Bai082", "Bai082\Bai082.vcxproj", "{2FEA1399-15B9-4AAE-8288-CACC6CFB641F}"
EndProject
Project("{8BC9CEB8-8B4A-11D0-8D11-00A0C91BC942}") = "Bai088", "Bai088\Bai088.vcxproj", "{A002E267-F53B-4D18-B653-4072FC91F9C5}"
EndProject
Project("{8BC9CEB8-8B4A-11D0-8D11-00A0C91BC942}") = "Bai094", "Bai094\Bai094.vcxproj", "{6E6C39BD-BC8B-4B37-B518-53AD630C3C3F}"
EndProject
Project("{8BC9CEB8-8B4A-11D0-8D11-00A0C91BC942}") = "Bai100", "Bai100\Bai100.vcxproj", "{419750BB-7EB0-41EE-B291-27E035165FDD}"
EndProject
Project("{8BC9CEB8-8B4A-11D0-8D11-00A0C91BC942}") = "Bai106", "Bai106\Bai106.vcxproj", "{F00F5934-DD44-493A-AE37-450A4C3D5063}"
EndProject
Project("{8BC9CEB8-8B4A-11D0-8D11-00A0C91BC942}") = "Bai112", "Bai112\Bai112.vcxproj", "{DBD50C80-18DF-4F1D-814A-EB3DF1D8DA8D}"
EndProject
Project("{8BC9CEB8-8B4A-11D0-8D11-00A0C91BC942}") = "Bai118", "Bai118\Bai118.vcxproj", "{C05FD250-854A-4563-A10C-573776FA4737}"
EndProject
Project("{8BC9CEB8-8B4A-11D0-8D11-00A0C91BC942}") = "Bai124", "Bai124\Bai124.vcxproj", "{722F3198-4180-4939-A982-808BD92434C2}"
EndProject
Project("{8BC9CEB8-8B4A-11D0-8D11-00A0C91BC942}") = "Bai136", "Bai136\Bai136.vcxproj", "{3791DE00-4930-4839-AA3B-62C7C672BB0C}"
EndProject
Project("{8BC9CEB8-8B4A-11D0-8D11-00A0C91BC942}") = "Bai142", "Bai142\Bai142.vcxproj", "{5BF4B00E-8BEA-40CA-9575-540C2BBCE412}"
EndProject
Project("{8BC9CEB8-8B4A-11D0-8D11-00A0C91BC942}") = "Bai148", "Bai148\Bai148.vcxproj", "{708ACC1E-176F-496C-B3B6-0229C8BA9C94}"
EndProject
Project("{8BC9CEB8-8B4A-11D0-8D11-00A0C91BC942}") = "Bai154", "Bai154\Bai154.vcxproj", "{79142541-8712-45FC-AD5B-866DC15EE1E8}"
EndProject
Project("{8BC9CEB8-8B4A-11D0-8D11-00A0C91BC942}") = "Bai160", "Bai160\Bai160.vcxproj", "{BCFD7AD4-34CA-48BB-A599-44E7D1861448}"
EndProject
Project("{8BC9CEB8-8B4A-11D0-8D11-00A0C91BC942}") = "Bai166", "Bai166\Bai166.vcxproj", "{1DF87392-D692-4BED-923A-3380EE68B21A}"
EndProject
Project("{8BC9CEB8-8B4A-11D0-8D11-00A0C91BC942}") = "Bai172", "Bai172\Bai172.vcxproj", "{DB5F6B10-A6A0-409C-AD2C-A97D1B98966A}"
EndProject
Global
	GlobalSection(SolutionConfigurationPlatforms) = preSolution
		Debug|x64 = Debug|x64
		Debug|x86 = Debug|x86
		Release|x64 = Release|x64
		Release|x86 = Release|x86
	EndGlobalSection
	GlobalSection(ProjectConfigurationPlatforms) = postSolution
		{7948C215-21D5-409E-AF52-03E1660542DE}.Debug|x64.ActiveCfg = Debug|x64
		{7948C215-21D5-409E-AF52-03E1660542DE}.Debug|x64.Build.0 = Debug|x64
		{7948C215-21D5-409E-AF52-03E1660542DE}.Debug|x86.ActiveCfg = Debug|Win32
		{7948C215-21D5-409E-AF52-03E1660542DE}.Debug|x86.Build.0 = Debug|Win32
		{7948C215-21D5-409E-AF52-03E1660542DE}.Release|x64.ActiveCfg = Release|x64
		{7948C215-21D5-409E-AF52-03E1660542DE}.Release|x64.Build.0 = Release|x64
		{7948C215-21D5-409E-AF52-03E1660542DE}.Release|x86.ActiveCfg = Release|Win32
		{7948C215-21D5-409E-AF52-03E1660542DE}.Release|x86.Build.0 = Release|Win32
		{96B2B2AF-F508-4B0F-812F-8CB90395DFE1}.Debug|x64.ActiveCfg = Debug|x64
		{96B2B2AF-F508-4B0F-812F-8CB90395DFE1}.Debug|x64.Build.0 = Debug|x64
		{96B2B2AF-F508-4B0F-812F-8CB90395DFE1}.Debug|x86.ActiveCfg = Debug|Win32
		{96B2B2AF-F508-4B0F-812F-8CB90395DFE1}.Debug|x86.Build.0 = Debug|Win32
		{96B2B2AF-F508-4B0F-812F-8CB90395DFE1}.Release|x64.ActiveCfg = Release|x64
		{96B2B2AF-F508-4B0F-812F-8CB90395DFE1}.Release|x64.Build.0 = Release|x64
		{96B2B2AF-F508-4B0F-812F-8CB90395DFE1}.Release|x86.ActiveCfg = Release|Win32
		{96B2B2AF-F508-4B0F-812F-8CB90395DFE1}.Release|x86.Build.0 = Release|Win32
		{83746E63-8847-4FFA-8A85-575210182CF3}.Debug|x64.ActiveCfg = Debug|x64
		{83746E63-8847-4FFA-8A85-575210182CF3}.Debug|x64.Build.0 = Debug|x64
		{83746E63-8847-4FFA-8A85-575210182CF3}.Debug|x86.ActiveCfg = Debug|Win32
		{83746E63-8847-4FFA-8A85-575210182CF3}.Debug|x86.Build.0 = Debug|Win32
		{83746E63-8847-4FFA-8A85-575210182CF3}.Release|x64.ActiveCfg = Release|x64
		{83746E63-8847-4FFA-8A85-575210182CF3}.Release|x64.Build.0 = Release|x64
		{83746E63-8847-4FFA-8A85-575210182CF3}.Release|x86.ActiveCfg = Release|Win32
		{83746E63-8847-4FFA-8A85-575210182CF3}.Release|x86.Build.0 = Release|Win32
		{41A91FDA-C65C-4FD0-A3D1-3C6CD1E51B6E}.Debug|x64.ActiveCfg = Debug|x64
		{41A91FDA-C65C-4FD0-A3D1-3C6CD1E51B6E}.Debug|x64.Build.0 = Debug|x64
		{41A91FDA-C65C-4FD0-A3D1-3C6CD1E51B6E}.Debug|x86.ActiveCfg = Debug|Win32
		{41A91FDA-C65C-4FD0-A3D1-3C6CD1E51B6E}.Debug|x86.Build.0 = Debug|Win32
		{41A91FDA-C65C-4FD0-A3D1-3C6CD1E51B6E}.Release|x64.ActiveCfg = Release|x64
		{41A91FDA-C65C-4FD0-A3D1-3C6CD1E51B6E}.Release|x64.Build.0 = Release|x64
		{41A91FDA-C65C-4FD0-A3D1-3C6CD1E51B6E}.Release|x86.ActiveCfg = Release|Win32
		{41A91FDA-C65C-4FD0-A3D1-3C6CD1E51B6E}.Release|x86.Build.0 = Release|Win32
		{AF8744CE-EF2E-49B1-9F35-930912D96510}.Debug|x64.ActiveCfg = Debug|x64
		{AF8744CE-EF2E-49B1-9F35-930912D96510}.Debug|x64.Build.0 = Debug|x64
		{AF8744CE-EF2E-49B1-9F35-930912D96510}.Debug|x86.ActiveCfg = Debug|Win32
		{AF8744CE-EF2E-49B1-9F35-930912D96510}.Debug|x86.Build.0 = Debug|Win32
		{AF8744CE-EF2E-49B1-9F35-930912D96510}.Release|x64.ActiveCfg = Release|x64
		{AF8744CE-EF2E-49B1-9F35-930912D96510}.Release|x64.Build.0 = Release|x64
		{AF8744CE-EF2E-49B1-9F35-930912D96510}.Release|x86.ActiveCfg = Release|Win32
		{AF8744CE-EF2E-49B1-9F35-930912D96510}.Release|x86.Build.0 = Release|Win32
		{30FEB99C-6E1F-46C6-83AC-52A047B616B9}.Debug|x64.ActiveCfg = Debug|x64
		{30FEB99C-6E1F-46C6-83AC-52A047B616B9}.Debug|x64.Build.0 = Debug|x64
		{30FEB99C-6E1F-46C6-83AC-52A047B616B9}.Debug|x86.ActiveCfg = Debug|Win32
		{30FEB99C-6E1F-46C6-83AC-52A047B616B9}.Debug|x86.Build.0 = Debug|Win32
		{30FEB99C-6E1F-46C6-83AC-52A047B616B9}.Release|x64.ActiveCfg = Release|x64
		{30FEB99C-6E1F-46C6-83AC-52A047B616B9}.Release|x64.Build.0 = Release|x64
		{30FEB99C-6E1F-46C6-83AC-52A047B616B9}.Release|x86.ActiveCfg = Release|Win32
		{30FEB99C-6E1F-46C6-83AC-52A047B616B9}.Release|x86.Build.0 = Release|Win32
		{385BF8C8-8495-4DF1-A32B-5705F8E2F317}.Debug|x64.ActiveCfg = Debug|x64
		{385BF8C8-8495-4DF1-A32B-5705F8E2F317}.Debug|x64.Build.0 = Debug|x64
		{385BF8C8-8495-4DF1-A32B-5705F8E2F317}.Debug|x86.ActiveCfg = Debug|Win32
		{385BF8C8-8495-4DF1-A32B-5705F8E2F317}.Debug|x86.Build.0 = Debug|Win32
		{385BF8C8-8495-4DF1-A32B-5705F8E2F317}.Release|x64.ActiveCfg = Release|x64
		{385BF8C8-8495-4DF1-A32B-5705F8E2F317}.Release|x64.Build.0 = Release|x64
		{385BF8C8-8495-4DF1-A32B-5705F8E2F317}.Release|x86.ActiveCfg = Release|Win32
		{385BF8C8-8495-4DF1-A32B-5705F8E2F317}.Release|x86.Build.0 = Release|Win32
		{60BE4E06-F614-44F1-9930-8032AC2E6430}.Debug|x64.ActiveCfg = Debug|x64
		{60BE4E06-F614-44F1-9930-8032AC2E6430}.Debug|x64.Build.0 = Debug|x64
		{60BE4E06-F614-44F1-9930-8032AC2E6430}.Debug|x86.ActiveCfg = Debug|Win32
		{60BE4E06-F614-44F1-9930-8032AC2E6430}.Debug|x86.Build.0 = Debug|Win32
		{60BE4E06-F614-44F1-9930-8032AC2E6430}.Release|x64.ActiveCfg = Release|x64
		{60BE4E06-F614-44F1-9930-8032AC2E6430}.Release|x64.Build.0 = Release|x64
		{60BE4E06-F614-44F1-9930-8032AC2E6430}.Release|x86.ActiveCfg = Release|Win32
		{60BE4E06-F614-44F1-9930-8032AC2E6430}.Release|x86.Build.0 = Release|Win32
		{9326357A-87F7-4AE7-AB57-287503807725}.Debug|x64.ActiveCfg = Debug|x64
		{9326357A-87F7-4AE7-AB57-287503807725}.Debug|x64.Build.0 = Debug|x64
		{9326357A-87F7-4AE7-AB57-287503807725}.Debug|x86.ActiveCfg = Debug|Win32
		{9326357A-87F7-4AE7-AB57-287503807725}.Debug|x86.Build.0 = Debug|Win32
		{9326357A-87F7-4AE7-AB57-287503807725}.Release|x64.ActiveCfg = Release|x64
		{9326357A-87F7-4AE7-AB57-287503807725}.Release|x64.Build.0 = Release|x64
		{9326357A-87F7-4AE7-AB57-287503807725}.Release|x86.ActiveCfg = Release|Win32
		{9326357A-87F7-4AE7-AB57-287503807725}.Release|x86.Build.0 = Release|Win32
		{065C799D-F72D-46D3-BB12-81A572E3A1BD}.Debug|x64.ActiveCfg = Debug|x64
		{065C799D-F72D-46D3-BB12-81A572E3A1BD}.Debug|x64.Build.0 = Debug|x64
		{065C799D-F72D-46D3-BB12-81A572E3A1BD}.Debug|x86.ActiveCfg = Debug|Win32
		{065C799D-F72D-46D3-BB12-81A572E3A1BD}.Debug|x86.Build.0 = Debug|Win32
		{065C799D-F72D-46D3-BB12-81A572E3A1BD}.Release|x64.ActiveCfg = Release|x64
		{065C799D-F72D-46D3-BB12-81A572E3A1BD}.Release|x64.Build.0 = Release|x64
		{065C799D-F72D-46D3-BB12-81A572E3A1BD}.Release|x86.ActiveCfg = Release|Win32
		{065C799D-F72D-46D3-BB12-81A572E3A1BD}.Release|x86.Build.0 = Release|Win32
		{B1B9F848-0921-4719-A01A-7C253C34529F}.Debug|x64.ActiveCfg = Debug|x64
		{B1B9F848-0921-4719-A01A-7C253C34529F}.Debug|x64.Build.0 = Debug|x64
		{B1B9F848-0921-4719-A01A-7C253C34529F}.Debug|x86.ActiveCfg = Debug|Win32
		{B1B9F848-0921-4719-A01A-7C253C34529F}.Debug|x86.Build.0 = Debug|Win32
		{B1B9F848-0921-4719-A01A-7C253C34529F}.Release|x64.ActiveCfg = Release|x64
		{B1B9F848-0921-4719-A01A-7C253C34529F}.Release|x64.Build.0 = Release|x64
		{B1B9F848-0921-4719-A01A-7C253C34529F}.Release|x86.ActiveCfg = Release|Win32
		{B1B9F848-0921-4719-A01A-7C253C34529F}.Release|x86.Build.0 = Release|Win32
		{22CB3929-EA56-4CCD-A728-88D9F343E152}.Debug|x64.ActiveCfg = Debug|x64
		{22CB3929-EA56-4CCD-A728-88D9F343E152}.Debug|x64.Build.0 = Debug|x64
		{22CB3929-EA56-4CCD-A728-88D9F343E152}.Debug|x86.ActiveCfg = Debug|Win32
		{22CB3929-EA56-4CCD-A728-88D9F343E152}.Debug|x86.Build.0 = Debug|Win32
		{22CB3929-EA56-4CCD-A728-88D9F343E152}.Release|x64.ActiveCfg = Release|x64
		{22CB3929-EA56-4CCD-A728-88D9F343E152}.Release|x64.Build.0 = Release|x64
		{22CB3929-EA56-4CCD-A728-88D9F343E152}.Release|x86.ActiveCfg = Release|Win32
		{22CB3929-EA56-4CCD-A728-88D9F343E152}.Release|x86.Build.0 = Release|Win32
		{025A25E1-5B23-4BB0-B5F4-231D888C562E}.Debug|x64.ActiveCfg = Debug|x64
		{025A25E1-5B23-4BB0-B5F4-231D888C562E}.Debug|x64.Build.0 = Debug|x64
		{025A25E1-5B23-4BB0-B5F4-231D888C562E}.Debug|x86.ActiveCfg = Debug|Win32
		{025A25E1-5B23-4BB0-B5F4-231D888C562E}.Debug|x86.Build.0 = Debug|Win32
		{025A25E1-5B23-4BB0-B5F4-231D888C562E}.Release|x64.ActiveCfg = Release|x64
		{025A25E1-5B23-4BB0-B5F4-231D888C562E}.Release|x64.Build.0 = Release|x64
		{025A25E1-5B23-4BB0-B5F4-231D888C562E}.Release|x86.ActiveCfg = Release|Win32
		{025A25E1-5B23-4BB0-B5F4-231D888C562E}.Release|x86.Build.0 = Release|Win32
		{E6E51A91-9203-407E-ABD5-26755D9057AE}.Debug|x64.ActiveCfg = Debug|x64
		{E6E51A91-9203-407E-ABD5-26755D9057AE}.Debug|x64.Build.0 = Debug|x64
		{E6E51A91-9203-407E-ABD5-26755D9057AE}.Debug|x86.ActiveCfg = Debug|Win32
		{E6E51A91-9203-407E-ABD5-26755D9057AE}.Debug|x86.Build.0 = Debug|Win32
		{E6E51A91-9203-407E-ABD5-26755D9057AE}.Release|x64.ActiveCfg = Release|x64
		{E6E51A91-9203-407E-ABD5-26755D9057AE}.Release|x64.Build.0 = Release|x64
		{E6E51A91-9203-407E-ABD5-26755D9057AE}.Release|x86.ActiveCfg = Release|Win32
		{E6E51A91-9203-407E-ABD5-26755D9057AE}.Release|x86.Build.0 = Release|Win32
		{2FEA1399-15B9-4AAE-8288-CACC6CFB641F}.Debug|x64.ActiveCfg = Debug|x64
		{2FEA1399-15B9-4AAE-8288-CACC6CFB641F}.Debug|x64.Build.0 = Debug|x64
		{2FEA1399-15B9-4AAE-8288-CACC6CFB641F}.Debug|x86.ActiveCfg = Debug|Win32
		{2FEA1399-15B9-4AAE-8288-CACC6CFB641F}.Debug|x86.Build.0 = Debug|Win32
		{2FEA1399-15B9-4AAE-8288-CACC6CFB641F}.Release|x64.ActiveCfg = Release|x64
		{2FEA1399-15B9-4AAE-8288-CACC6CFB641F}.Release|x64.Build.0 = Release|x64
		{2FEA1399-15B9-4AAE-8288-CACC6CFB641F}.Release|x86.ActiveCfg = Release|Win32
		{2FEA1399-15B9-4AAE-8288-CACC6CFB641F}.Release|x86.Build.0 = Release|Win32
		{A002E267-F53B-4D18-B653-4072FC91F9C5}.Debug|x64.ActiveCfg = Debug|x64
		{A002E267-F53B-4D18-B653-4072FC91F9C5}.Debug|x64.Build.0 = Debug|x64
		{A002E267-F53B-4D18-B653-4072FC91F9C5}.Debug|x86.ActiveCfg = Debug|Win32
		{A002E267-F53B-4D18-B653-4072FC91F9C5}.Debug|x86.Build.0 = Debug|Win32
		{A002E267-F53B-4D18-B653-4072FC91F9C5}.Release|x64.ActiveCfg = Release|x64
		{A002E267-F53B-4D18-B653-4072FC91F9C5}.Release|x64.Build.0 = Release|x64
		{A002E267-F53B-4D18-B653-4072FC91F9C5}.Release|x86.ActiveCfg = Release|Win32
		{A002E267-F53B-4D18-B653-4072FC91F9C5}.Release|x86.Build.0 = Release|Win32
		{6E6C39BD-BC8B-4B37-B518-53AD630C3C3F}.Debug|x64.ActiveCfg = Debug|x64
		{6E6C39BD-BC8B-4B37-B518-53AD630C3C3F}.Debug|x64.Build.0 = Debug|x64
		{6E6C39BD-BC8B-4B37-B518-53AD630C3C3F}.Debug|x86.ActiveCfg = Debug|Win32
		{6E6C39BD-BC8B-4B37-B518-53AD630C3C3F}.Debug|x86.Build.0 = Debug|Win32
		{6E6C39BD-BC8B-4B37-B518-53AD630C3C3F}.Release|x64.ActiveCfg = Release|x64
		{6E6C39BD-BC8B-4B37-B518-53AD630C3C3F}.Release|x64.Build.0 = Release|x64
		{6E6C39BD-BC8B-4B37-B518-53AD630C3C3F}.Release|x86.ActiveCfg = Release|Win32
		{6E6C39BD-BC8B-4B37-B518-53AD630C3C3F}.Release|x86.Build.0 = Release|Win32
		{419750BB-7EB0-41EE-B291-27E035165FDD}.Debug|x64.ActiveCfg = Debug|x64
		{419750BB-7EB0-41EE-B291-27E035165FDD}.Debug|x64.Build.0 = Debug|x64
		{419750BB-7EB0-41EE-B291-27E035165FDD}.Debug|x86.ActiveCfg = Debug|Win32
		{419750BB-7EB0-41EE-B291-27E035165FDD}.Debug|x86.Build.0 = Debug|Win32
		{419750BB-7EB0-41EE-B291-27E035165FDD}.Release|x64.ActiveCfg = Release|x64
		{419750BB-7EB0-41EE-B291-27E035165FDD}.Release|x64.Build.0 = Release|x64
		{419750BB-7EB0-41EE-B291-27E035165FDD}.Release|x86.ActiveCfg = Release|Win32
		{419750BB-7EB0-41EE-B291-27E035165FDD}.Release|x86.Build.0 = Release|Win32
		{F00F5934-DD44-493A-AE37-450A4C3D5063}.Debug|x64.ActiveCfg = Debug|x64
		{F00F5934-DD44-493A-AE37-450A4C3D5063}.Debug|x64.Build.0 = Debug|x64
		{F00F5934-DD44-493A-AE37-450A4C3D5063}.Debug|x86.ActiveCfg = Debug|Win32
		{F00F5934-DD44-493A-AE37-450A4C3D5063}.Debug|x86.Build.0 = Debug|Win32
		{F00F5934-DD44-493A-AE37-450A4C3D5063}.Release|x64.ActiveCfg = Release|x64
		{F00F5934-DD44-493A-AE37-450A4C3D5063}.Release|x64.Build.0 = Release|x64
		{F00F5934-DD44-493A-AE37-450A4C3D5063}.Release|x86.ActiveCfg = Release|Win32
		{F00F5934-DD44-493A-AE37-450A4C3D5063}.Release|x86.Build.0 = Release|Win32
		{DBD50C80-18DF-4F1D-814A-EB3DF1D8DA8D}.Debug|x64.ActiveCfg = Debug|x64
		{DBD50C80-18DF-4F1D-814A-EB3DF1D8DA8D}.Debug|x64.Build.0 = Debug|x64
		{DBD50C80-18DF-4F1D-814A-EB3DF1D8DA8D}.Debug|x86.ActiveCfg = Debug|Win32
		{DBD50C80-18DF-4F1D-814A-EB3DF1D8DA8D}.Debug|x86.Build.0 = Debug|Win32
		{DBD50C80-18DF-4F1D-814A-EB3DF1D8DA8D}.Release|x64.ActiveCfg = Release|x64
		{DBD50C80-18DF-4F1D-814A-EB3DF1D8DA8D}.Release|x64.Build.0 = Release|x64
		{DBD50C80-18DF-4F1D-814A-EB3DF1D8DA8D}.Release|x86.ActiveCfg = Release|Win32
		{DBD50C80-18DF-4F1D-814A-EB3DF1D8DA8D}.Release|x86.Build.0 = Release|Win32
		{C05FD250-854A-4563-A10C-573776FA4737}.Debug|x64.ActiveCfg = Debug|x64
		{C05FD250-854A-4563-A10C-573776FA4737}.Debug|x64.Build.0 = Debug|x64
		{C05FD250-854A-4563-A10C-573776FA4737}.Debug|x86.ActiveCfg = Debug|Win32
		{C05FD250-854A-4563-A10C-573776FA4737}.Debug|x86.Build.0 = Debug|Win32
		{C05FD250-854A-4563-A10C-573776FA4737}.Release|x64.ActiveCfg = Release|x64
		{C05FD250-854A-4563-A10C-573776FA4737}.Release|x64.Build.0 = Release|x64
		{C05FD250-854A-4563-A10C-573776FA4737}.Release|x86.ActiveCfg = Release|Win32
		{C05FD250-854A-4563-A10C-573776FA4737}.Release|x86.Build.0 = Release|Win32
		{722F3198-4180-4939-A982-808BD92434C2}.Debug|x64.ActiveCfg = Debug|x64
		{722F3198-4180-4939-A982-808BD92434C2}.Debug|x64.Build.0 = Debug|x64
		{722F3198-4180-4939-A982-808BD92434C2}.Debug|x86.ActiveCfg = Debug|Win32
		{722F3198-4180-4939-A982-808BD92434C2}.Debug|x86.Build.0 = Debug|Win32
		{722F3198-4180-4939-A982-808BD92434C2}.Release|x64.ActiveCfg = Release|x64
		{722F3198-4180-4939-A982-808BD92434C2}.Release|x64.Build.0 = Release|x64
		{722F3198-4180-4939-A982-808BD92434C2}.Release|x86.ActiveCfg = Release|Win32
		{722F3198-4180-4939-A982-808BD92434C2}.Release|x86.Build.0 = Release|Win32
		{3791DE00-4930-4839-AA3B-62C7C672BB0C}.Debug|x64.ActiveCfg = Debug|x64
		{3791DE00-4930-4839-AA3B-62C7C672BB0C}.Debug|x64.Build.0 = Debug|x64
		{3791DE00-4930-4839-AA3B-62C7C672BB0C}.Debug|x86.ActiveCfg = Debug|Win32
		{3791DE00-4930-4839-AA3B-62C7C672BB0C}.Debug|x86.Build.0 = Debug|Win32
		{3791DE00-4930-4839-AA3B-62C7C672BB0C}.Release|x64.ActiveCfg = Release|x64
		{3791DE00-4930-4839-AA3B-62C7C672BB0C}.Release|x64.Build.0 = Release|x64
		{3791DE00-4930-4839-AA3B-62C7C672BB0C}.Release|x86.ActiveCfg = Release|Win32
		{3791DE00-4930-4839-AA3B-62C7C672BB0C}.Release|x86.Build.0 = Release|Win32
		{5BF4B00E-8BEA-40CA-9575-540C2BBCE412}.Debug|x64.ActiveCfg = Debug|x64
		{5BF4B00E-8BEA-40CA-9575-540C2BBCE412}.Debug|x64.Build.0 = Debug|x64
		{5BF4B00E-8BEA-40CA-9575-540C2BBCE412}.Debug|x86.ActiveCfg = Debug|Win32
		{5BF4B00E-8BEA-40CA-9575-540C2BBCE412}.Debug|x86.Build.0 = Debug|Win32
		{5BF4B00E-8BEA-40CA-9575-540C2BBCE412}.Release|x64.ActiveCfg = Release|x64
		{5BF4B00E-8BEA-40CA-9575-540C2BBCE412}.Release|x64.Build.0 = Release|x64
		{5BF4B00E-8BEA-40CA-9575-540C2BBCE412}.Release|x86.ActiveCfg = Release|Win32
		{5BF4B00E-8BEA-40CA-9575-540C2BBCE412}.Release|x86.Build.0 = Release|Win32
		{708ACC1E-176F-496C-B3B6-0229C8BA9C94}.Debug|x64.ActiveCfg = Debug|x64
		{708ACC1E-176F-496C-B3B6-0229C8BA9C94}.Debug|x64.Build.0 = Debug|x64
		{708ACC1E-176F-496C-B3B6-0229C8BA9C94}.Debug|x86.ActiveCfg = Debug|Win32
		{708ACC1E-176F-496C-B3B6-0229C8BA9C94}.Debug|x86.Build.0 = Debug|Win32
		{708ACC1E-176F-496C-B3B6-0229C8BA9C94}.Release|x64.ActiveCfg = Release|x64
		{708ACC1E-176F-496C-B3B6-0229C8BA9C94}.Release|x64.Build.0 = Release|x64
		{708ACC1E-176F-496C-B3B6-0229C8BA9C94}.Release|x86.ActiveCfg = Release|Win32
		{708ACC1E-176F-496C-B3B6-0229C8BA9C94}.Release|x86.Build.0 = Release|Win32
		{79142541-8712-45FC-AD5B-866DC15EE1E8}.Debug|x64.ActiveCfg = Debug|x64
		{79142541-8712-45FC-AD5B-866DC15EE1E8}.Debug|x64.Build.0 = Debug|x64
		{79142541-8712-45FC-AD5B-866DC15EE1E8}.Debug|x86.ActiveCfg = Debug|Win32
		{79142541-8712-45FC-AD5B-866DC15EE1E8}.Debug|x86.Build.0 = Debug|Win32
		{79142541-8712-45FC-AD5B-866DC15EE1E8}.Release|x64.ActiveCfg = Release|x64
		{79142541-8712-45FC-AD5B-866DC15EE1E8}.Release|x64.Build.0 = Release|x64
		{79142541-8712-45FC-AD5B-866DC15EE1E8}.Release|x86.ActiveCfg = Release|Win32
		{79142541-8712-45FC-AD5B-866DC15EE1E8}.Release|x86.Build.0 = Release|Win32
		{BCFD7AD4-34CA-48BB-A599-44E7D1861448}.Debug|x64.ActiveCfg = Debug|x64
		{BCFD7AD4-34CA-48BB-A599-44E7D1861448}.Debug|x64.Build.0 = Debug|x64
		{BCFD7AD4-34CA-48BB-A599-44E7D1861448}.Debug|x86.ActiveCfg = Debug|Win32
		{BCFD7AD4-34CA-48BB-A599-44E7D1861448}.Debug|x86.Build.0 = Debug|Win32
		{BCFD7AD4-34CA-48BB-A599-44E7D1861448}.Release|x64.ActiveCfg = Release|x64
		{BCFD7AD4-34CA-48BB-A599-44E7D1861448}.Release|x64.Build.0 = Release|x64
		{BCFD7AD4-34CA-48BB-A599-44E7D1861448}.Release|x86.ActiveCfg = Release|Win32
		{BCFD7AD4-34CA-48BB-A599-44E7D1861448}.Release|x86.Build.0 = Release|Win32
		{1DF87392-D692-4BED-923A-3380EE68B21A}.Debug|x64.ActiveCfg = Debug|x64
		{1DF87392-D692-4BED-923A-3380EE68B21A}.Debug|x64.Build.0 = Debug|x64
		{1DF87392-D692-4BED-923A-3380EE68B21A}.Debug|x86.ActiveCfg = Debug|Win32
		{1DF87392-D692-4BED-923A-3380EE68B21A}.Debug|x86.Build.0 = Debug|Win32
		{1DF87392-D692-4BED-923A-3380EE68B21A}.Release|x64.ActiveCfg = Release|x64
		{1DF87392-D692-4BED-923A-3380EE68B21A}.Release|x64.Build.0 = Release|x64
		{1DF87392-D692-4BED-923A-3380EE68B21A}.Release|x86.ActiveCfg = Release|Win32
		{1DF87392-D692-4BED-923A-3380EE68B21A}.Release|x86.Build.0 = Release|Win32
		{DB5F6B10-A6A0-409C-AD2C-A97D1B98966A}.Debug|x64.ActiveCfg = Debug|x64
		{DB5F6B10-A6A0-409C-AD2C-A97D1B98966A}.Debug|x64.Build.0 = Debug|x64
		{DB5F6B10-A6A0-409C-AD2C-A97D1B98966A}.Debug|x86.ActiveCfg = Debug|Win32
		{DB5F6B10-A6A0-409C-AD2C-A97D1B98966A}.Debug|x86.Build.0 = Debug|Win32
		{DB5F6B10-A6A0-409C-AD2C-A97D1B98966A}.Release|x64.ActiveCfg = Release|x64
		{DB5F6B10-A6A0-409C-AD2C-A97D1B98966A}.Release|x64.Build.0 = Release|x64
		{DB5F6B10-A6A0-409C-AD2C-A97D1B98966A}.Release|x86.ActiveCfg = Release|Win32
		{DB5F6B10-A6A0-409C-AD2C-A97D1B98966A}.Release|x86.Build.0 = Release|Win32
	EndGlobalSection
	GlobalSection(SolutionProperties) = preSolution
		HideSolutionNode = FALSE
	EndGlobalSection
	GlobalSection(ExtensibilityGlobals) = postSolution
		SolutionGuid = {D411241A-DC7F-4FD9-A257-22C7516F2445}
	EndGlobalSection
EndGlobal
