
Microsoft Visual Studio Solution File, Format Version 12.00
# Visual Studio Version 17
VisualStudioVersion = 17.7.34202.233
MinimumVisualStudioVersion = 10.0.40219.1
Project("{8BC9CEB8-8B4A-11D0-8D11-00A0C91BC942}") = "Bai005", "Bai005\Bai005.vcxproj", "{22E80459-3D8B-4307-B882-C170067F34C1}"
EndProject
Project("{8BC9CEB8-8B4A-11D0-8D11-00A0C91BC942}") = "Bai011", "Bai011\Bai011.vcxproj", "{DDD8B743-E4EE-4417-93EE-DA9D3DF9E61D}"
EndProject
Project("{8BC9CEB8-8B4A-11D0-8D11-00A0C91BC942}") = "Bai017", "Bai017\Bai017.vcxproj", "{B81CEE53-1974-4702-8E48-B39CBCF5B9B6}"
EndProject
Project("{8BC9CEB8-8B4A-11D0-8D11-00A0C91BC942}") = "Bai023", "Bai023\Bai023.vcxproj", "{21218BC8-A417-4930-80A3-B72AE8EE184B}"
EndProject
Project("{8BC9CEB8-8B4A-11D0-8D11-00A0C91BC942}") = "Bai029", "Bai029\Bai029.vcxproj", "{D5DE2295-A4E0-4613-B7CE-FEB320DEA5A0}"
EndProject
Project("{8BC9CEB8-8B4A-11D0-8D11-00A0C91BC942}") = "Bai035", "Bai035\Bai035.vcxproj", "{5214EA33-A0D9-4E0E-A9B9-3C6F549B4E23}"
EndProject
Project("{8BC9CEB8-8B4A-11D0-8D11-00A0C91BC942}") = "Bai041", "Bai041\Bai041.vcxproj", "{E7513D40-EE0C-47B9-B797-40FF332D8B7A}"
EndProject
Project("{8BC9CEB8-8B4A-11D0-8D11-00A0C91BC942}") = "Bai047", "Bai047\Bai047.vcxproj", "{52505B5F-9052-472A-8E56-6111103EB559}"
EndProject
Project("{8BC9CEB8-8B4A-11D0-8D11-00A0C91BC942}") = "Bai053", "Bai053\Bai053.vcxproj", "{79BC4331-51FA-4E68-83CE-FD1E4B91C1A6}"
EndProject
Project("{8BC9CEB8-8B4A-11D0-8D11-00A0C91BC942}") = "Bai059", "Bai059\Bai059.vcxproj", "{392B6F3B-70B6-4A5B-BD5F-915E817DA8AE}"
EndProject
Project("{8BC9CEB8-8B4A-11D0-8D11-00A0C91BC942}") = "Bai065", "Bai065\Bai065.vcxproj", "{903D9CE9-63C5-46C3-8051-A1A3EA2DB074}"
EndProject
Project("{8BC9CEB8-8B4A-11D0-8D11-00A0C91BC942}") = "Bai071", "Bai071\Bai071.vcxproj", "{5123FC60-7657-4C14-8B4B-EC61BC70920C}"
EndProject
Project("{8BC9CEB8-8B4A-11D0-8D11-00A0C91BC942}") = "Bai077", "Bai077\Bai077.vcxproj", "{26814F56-81B1-4FF4-ACFC-3491396C897F}"
EndProject
Project("{8BC9CEB8-8B4A-11D0-8D11-00A0C91BC942}") = "Bai083", "Bai083\Bai083.vcxproj", "{41A08C0C-73B7-490B-8C16-2E58CC267492}"
EndProject
Project("{8BC9CEB8-8B4A-11D0-8D11-00A0C91BC942}") = "Bai089", "Bai089\Bai089.vcxproj", "{F2CEB75F-95E3-41D2-9B86-9668BBEDFDBB}"
EndProject
Project("{8BC9CEB8-8B4A-11D0-8D11-00A0C91BC942}") = "Bai095", "Bai095\Bai095.vcxproj", "{B1E3254D-2B45-4ABD-9CCB-FFA43708B510}"
EndProject
Project("{8BC9CEB8-8B4A-11D0-8D11-00A0C91BC942}") = "Bai101", "Bai101\Bai101.vcxproj", "{A3F7CB0C-DC91-459C-8EBD-F10101BDF3B3}"
EndProject
Project("{8BC9CEB8-8B4A-11D0-8D11-00A0C91BC942}") = "Bai107", "Bai107\Bai107.vcxproj", "{0C0D1D5B-C884-4CF6-8392-5F9B7CD3465B}"
EndProject
Project("{8BC9CEB8-8B4A-11D0-8D11-00A0C91BC942}") = "Bai113", "Bai115\Bai115.vcxproj", "{B5A6DF06-82A1-4BEC-BA56-14D4E12868B7}"
EndProject
Project("{8BC9CEB8-8B4A-11D0-8D11-00A0C91BC942}") = "Bai119", "Bai121\Bai121.vcxproj", "{7C08BBC0-7980-4099-A64C-5ABCBAEBC5B3}"
EndProject
Project("{8BC9CEB8-8B4A-11D0-8D11-00A0C91BC942}") = "Bai125", "Bai125\Bai125.vcxproj", "{68E8879F-1000-483A-BD15-BF9A2EC16A4C}"
EndProject
Project("{8BC9CEB8-8B4A-11D0-8D11-00A0C91BC942}") = "Bai131", "Bai131\Bai131.vcxproj", "{83C2495B-EF6D-48D8-8EAE-1ABD456D8259}"
EndProject
Project("{8BC9CEB8-8B4A-11D0-8D11-00A0C91BC942}") = "Bai131.2", "Bai131.2\Bai131.2.vcxproj", "{57F15343-5893-4AD6-AB4E-DC4388B3551C}"
EndProject
Project("{8BC9CEB8-8B4A-11D0-8D11-00A0C91BC942}") = "Bai137", "Bai137\Bai137.vcxproj", "{83794FDB-2F80-45A3-B89A-943B90AB740F}"
EndProject
Project("{8BC9CEB8-8B4A-11D0-8D11-00A0C91BC942}") = "Bai143", "Bai143\Bai143.vcxproj", "{6686DEAF-5DF1-42DE-90D1-AD26071B4DF4}"
EndProject
Project("{8BC9CEB8-8B4A-11D0-8D11-00A0C91BC942}") = "Bai149", "Bai149\Bai149.vcxproj", "{6B0D1EAF-D1A6-4E9E-A0D6-9C37BDAAFCF7}"
EndProject
Project("{8BC9CEB8-8B4A-11D0-8D11-00A0C91BC942}") = "Bai155", "Bai155\Bai155.vcxproj", "{4EA86AEB-69FB-4C05-A29D-08389645E72C}"
EndProject
Project("{8BC9CEB8-8B4A-11D0-8D11-00A0C91BC942}") = "Bai161", "Bai161\Bai161.vcxproj", "{E0D70353-1517-4E30-9C1D-DAE13703B7FE}"
EndProject
Project("{8BC9CEB8-8B4A-11D0-8D11-00A0C91BC942}") = "Bai167", "Bai167\Bai167.vcxproj", "{BE38676E-3728-40D3-96EB-5CC3ED71A985}"
EndProject
Global
	GlobalSection(SolutionConfigurationPlatforms) = preSolution
		Debug|x64 = Debug|x64
		Debug|x86 = Debug|x86
		Release|x64 = Release|x64
		Release|x86 = Release|x86
	EndGlobalSection
	GlobalSection(ProjectConfigurationPlatforms) = postSolution
		{22E80459-3D8B-4307-B882-C170067F34C1}.Debug|x64.ActiveCfg = Debug|x64
		{22E80459-3D8B-4307-B882-C170067F34C1}.Debug|x64.Build.0 = Debug|x64
		{22E80459-3D8B-4307-B882-C170067F34C1}.Debug|x86.ActiveCfg = Debug|Win32
		{22E80459-3D8B-4307-B882-C170067F34C1}.Debug|x86.Build.0 = Debug|Win32
		{22E80459-3D8B-4307-B882-C170067F34C1}.Release|x64.ActiveCfg = Release|x64
		{22E80459-3D8B-4307-B882-C170067F34C1}.Release|x64.Build.0 = Release|x64
		{22E80459-3D8B-4307-B882-C170067F34C1}.Release|x86.ActiveCfg = Release|Win32
		{22E80459-3D8B-4307-B882-C170067F34C1}.Release|x86.Build.0 = Release|Win32
		{DDD8B743-E4EE-4417-93EE-DA9D3DF9E61D}.Debug|x64.ActiveCfg = Debug|x64
		{DDD8B743-E4EE-4417-93EE-DA9D3DF9E61D}.Debug|x64.Build.0 = Debug|x64
		{DDD8B743-E4EE-4417-93EE-DA9D3DF9E61D}.Debug|x86.ActiveCfg = Debug|Win32
		{DDD8B743-E4EE-4417-93EE-DA9D3DF9E61D}.Debug|x86.Build.0 = Debug|Win32
		{DDD8B743-E4EE-4417-93EE-DA9D3DF9E61D}.Release|x64.ActiveCfg = Release|x64
		{DDD8B743-E4EE-4417-93EE-DA9D3DF9E61D}.Release|x64.Build.0 = Release|x64
		{DDD8B743-E4EE-4417-93EE-DA9D3DF9E61D}.Release|x86.ActiveCfg = Release|Win32
		{DDD8B743-E4EE-4417-93EE-DA9D3DF9E61D}.Release|x86.Build.0 = Release|Win32
		{B81CEE53-1974-4702-8E48-B39CBCF5B9B6}.Debug|x64.ActiveCfg = Debug|x64
		{B81CEE53-1974-4702-8E48-B39CBCF5B9B6}.Debug|x64.Build.0 = Debug|x64
		{B81CEE53-1974-4702-8E48-B39CBCF5B9B6}.Debug|x86.ActiveCfg = Debug|Win32
		{B81CEE53-1974-4702-8E48-B39CBCF5B9B6}.Debug|x86.Build.0 = Debug|Win32
		{B81CEE53-1974-4702-8E48-B39CBCF5B9B6}.Release|x64.ActiveCfg = Release|x64
		{B81CEE53-1974-4702-8E48-B39CBCF5B9B6}.Release|x64.Build.0 = Release|x64
		{B81CEE53-1974-4702-8E48-B39CBCF5B9B6}.Release|x86.ActiveCfg = Release|Win32
		{B81CEE53-1974-4702-8E48-B39CBCF5B9B6}.Release|x86.Build.0 = Release|Win32
		{21218BC8-A417-4930-80A3-B72AE8EE184B}.Debug|x64.ActiveCfg = Debug|x64
		{21218BC8-A417-4930-80A3-B72AE8EE184B}.Debug|x64.Build.0 = Debug|x64
		{21218BC8-A417-4930-80A3-B72AE8EE184B}.Debug|x86.ActiveCfg = Debug|Win32
		{21218BC8-A417-4930-80A3-B72AE8EE184B}.Debug|x86.Build.0 = Debug|Win32
		{21218BC8-A417-4930-80A3-B72AE8EE184B}.Release|x64.ActiveCfg = Release|x64
		{21218BC8-A417-4930-80A3-B72AE8EE184B}.Release|x64.Build.0 = Release|x64
		{21218BC8-A417-4930-80A3-B72AE8EE184B}.Release|x86.ActiveCfg = Release|Win32
		{21218BC8-A417-4930-80A3-B72AE8EE184B}.Release|x86.Build.0 = Release|Win32
		{D5DE2295-A4E0-4613-B7CE-FEB320DEA5A0}.Debug|x64.ActiveCfg = Debug|x64
		{D5DE2295-A4E0-4613-B7CE-FEB320DEA5A0}.Debug|x64.Build.0 = Debug|x64
		{D5DE2295-A4E0-4613-B7CE-FEB320DEA5A0}.Debug|x86.ActiveCfg = Debug|Win32
		{D5DE2295-A4E0-4613-B7CE-FEB320DEA5A0}.Debug|x86.Build.0 = Debug|Win32
		{D5DE2295-A4E0-4613-B7CE-FEB320DEA5A0}.Release|x64.ActiveCfg = Release|x64
		{D5DE2295-A4E0-4613-B7CE-FEB320DEA5A0}.Release|x64.Build.0 = Release|x64
		{D5DE2295-A4E0-4613-B7CE-FEB320DEA5A0}.Release|x86.ActiveCfg = Release|Win32
		{D5DE2295-A4E0-4613-B7CE-FEB320DEA5A0}.Release|x86.Build.0 = Release|Win32
		{5214EA33-A0D9-4E0E-A9B9-3C6F549B4E23}.Debug|x64.ActiveCfg = Debug|x64
		{5214EA33-A0D9-4E0E-A9B9-3C6F549B4E23}.Debug|x64.Build.0 = Debug|x64
		{5214EA33-A0D9-4E0E-A9B9-3C6F549B4E23}.Debug|x86.ActiveCfg = Debug|Win32
		{5214EA33-A0D9-4E0E-A9B9-3C6F549B4E23}.Debug|x86.Build.0 = Debug|Win32
		{5214EA33-A0D9-4E0E-A9B9-3C6F549B4E23}.Release|x64.ActiveCfg = Release|x64
		{5214EA33-A0D9-4E0E-A9B9-3C6F549B4E23}.Release|x64.Build.0 = Release|x64
		{5214EA33-A0D9-4E0E-A9B9-3C6F549B4E23}.Release|x86.ActiveCfg = Release|Win32
		{5214EA33-A0D9-4E0E-A9B9-3C6F549B4E23}.Release|x86.Build.0 = Release|Win32
		{E7513D40-EE0C-47B9-B797-40FF332D8B7A}.Debug|x64.ActiveCfg = Debug|x64
		{E7513D40-EE0C-47B9-B797-40FF332D8B7A}.Debug|x64.Build.0 = Debug|x64
		{E7513D40-EE0C-47B9-B797-40FF332D8B7A}.Debug|x86.ActiveCfg = Debug|Win32
		{E7513D40-EE0C-47B9-B797-40FF332D8B7A}.Debug|x86.Build.0 = Debug|Win32
		{E7513D40-EE0C-47B9-B797-40FF332D8B7A}.Release|x64.ActiveCfg = Release|x64
		{E7513D40-EE0C-47B9-B797-40FF332D8B7A}.Release|x64.Build.0 = Release|x64
		{E7513D40-EE0C-47B9-B797-40FF332D8B7A}.Release|x86.ActiveCfg = Release|Win32
		{E7513D40-EE0C-47B9-B797-40FF332D8B7A}.Release|x86.Build.0 = Release|Win32
		{52505B5F-9052-472A-8E56-6111103EB559}.Debug|x64.ActiveCfg = Debug|x64
		{52505B5F-9052-472A-8E56-6111103EB559}.Debug|x64.Build.0 = Debug|x64
		{52505B5F-9052-472A-8E56-6111103EB559}.Debug|x86.ActiveCfg = Debug|Win32
		{52505B5F-9052-472A-8E56-6111103EB559}.Debug|x86.Build.0 = Debug|Win32
		{52505B5F-9052-472A-8E56-6111103EB559}.Release|x64.ActiveCfg = Release|x64
		{52505B5F-9052-472A-8E56-6111103EB559}.Release|x64.Build.0 = Release|x64
		{52505B5F-9052-472A-8E56-6111103EB559}.Release|x86.ActiveCfg = Release|Win32
		{52505B5F-9052-472A-8E56-6111103EB559}.Release|x86.Build.0 = Release|Win32
		{79BC4331-51FA-4E68-83CE-FD1E4B91C1A6}.Debug|x64.ActiveCfg = Debug|x64
		{79BC4331-51FA-4E68-83CE-FD1E4B91C1A6}.Debug|x64.Build.0 = Debug|x64
		{79BC4331-51FA-4E68-83CE-FD1E4B91C1A6}.Debug|x86.ActiveCfg = Debug|Win32
		{79BC4331-51FA-4E68-83CE-FD1E4B91C1A6}.Debug|x86.Build.0 = Debug|Win32
		{79BC4331-51FA-4E68-83CE-FD1E4B91C1A6}.Release|x64.ActiveCfg = Release|x64
		{79BC4331-51FA-4E68-83CE-FD1E4B91C1A6}.Release|x64.Build.0 = Release|x64
		{79BC4331-51FA-4E68-83CE-FD1E4B91C1A6}.Release|x86.ActiveCfg = Release|Win32
		{79BC4331-51FA-4E68-83CE-FD1E4B91C1A6}.Release|x86.Build.0 = Release|Win32
		{392B6F3B-70B6-4A5B-BD5F-915E817DA8AE}.Debug|x64.ActiveCfg = Debug|x64
		{392B6F3B-70B6-4A5B-BD5F-915E817DA8AE}.Debug|x64.Build.0 = Debug|x64
		{392B6F3B-70B6-4A5B-BD5F-915E817DA8AE}.Debug|x86.ActiveCfg = Debug|Win32
		{392B6F3B-70B6-4A5B-BD5F-915E817DA8AE}.Debug|x86.Build.0 = Debug|Win32
		{392B6F3B-70B6-4A5B-BD5F-915E817DA8AE}.Release|x64.ActiveCfg = Release|x64
		{392B6F3B-70B6-4A5B-BD5F-915E817DA8AE}.Release|x64.Build.0 = Release|x64
		{392B6F3B-70B6-4A5B-BD5F-915E817DA8AE}.Release|x86.ActiveCfg = Release|Win32
		{392B6F3B-70B6-4A5B-BD5F-915E817DA8AE}.Release|x86.Build.0 = Release|Win32
		{903D9CE9-63C5-46C3-8051-A1A3EA2DB074}.Debug|x64.ActiveCfg = Debug|x64
		{903D9CE9-63C5-46C3-8051-A1A3EA2DB074}.Debug|x64.Build.0 = Debug|x64
		{903D9CE9-63C5-46C3-8051-A1A3EA2DB074}.Debug|x86.ActiveCfg = Debug|Win32
		{903D9CE9-63C5-46C3-8051-A1A3EA2DB074}.Debug|x86.Build.0 = Debug|Win32
		{903D9CE9-63C5-46C3-8051-A1A3EA2DB074}.Release|x64.ActiveCfg = Release|x64
		{903D9CE9-63C5-46C3-8051-A1A3EA2DB074}.Release|x64.Build.0 = Release|x64
		{903D9CE9-63C5-46C3-8051-A1A3EA2DB074}.Release|x86.ActiveCfg = Release|Win32
		{903D9CE9-63C5-46C3-8051-A1A3EA2DB074}.Release|x86.Build.0 = Release|Win32
		{5123FC60-7657-4C14-8B4B-EC61BC70920C}.Debug|x64.ActiveCfg = Debug|x64
		{5123FC60-7657-4C14-8B4B-EC61BC70920C}.Debug|x64.Build.0 = Debug|x64
		{5123FC60-7657-4C14-8B4B-EC61BC70920C}.Debug|x86.ActiveCfg = Debug|Win32
		{5123FC60-7657-4C14-8B4B-EC61BC70920C}.Debug|x86.Build.0 = Debug|Win32
		{5123FC60-7657-4C14-8B4B-EC61BC70920C}.Release|x64.ActiveCfg = Release|x64
		{5123FC60-7657-4C14-8B4B-EC61BC70920C}.Release|x64.Build.0 = Release|x64
		{5123FC60-7657-4C14-8B4B-EC61BC70920C}.Release|x86.ActiveCfg = Release|Win32
		{5123FC60-7657-4C14-8B4B-EC61BC70920C}.Release|x86.Build.0 = Release|Win32
		{26814F56-81B1-4FF4-ACFC-3491396C897F}.Debug|x64.ActiveCfg = Debug|x64
		{26814F56-81B1-4FF4-ACFC-3491396C897F}.Debug|x64.Build.0 = Debug|x64
		{26814F56-81B1-4FF4-ACFC-3491396C897F}.Debug|x86.ActiveCfg = Debug|Win32
		{26814F56-81B1-4FF4-ACFC-3491396C897F}.Debug|x86.Build.0 = Debug|Win32
		{26814F56-81B1-4FF4-ACFC-3491396C897F}.Release|x64.ActiveCfg = Release|x64
		{26814F56-81B1-4FF4-ACFC-3491396C897F}.Release|x64.Build.0 = Release|x64
		{26814F56-81B1-4FF4-ACFC-3491396C897F}.Release|x86.ActiveCfg = Release|Win32
		{26814F56-81B1-4FF4-ACFC-3491396C897F}.Release|x86.Build.0 = Release|Win32
		{41A08C0C-73B7-490B-8C16-2E58CC267492}.Debug|x64.ActiveCfg = Debug|x64
		{41A08C0C-73B7-490B-8C16-2E58CC267492}.Debug|x64.Build.0 = Debug|x64
		{41A08C0C-73B7-490B-8C16-2E58CC267492}.Debug|x86.ActiveCfg = Debug|Win32
		{41A08C0C-73B7-490B-8C16-2E58CC267492}.Debug|x86.Build.0 = Debug|Win32
		{41A08C0C-73B7-490B-8C16-2E58CC267492}.Release|x64.ActiveCfg = Release|x64
		{41A08C0C-73B7-490B-8C16-2E58CC267492}.Release|x64.Build.0 = Release|x64
		{41A08C0C-73B7-490B-8C16-2E58CC267492}.Release|x86.ActiveCfg = Release|Win32
		{41A08C0C-73B7-490B-8C16-2E58CC267492}.Release|x86.Build.0 = Release|Win32
		{F2CEB75F-95E3-41D2-9B86-9668BBEDFDBB}.Debug|x64.ActiveCfg = Debug|x64
		{F2CEB75F-95E3-41D2-9B86-9668BBEDFDBB}.Debug|x64.Build.0 = Debug|x64
		{F2CEB75F-95E3-41D2-9B86-9668BBEDFDBB}.Debug|x86.ActiveCfg = Debug|Win32
		{F2CEB75F-95E3-41D2-9B86-9668BBEDFDBB}.Debug|x86.Build.0 = Debug|Win32
		{F2CEB75F-95E3-41D2-9B86-9668BBEDFDBB}.Release|x64.ActiveCfg = Release|x64
		{F2CEB75F-95E3-41D2-9B86-9668BBEDFDBB}.Release|x64.Build.0 = Release|x64
		{F2CEB75F-95E3-41D2-9B86-9668BBEDFDBB}.Release|x86.ActiveCfg = Release|Win32
		{F2CEB75F-95E3-41D2-9B86-9668BBEDFDBB}.Release|x86.Build.0 = Release|Win32
		{B1E3254D-2B45-4ABD-9CCB-FFA43708B510}.Debug|x64.ActiveCfg = Debug|x64
		{B1E3254D-2B45-4ABD-9CCB-FFA43708B510}.Debug|x64.Build.0 = Debug|x64
		{B1E3254D-2B45-4ABD-9CCB-FFA43708B510}.Debug|x86.ActiveCfg = Debug|Win32
		{B1E3254D-2B45-4ABD-9CCB-FFA43708B510}.Debug|x86.Build.0 = Debug|Win32
		{B1E3254D-2B45-4ABD-9CCB-FFA43708B510}.Release|x64.ActiveCfg = Release|x64
		{B1E3254D-2B45-4ABD-9CCB-FFA43708B510}.Release|x64.Build.0 = Release|x64
		{B1E3254D-2B45-4ABD-9CCB-FFA43708B510}.Release|x86.ActiveCfg = Release|Win32
		{B1E3254D-2B45-4ABD-9CCB-FFA43708B510}.Release|x86.Build.0 = Release|Win32
		{A3F7CB0C-DC91-459C-8EBD-F10101BDF3B3}.Debug|x64.ActiveCfg = Debug|x64
		{A3F7CB0C-DC91-459C-8EBD-F10101BDF3B3}.Debug|x64.Build.0 = Debug|x64
		{A3F7CB0C-DC91-459C-8EBD-F10101BDF3B3}.Debug|x86.ActiveCfg = Debug|Win32
		{A3F7CB0C-DC91-459C-8EBD-F10101BDF3B3}.Debug|x86.Build.0 = Debug|Win32
		{A3F7CB0C-DC91-459C-8EBD-F10101BDF3B3}.Release|x64.ActiveCfg = Release|x64
		{A3F7CB0C-DC91-459C-8EBD-F10101BDF3B3}.Release|x64.Build.0 = Release|x64
		{A3F7CB0C-DC91-459C-8EBD-F10101BDF3B3}.Release|x86.ActiveCfg = Release|Win32
		{A3F7CB0C-DC91-459C-8EBD-F10101BDF3B3}.Release|x86.Build.0 = Release|Win32
		{0C0D1D5B-C884-4CF6-8392-5F9B7CD3465B}.Debug|x64.ActiveCfg = Debug|x64
		{0C0D1D5B-C884-4CF6-8392-5F9B7CD3465B}.Debug|x64.Build.0 = Debug|x64
		{0C0D1D5B-C884-4CF6-8392-5F9B7CD3465B}.Debug|x86.ActiveCfg = Debug|Win32
		{0C0D1D5B-C884-4CF6-8392-5F9B7CD3465B}.Debug|x86.Build.0 = Debug|Win32
		{0C0D1D5B-C884-4CF6-8392-5F9B7CD3465B}.Release|x64.ActiveCfg = Release|x64
		{0C0D1D5B-C884-4CF6-8392-5F9B7CD3465B}.Release|x64.Build.0 = Release|x64
		{0C0D1D5B-C884-4CF6-8392-5F9B7CD3465B}.Release|x86.ActiveCfg = Release|Win32
		{0C0D1D5B-C884-4CF6-8392-5F9B7CD3465B}.Release|x86.Build.0 = Release|Win32
		{B5A6DF06-82A1-4BEC-BA56-14D4E12868B7}.Debug|x64.ActiveCfg = Debug|x64
		{B5A6DF06-82A1-4BEC-BA56-14D4E12868B7}.Debug|x64.Build.0 = Debug|x64
		{B5A6DF06-82A1-4BEC-BA56-14D4E12868B7}.Debug|x86.ActiveCfg = Debug|Win32
		{B5A6DF06-82A1-4BEC-BA56-14D4E12868B7}.Debug|x86.Build.0 = Debug|Win32
		{B5A6DF06-82A1-4BEC-BA56-14D4E12868B7}.Release|x64.ActiveCfg = Release|x64
		{B5A6DF06-82A1-4BEC-BA56-14D4E12868B7}.Release|x64.Build.0 = Release|x64
		{B5A6DF06-82A1-4BEC-BA56-14D4E12868B7}.Release|x86.ActiveCfg = Release|Win32
		{B5A6DF06-82A1-4BEC-BA56-14D4E12868B7}.Release|x86.Build.0 = Release|Win32
		{7C08BBC0-7980-4099-A64C-5ABCBAEBC5B3}.Debug|x64.ActiveCfg = Debug|x64
		{7C08BBC0-7980-4099-A64C-5ABCBAEBC5B3}.Debug|x64.Build.0 = Debug|x64
		{7C08BBC0-7980-4099-A64C-5ABCBAEBC5B3}.Debug|x86.ActiveCfg = Debug|Win32
		{7C08BBC0-7980-4099-A64C-5ABCBAEBC5B3}.Debug|x86.Build.0 = Debug|Win32
		{7C08BBC0-7980-4099-A64C-5ABCBAEBC5B3}.Release|x64.ActiveCfg = Release|x64
		{7C08BBC0-7980-4099-A64C-5ABCBAEBC5B3}.Release|x64.Build.0 = Release|x64
		{7C08BBC0-7980-4099-A64C-5ABCBAEBC5B3}.Release|x86.ActiveCfg = Release|Win32
		{7C08BBC0-7980-4099-A64C-5ABCBAEBC5B3}.Release|x86.Build.0 = Release|Win32
		{68E8879F-1000-483A-BD15-BF9A2EC16A4C}.Debug|x64.ActiveCfg = Debug|x64
		{68E8879F-1000-483A-BD15-BF9A2EC16A4C}.Debug|x64.Build.0 = Debug|x64
		{68E8879F-1000-483A-BD15-BF9A2EC16A4C}.Debug|x86.ActiveCfg = Debug|Win32
		{68E8879F-1000-483A-BD15-BF9A2EC16A4C}.Debug|x86.Build.0 = Debug|Win32
		{68E8879F-1000-483A-BD15-BF9A2EC16A4C}.Release|x64.ActiveCfg = Release|x64
		{68E8879F-1000-483A-BD15-BF9A2EC16A4C}.Release|x64.Build.0 = Release|x64
		{68E8879F-1000-483A-BD15-BF9A2EC16A4C}.Release|x86.ActiveCfg = Release|Win32
		{68E8879F-1000-483A-BD15-BF9A2EC16A4C}.Release|x86.Build.0 = Release|Win32
		{83C2495B-EF6D-48D8-8EAE-1ABD456D8259}.Debug|x64.ActiveCfg = Debug|x64
		{83C2495B-EF6D-48D8-8EAE-1ABD456D8259}.Debug|x64.Build.0 = Debug|x64
		{83C2495B-EF6D-48D8-8EAE-1ABD456D8259}.Debug|x86.ActiveCfg = Debug|Win32
		{83C2495B-EF6D-48D8-8EAE-1ABD456D8259}.Debug|x86.Build.0 = Debug|Win32
		{83C2495B-EF6D-48D8-8EAE-1ABD456D8259}.Release|x64.ActiveCfg = Release|x64
		{83C2495B-EF6D-48D8-8EAE-1ABD456D8259}.Release|x64.Build.0 = Release|x64
		{83C2495B-EF6D-48D8-8EAE-1ABD456D8259}.Release|x86.ActiveCfg = Release|Win32
		{83C2495B-EF6D-48D8-8EAE-1ABD456D8259}.Release|x86.Build.0 = Release|Win32
		{57F15343-5893-4AD6-AB4E-DC4388B3551C}.Debug|x64.ActiveCfg = Debug|x64
		{57F15343-5893-4AD6-AB4E-DC4388B3551C}.Debug|x64.Build.0 = Debug|x64
		{57F15343-5893-4AD6-AB4E-DC4388B3551C}.Debug|x86.ActiveCfg = Debug|Win32
		{57F15343-5893-4AD6-AB4E-DC4388B3551C}.Debug|x86.Build.0 = Debug|Win32
		{57F15343-5893-4AD6-AB4E-DC4388B3551C}.Release|x64.ActiveCfg = Release|x64
		{57F15343-5893-4AD6-AB4E-DC4388B3551C}.Release|x64.Build.0 = Release|x64
		{57F15343-5893-4AD6-AB4E-DC4388B3551C}.Release|x86.ActiveCfg = Release|Win32
		{57F15343-5893-4AD6-AB4E-DC4388B3551C}.Release|x86.Build.0 = Release|Win32
		{83794FDB-2F80-45A3-B89A-943B90AB740F}.Debug|x64.ActiveCfg = Debug|x64
		{83794FDB-2F80-45A3-B89A-943B90AB740F}.Debug|x64.Build.0 = Debug|x64
		{83794FDB-2F80-45A3-B89A-943B90AB740F}.Debug|x86.ActiveCfg = Debug|Win32
		{83794FDB-2F80-45A3-B89A-943B90AB740F}.Debug|x86.Build.0 = Debug|Win32
		{83794FDB-2F80-45A3-B89A-943B90AB740F}.Release|x64.ActiveCfg = Release|x64
		{83794FDB-2F80-45A3-B89A-943B90AB740F}.Release|x64.Build.0 = Release|x64
		{83794FDB-2F80-45A3-B89A-943B90AB740F}.Release|x86.ActiveCfg = Release|Win32
		{83794FDB-2F80-45A3-B89A-943B90AB740F}.Release|x86.Build.0 = Release|Win32
		{6686DEAF-5DF1-42DE-90D1-AD26071B4DF4}.Debug|x64.ActiveCfg = Debug|x64
		{6686DEAF-5DF1-42DE-90D1-AD26071B4DF4}.Debug|x64.Build.0 = Debug|x64
		{6686DEAF-5DF1-42DE-90D1-AD26071B4DF4}.Debug|x86.ActiveCfg = Debug|Win32
		{6686DEAF-5DF1-42DE-90D1-AD26071B4DF4}.Debug|x86.Build.0 = Debug|Win32
		{6686DEAF-5DF1-42DE-90D1-AD26071B4DF4}.Release|x64.ActiveCfg = Release|x64
		{6686DEAF-5DF1-42DE-90D1-AD26071B4DF4}.Release|x64.Build.0 = Release|x64
		{6686DEAF-5DF1-42DE-90D1-AD26071B4DF4}.Release|x86.ActiveCfg = Release|Win32
		{6686DEAF-5DF1-42DE-90D1-AD26071B4DF4}.Release|x86.Build.0 = Release|Win32
		{6B0D1EAF-D1A6-4E9E-A0D6-9C37BDAAFCF7}.Debug|x64.ActiveCfg = Debug|x64
		{6B0D1EAF-D1A6-4E9E-A0D6-9C37BDAAFCF7}.Debug|x64.Build.0 = Debug|x64
		{6B0D1EAF-D1A6-4E9E-A0D6-9C37BDAAFCF7}.Debug|x86.ActiveCfg = Debug|Win32
		{6B0D1EAF-D1A6-4E9E-A0D6-9C37BDAAFCF7}.Debug|x86.Build.0 = Debug|Win32
		{6B0D1EAF-D1A6-4E9E-A0D6-9C37BDAAFCF7}.Release|x64.ActiveCfg = Release|x64
		{6B0D1EAF-D1A6-4E9E-A0D6-9C37BDAAFCF7}.Release|x64.Build.0 = Release|x64
		{6B0D1EAF-D1A6-4E9E-A0D6-9C37BDAAFCF7}.Release|x86.ActiveCfg = Release|Win32
		{6B0D1EAF-D1A6-4E9E-A0D6-9C37BDAAFCF7}.Release|x86.Build.0 = Release|Win32
		{4EA86AEB-69FB-4C05-A29D-08389645E72C}.Debug|x64.ActiveCfg = Debug|x64
		{4EA86AEB-69FB-4C05-A29D-08389645E72C}.Debug|x64.Build.0 = Debug|x64
		{4EA86AEB-69FB-4C05-A29D-08389645E72C}.Debug|x86.ActiveCfg = Debug|Win32
		{4EA86AEB-69FB-4C05-A29D-08389645E72C}.Debug|x86.Build.0 = Debug|Win32
		{4EA86AEB-69FB-4C05-A29D-08389645E72C}.Release|x64.ActiveCfg = Release|x64
		{4EA86AEB-69FB-4C05-A29D-08389645E72C}.Release|x64.Build.0 = Release|x64
		{4EA86AEB-69FB-4C05-A29D-08389645E72C}.Release|x86.ActiveCfg = Release|Win32
		{4EA86AEB-69FB-4C05-A29D-08389645E72C}.Release|x86.Build.0 = Release|Win32
		{E0D70353-1517-4E30-9C1D-DAE13703B7FE}.Debug|x64.ActiveCfg = Debug|x64
		{E0D70353-1517-4E30-9C1D-DAE13703B7FE}.Debug|x64.Build.0 = Debug|x64
		{E0D70353-1517-4E30-9C1D-DAE13703B7FE}.Debug|x86.ActiveCfg = Debug|Win32
		{E0D70353-1517-4E30-9C1D-DAE13703B7FE}.Debug|x86.Build.0 = Debug|Win32
		{E0D70353-1517-4E30-9C1D-DAE13703B7FE}.Release|x64.ActiveCfg = Release|x64
		{E0D70353-1517-4E30-9C1D-DAE13703B7FE}.Release|x64.Build.0 = Release|x64
		{E0D70353-1517-4E30-9C1D-DAE13703B7FE}.Release|x86.ActiveCfg = Release|Win32
		{E0D70353-1517-4E30-9C1D-DAE13703B7FE}.Release|x86.Build.0 = Release|Win32
		{BE38676E-3728-40D3-96EB-5CC3ED71A985}.Debug|x64.ActiveCfg = Debug|x64
		{BE38676E-3728-40D3-96EB-5CC3ED71A985}.Debug|x64.Build.0 = Debug|x64
		{BE38676E-3728-40D3-96EB-5CC3ED71A985}.Debug|x86.ActiveCfg = Debug|Win32
		{BE38676E-3728-40D3-96EB-5CC3ED71A985}.Debug|x86.Build.0 = Debug|Win32
		{BE38676E-3728-40D3-96EB-5CC3ED71A985}.Release|x64.ActiveCfg = Release|x64
		{BE38676E-3728-40D3-96EB-5CC3ED71A985}.Release|x64.Build.0 = Release|x64
		{BE38676E-3728-40D3-96EB-5CC3ED71A985}.Release|x86.ActiveCfg = Release|Win32
		{BE38676E-3728-40D3-96EB-5CC3ED71A985}.Release|x86.Build.0 = Release|Win32
	EndGlobalSection
	GlobalSection(SolutionProperties) = preSolution
		HideSolutionNode = FALSE
	EndGlobalSection
	GlobalSection(ExtensibilityGlobals) = postSolution
		SolutionGuid = {38BF30F0-780A-49BA-BD61-97E9382420A1}
	EndGlobalSection
EndGlobal
