
Microsoft Visual Studio Solution File, Format Version 12.00
# Visual Studio Version 17
VisualStudioVersion = 17.7.34202.233
MinimumVisualStudioVersion = 10.0.40219.1
Project("{8BC9CEB8-8B4A-11D0-8D11-00A0C91BC942}") = "006", "006\006.vcxproj", "{49436D11-9A2A-4842-9F5B-7D4B956B33CA}"
EndProject
Project("{8BC9CEB8-8B4A-11D0-8D11-00A0C91BC942}") = "012", "012\012.vcxproj", "{2A097684-37C9-4590-A2FC-A31AC6CA0B80}"
EndProject
Project("{8BC9CEB8-8B4A-11D0-8D11-00A0C91BC942}") = "018", "018\018.vcxproj", "{4EA570A2-C1C4-46A7-A067-DD1181974741}"
EndProject
Project("{8BC9CEB8-8B4A-11D0-8D11-00A0C91BC942}") = "024", "024\024.vcxproj", "{DDC543EA-BDDA-4AE2-B305-0842E8320B86}"
EndProject
Project("{8BC9CEB8-8B4A-11D0-8D11-00A0C91BC942}") = "030", "030\030.vcxproj", "{E1F6C3F2-4F31-4E83-890C-ECAA2BD3E8AE}"
EndProject
Project("{8BC9CEB8-8B4A-11D0-8D11-00A0C91BC942}") = "036", "036\036.vcxproj", "{D03C89E2-8C99-41D0-B937-ADFBC426B243}"
EndProject
Project("{8BC9CEB8-8B4A-11D0-8D11-00A0C91BC942}") = "042", "042\042.vcxproj", "{79FAF100-4D62-4636-8A82-2486479079E7}"
EndProject
Project("{8BC9CEB8-8B4A-11D0-8D11-00A0C91BC942}") = "048", "048\048.vcxproj", "{A4C783CB-6FD4-4B54-9697-A19E93749BD7}"
EndProject
Project("{8BC9CEB8-8B4A-11D0-8D11-00A0C91BC942}") = "054", "054\054.vcxproj", "{23649343-198D-4E46-B578-8E30FC7E4A18}"
EndProject
Project("{8BC9CEB8-8B4A-11D0-8D11-00A0C91BC942}") = "060", "060\060.vcxproj", "{23BB69CA-0EC2-48B0-A3C5-28DF606AF304}"
EndProject
Project("{8BC9CEB8-8B4A-11D0-8D11-00A0C91BC942}") = "066", "066\066.vcxproj", "{6A6AC3E1-193F-44F7-91B3-984AD9409115}"
EndProject
Project("{8BC9CEB8-8B4A-11D0-8D11-00A0C91BC942}") = "072", "072\072.vcxproj", "{7A9DFC8E-274B-4475-A363-FCAE452AE9DC}"
EndProject
Project("{8BC9CEB8-8B4A-11D0-8D11-00A0C91BC942}") = "078", "078\078.vcxproj", "{BAB1C0F2-A66D-459B-BF94-29F0F3EA5859}"
EndProject
Project("{8BC9CEB8-8B4A-11D0-8D11-00A0C91BC942}") = "084", "084\084.vcxproj", "{DF8558D1-21B2-470E-A0E9-E4C322E4A6B0}"
EndProject
Project("{8BC9CEB8-8B4A-11D0-8D11-00A0C91BC942}") = "090", "090\090.vcxproj", "{C0499235-DCB3-4D59-89B6-AFD0E2D076D6}"
EndProject
Project("{8BC9CEB8-8B4A-11D0-8D11-00A0C91BC942}") = "096", "096\096.vcxproj", "{36B47061-1EB7-4787-B897-D782519D5E9D}"
EndProject
Project("{8BC9CEB8-8B4A-11D0-8D11-00A0C91BC942}") = "102", "102\102.vcxproj", "{C0CDA5E5-BFD0-475E-87E8-961EAC5BDEC3}"
EndProject
Project("{8BC9CEB8-8B4A-11D0-8D11-00A0C91BC942}") = "108", "108\108.vcxproj", "{15CB3C4D-7F4B-492A-9C61-2329E1E8332B}"
EndProject
Project("{8BC9CEB8-8B4A-11D0-8D11-00A0C91BC942}") = "114", "114\114.vcxproj", "{C47EABBF-6B5D-4A4D-90AD-56B82994D935}"
EndProject
Project("{8BC9CEB8-8B4A-11D0-8D11-00A0C91BC942}") = "120", "120\120.vcxproj", "{11783514-3CC5-43A1-ACC2-3B5C2A31D257}"
EndProject
Project("{8BC9CEB8-8B4A-11D0-8D11-00A0C91BC942}") = "126", "126\126.vcxproj", "{99C644A7-A41C-431F-AA46-42923167BA15}"
EndProject
Project("{8BC9CEB8-8B4A-11D0-8D11-00A0C91BC942}") = "132", "132\132.vcxproj", "{D8B9E034-840A-48DB-AA27-BC2FE73821B1}"
EndProject
Project("{8BC9CEB8-8B4A-11D0-8D11-00A0C91BC942}") = "138", "138\138.vcxproj", "{1C537453-452F-4877-83F7-1A4DA5FCA4E2}"
EndProject
Project("{8BC9CEB8-8B4A-11D0-8D11-00A0C91BC942}") = "144", "144\144.vcxproj", "{9BBB2AF4-9F82-4001-A9CC-4C0D7279B799}"
EndProject
Project("{8BC9CEB8-8B4A-11D0-8D11-00A0C91BC942}") = "150", "150\150.vcxproj", "{80CA194D-B96D-4D98-BE6D-D5DCB60E79AE}"
EndProject
Project("{8BC9CEB8-8B4A-11D0-8D11-00A0C91BC942}") = "156", "156\156.vcxproj", "{3E22FB5A-1CA6-429B-ACEE-220BA499E611}"
EndProject
Project("{8BC9CEB8-8B4A-11D0-8D11-00A0C91BC942}") = "162", "162\162.vcxproj", "{19733630-6243-47D8-A884-6860C3DFAEFF}"
EndProject
Project("{8BC9CEB8-8B4A-11D0-8D11-00A0C91BC942}") = "168", "168\168.vcxproj", "{C924A68D-82C1-4F5A-8C9D-253FA6EDF86C}"
EndProject
Global
	GlobalSection(SolutionConfigurationPlatforms) = preSolution
		Debug|x64 = Debug|x64
		Debug|x86 = Debug|x86
		Release|x64 = Release|x64
		Release|x86 = Release|x86
	EndGlobalSection
	GlobalSection(ProjectConfigurationPlatforms) = postSolution
		{49436D11-9A2A-4842-9F5B-7D4B956B33CA}.Debug|x64.ActiveCfg = Debug|x64
		{49436D11-9A2A-4842-9F5B-7D4B956B33CA}.Debug|x64.Build.0 = Debug|x64
		{49436D11-9A2A-4842-9F5B-7D4B956B33CA}.Debug|x86.ActiveCfg = Debug|Win32
		{49436D11-9A2A-4842-9F5B-7D4B956B33CA}.Debug|x86.Build.0 = Debug|Win32
		{49436D11-9A2A-4842-9F5B-7D4B956B33CA}.Release|x64.ActiveCfg = Release|x64
		{49436D11-9A2A-4842-9F5B-7D4B956B33CA}.Release|x64.Build.0 = Release|x64
		{49436D11-9A2A-4842-9F5B-7D4B956B33CA}.Release|x86.ActiveCfg = Release|Win32
		{49436D11-9A2A-4842-9F5B-7D4B956B33CA}.Release|x86.Build.0 = Release|Win32
		{2A097684-37C9-4590-A2FC-A31AC6CA0B80}.Debug|x64.ActiveCfg = Debug|x64
		{2A097684-37C9-4590-A2FC-A31AC6CA0B80}.Debug|x64.Build.0 = Debug|x64
		{2A097684-37C9-4590-A2FC-A31AC6CA0B80}.Debug|x86.ActiveCfg = Debug|Win32
		{2A097684-37C9-4590-A2FC-A31AC6CA0B80}.Debug|x86.Build.0 = Debug|Win32
		{2A097684-37C9-4590-A2FC-A31AC6CA0B80}.Release|x64.ActiveCfg = Release|x64
		{2A097684-37C9-4590-A2FC-A31AC6CA0B80}.Release|x64.Build.0 = Release|x64
		{2A097684-37C9-4590-A2FC-A31AC6CA0B80}.Release|x86.ActiveCfg = Release|Win32
		{2A097684-37C9-4590-A2FC-A31AC6CA0B80}.Release|x86.Build.0 = Release|Win32
		{4EA570A2-C1C4-46A7-A067-DD1181974741}.Debug|x64.ActiveCfg = Debug|x64
		{4EA570A2-C1C4-46A7-A067-DD1181974741}.Debug|x64.Build.0 = Debug|x64
		{4EA570A2-C1C4-46A7-A067-DD1181974741}.Debug|x86.ActiveCfg = Debug|Win32
		{4EA570A2-C1C4-46A7-A067-DD1181974741}.Debug|x86.Build.0 = Debug|Win32
		{4EA570A2-C1C4-46A7-A067-DD1181974741}.Release|x64.ActiveCfg = Release|x64
		{4EA570A2-C1C4-46A7-A067-DD1181974741}.Release|x64.Build.0 = Release|x64
		{4EA570A2-C1C4-46A7-A067-DD1181974741}.Release|x86.ActiveCfg = Release|Win32
		{4EA570A2-C1C4-46A7-A067-DD1181974741}.Release|x86.Build.0 = Release|Win32
		{DDC543EA-BDDA-4AE2-B305-0842E8320B86}.Debug|x64.ActiveCfg = Debug|x64
		{DDC543EA-BDDA-4AE2-B305-0842E8320B86}.Debug|x64.Build.0 = Debug|x64
		{DDC543EA-BDDA-4AE2-B305-0842E8320B86}.Debug|x86.ActiveCfg = Debug|Win32
		{DDC543EA-BDDA-4AE2-B305-0842E8320B86}.Debug|x86.Build.0 = Debug|Win32
		{DDC543EA-BDDA-4AE2-B305-0842E8320B86}.Release|x64.ActiveCfg = Release|x64
		{DDC543EA-BDDA-4AE2-B305-0842E8320B86}.Release|x64.Build.0 = Release|x64
		{DDC543EA-BDDA-4AE2-B305-0842E8320B86}.Release|x86.ActiveCfg = Release|Win32
		{DDC543EA-BDDA-4AE2-B305-0842E8320B86}.Release|x86.Build.0 = Release|Win32
		{E1F6C3F2-4F31-4E83-890C-ECAA2BD3E8AE}.Debug|x64.ActiveCfg = Debug|x64
		{E1F6C3F2-4F31-4E83-890C-ECAA2BD3E8AE}.Debug|x64.Build.0 = Debug|x64
		{E1F6C3F2-4F31-4E83-890C-ECAA2BD3E8AE}.Debug|x86.ActiveCfg = Debug|Win32
		{E1F6C3F2-4F31-4E83-890C-ECAA2BD3E8AE}.Debug|x86.Build.0 = Debug|Win32
		{E1F6C3F2-4F31-4E83-890C-ECAA2BD3E8AE}.Release|x64.ActiveCfg = Release|x64
		{E1F6C3F2-4F31-4E83-890C-ECAA2BD3E8AE}.Release|x64.Build.0 = Release|x64
		{E1F6C3F2-4F31-4E83-890C-ECAA2BD3E8AE}.Release|x86.ActiveCfg = Release|Win32
		{E1F6C3F2-4F31-4E83-890C-ECAA2BD3E8AE}.Release|x86.Build.0 = Release|Win32
		{D03C89E2-8C99-41D0-B937-ADFBC426B243}.Debug|x64.ActiveCfg = Debug|x64
		{D03C89E2-8C99-41D0-B937-ADFBC426B243}.Debug|x64.Build.0 = Debug|x64
		{D03C89E2-8C99-41D0-B937-ADFBC426B243}.Debug|x86.ActiveCfg = Debug|Win32
		{D03C89E2-8C99-41D0-B937-ADFBC426B243}.Debug|x86.Build.0 = Debug|Win32
		{D03C89E2-8C99-41D0-B937-ADFBC426B243}.Release|x64.ActiveCfg = Release|x64
		{D03C89E2-8C99-41D0-B937-ADFBC426B243}.Release|x64.Build.0 = Release|x64
		{D03C89E2-8C99-41D0-B937-ADFBC426B243}.Release|x86.ActiveCfg = Release|Win32
		{D03C89E2-8C99-41D0-B937-ADFBC426B243}.Release|x86.Build.0 = Release|Win32
		{79FAF100-4D62-4636-8A82-2486479079E7}.Debug|x64.ActiveCfg = Debug|x64
		{79FAF100-4D62-4636-8A82-2486479079E7}.Debug|x64.Build.0 = Debug|x64
		{79FAF100-4D62-4636-8A82-2486479079E7}.Debug|x86.ActiveCfg = Debug|Win32
		{79FAF100-4D62-4636-8A82-2486479079E7}.Debug|x86.Build.0 = Debug|Win32
		{79FAF100-4D62-4636-8A82-2486479079E7}.Release|x64.ActiveCfg = Release|x64
		{79FAF100-4D62-4636-8A82-2486479079E7}.Release|x64.Build.0 = Release|x64
		{79FAF100-4D62-4636-8A82-2486479079E7}.Release|x86.ActiveCfg = Release|Win32
		{79FAF100-4D62-4636-8A82-2486479079E7}.Release|x86.Build.0 = Release|Win32
		{A4C783CB-6FD4-4B54-9697-A19E93749BD7}.Debug|x64.ActiveCfg = Debug|x64
		{A4C783CB-6FD4-4B54-9697-A19E93749BD7}.Debug|x64.Build.0 = Debug|x64
		{A4C783CB-6FD4-4B54-9697-A19E93749BD7}.Debug|x86.ActiveCfg = Debug|Win32
		{A4C783CB-6FD4-4B54-9697-A19E93749BD7}.Debug|x86.Build.0 = Debug|Win32
		{A4C783CB-6FD4-4B54-9697-A19E93749BD7}.Release|x64.ActiveCfg = Release|x64
		{A4C783CB-6FD4-4B54-9697-A19E93749BD7}.Release|x64.Build.0 = Release|x64
		{A4C783CB-6FD4-4B54-9697-A19E93749BD7}.Release|x86.ActiveCfg = Release|Win32
		{A4C783CB-6FD4-4B54-9697-A19E93749BD7}.Release|x86.Build.0 = Release|Win32
		{23649343-198D-4E46-B578-8E30FC7E4A18}.Debug|x64.ActiveCfg = Debug|x64
		{23649343-198D-4E46-B578-8E30FC7E4A18}.Debug|x64.Build.0 = Debug|x64
		{23649343-198D-4E46-B578-8E30FC7E4A18}.Debug|x86.ActiveCfg = Debug|Win32
		{23649343-198D-4E46-B578-8E30FC7E4A18}.Debug|x86.Build.0 = Debug|Win32
		{23649343-198D-4E46-B578-8E30FC7E4A18}.Release|x64.ActiveCfg = Release|x64
		{23649343-198D-4E46-B578-8E30FC7E4A18}.Release|x64.Build.0 = Release|x64
		{23649343-198D-4E46-B578-8E30FC7E4A18}.Release|x86.ActiveCfg = Release|Win32
		{23649343-198D-4E46-B578-8E30FC7E4A18}.Release|x86.Build.0 = Release|Win32
		{23BB69CA-0EC2-48B0-A3C5-28DF606AF304}.Debug|x64.ActiveCfg = Debug|x64
		{23BB69CA-0EC2-48B0-A3C5-28DF606AF304}.Debug|x64.Build.0 = Debug|x64
		{23BB69CA-0EC2-48B0-A3C5-28DF606AF304}.Debug|x86.ActiveCfg = Debug|Win32
		{23BB69CA-0EC2-48B0-A3C5-28DF606AF304}.Debug|x86.Build.0 = Debug|Win32
		{23BB69CA-0EC2-48B0-A3C5-28DF606AF304}.Release|x64.ActiveCfg = Release|x64
		{23BB69CA-0EC2-48B0-A3C5-28DF606AF304}.Release|x64.Build.0 = Release|x64
		{23BB69CA-0EC2-48B0-A3C5-28DF606AF304}.Release|x86.ActiveCfg = Release|Win32
		{23BB69CA-0EC2-48B0-A3C5-28DF606AF304}.Release|x86.Build.0 = Release|Win32
		{6A6AC3E1-193F-44F7-91B3-984AD9409115}.Debug|x64.ActiveCfg = Debug|x64
		{6A6AC3E1-193F-44F7-91B3-984AD9409115}.Debug|x64.Build.0 = Debug|x64
		{6A6AC3E1-193F-44F7-91B3-984AD9409115}.Debug|x86.ActiveCfg = Debug|Win32
		{6A6AC3E1-193F-44F7-91B3-984AD9409115}.Debug|x86.Build.0 = Debug|Win32
		{6A6AC3E1-193F-44F7-91B3-984AD9409115}.Release|x64.ActiveCfg = Release|x64
		{6A6AC3E1-193F-44F7-91B3-984AD9409115}.Release|x64.Build.0 = Release|x64
		{6A6AC3E1-193F-44F7-91B3-984AD9409115}.Release|x86.ActiveCfg = Release|Win32
		{6A6AC3E1-193F-44F7-91B3-984AD9409115}.Release|x86.Build.0 = Release|Win32
		{7A9DFC8E-274B-4475-A363-FCAE452AE9DC}.Debug|x64.ActiveCfg = Debug|x64
		{7A9DFC8E-274B-4475-A363-FCAE452AE9DC}.Debug|x64.Build.0 = Debug|x64
		{7A9DFC8E-274B-4475-A363-FCAE452AE9DC}.Debug|x86.ActiveCfg = Debug|Win32
		{7A9DFC8E-274B-4475-A363-FCAE452AE9DC}.Debug|x86.Build.0 = Debug|Win32
		{7A9DFC8E-274B-4475-A363-FCAE452AE9DC}.Release|x64.ActiveCfg = Release|x64
		{7A9DFC8E-274B-4475-A363-FCAE452AE9DC}.Release|x64.Build.0 = Release|x64
		{7A9DFC8E-274B-4475-A363-FCAE452AE9DC}.Release|x86.ActiveCfg = Release|Win32
		{7A9DFC8E-274B-4475-A363-FCAE452AE9DC}.Release|x86.Build.0 = Release|Win32
		{BAB1C0F2-A66D-459B-BF94-29F0F3EA5859}.Debug|x64.ActiveCfg = Debug|x64
		{BAB1C0F2-A66D-459B-BF94-29F0F3EA5859}.Debug|x64.Build.0 = Debug|x64
		{BAB1C0F2-A66D-459B-BF94-29F0F3EA5859}.Debug|x86.ActiveCfg = Debug|Win32
		{BAB1C0F2-A66D-459B-BF94-29F0F3EA5859}.Debug|x86.Build.0 = Debug|Win32
		{BAB1C0F2-A66D-459B-BF94-29F0F3EA5859}.Release|x64.ActiveCfg = Release|x64
		{BAB1C0F2-A66D-459B-BF94-29F0F3EA5859}.Release|x64.Build.0 = Release|x64
		{BAB1C0F2-A66D-459B-BF94-29F0F3EA5859}.Release|x86.ActiveCfg = Release|Win32
		{BAB1C0F2-A66D-459B-BF94-29F0F3EA5859}.Release|x86.Build.0 = Release|Win32
		{DF8558D1-21B2-470E-A0E9-E4C322E4A6B0}.Debug|x64.ActiveCfg = Debug|x64
		{DF8558D1-21B2-470E-A0E9-E4C322E4A6B0}.Debug|x64.Build.0 = Debug|x64
		{DF8558D1-21B2-470E-A0E9-E4C322E4A6B0}.Debug|x86.ActiveCfg = Debug|Win32
		{DF8558D1-21B2-470E-A0E9-E4C322E4A6B0}.Debug|x86.Build.0 = Debug|Win32
		{DF8558D1-21B2-470E-A0E9-E4C322E4A6B0}.Release|x64.ActiveCfg = Release|x64
		{DF8558D1-21B2-470E-A0E9-E4C322E4A6B0}.Release|x64.Build.0 = Release|x64
		{DF8558D1-21B2-470E-A0E9-E4C322E4A6B0}.Release|x86.ActiveCfg = Release|Win32
		{DF8558D1-21B2-470E-A0E9-E4C322E4A6B0}.Release|x86.Build.0 = Release|Win32
		{C0499235-DCB3-4D59-89B6-AFD0E2D076D6}.Debug|x64.ActiveCfg = Debug|x64
		{C0499235-DCB3-4D59-89B6-AFD0E2D076D6}.Debug|x64.Build.0 = Debug|x64
		{C0499235-DCB3-4D59-89B6-AFD0E2D076D6}.Debug|x86.ActiveCfg = Debug|Win32
		{C0499235-DCB3-4D59-89B6-AFD0E2D076D6}.Debug|x86.Build.0 = Debug|Win32
		{C0499235-DCB3-4D59-89B6-AFD0E2D076D6}.Release|x64.ActiveCfg = Release|x64
		{C0499235-DCB3-4D59-89B6-AFD0E2D076D6}.Release|x64.Build.0 = Release|x64
		{C0499235-DCB3-4D59-89B6-AFD0E2D076D6}.Release|x86.ActiveCfg = Release|Win32
		{C0499235-DCB3-4D59-89B6-AFD0E2D076D6}.Release|x86.Build.0 = Release|Win32
		{36B47061-1EB7-4787-B897-D782519D5E9D}.Debug|x64.ActiveCfg = Debug|x64
		{36B47061-1EB7-4787-B897-D782519D5E9D}.Debug|x64.Build.0 = Debug|x64
		{36B47061-1EB7-4787-B897-D782519D5E9D}.Debug|x86.ActiveCfg = Debug|Win32
		{36B47061-1EB7-4787-B897-D782519D5E9D}.Debug|x86.Build.0 = Debug|Win32
		{36B47061-1EB7-4787-B897-D782519D5E9D}.Release|x64.ActiveCfg = Release|x64
		{36B47061-1EB7-4787-B897-D782519D5E9D}.Release|x64.Build.0 = Release|x64
		{36B47061-1EB7-4787-B897-D782519D5E9D}.Release|x86.ActiveCfg = Release|Win32
		{36B47061-1EB7-4787-B897-D782519D5E9D}.Release|x86.Build.0 = Release|Win32
		{C0CDA5E5-BFD0-475E-87E8-961EAC5BDEC3}.Debug|x64.ActiveCfg = Debug|x64
		{C0CDA5E5-BFD0-475E-87E8-961EAC5BDEC3}.Debug|x64.Build.0 = Debug|x64
		{C0CDA5E5-BFD0-475E-87E8-961EAC5BDEC3}.Debug|x86.ActiveCfg = Debug|Win32
		{C0CDA5E5-BFD0-475E-87E8-961EAC5BDEC3}.Debug|x86.Build.0 = Debug|Win32
		{C0CDA5E5-BFD0-475E-87E8-961EAC5BDEC3}.Release|x64.ActiveCfg = Release|x64
		{C0CDA5E5-BFD0-475E-87E8-961EAC5BDEC3}.Release|x64.Build.0 = Release|x64
		{C0CDA5E5-BFD0-475E-87E8-961EAC5BDEC3}.Release|x86.ActiveCfg = Release|Win32
		{C0CDA5E5-BFD0-475E-87E8-961EAC5BDEC3}.Release|x86.Build.0 = Release|Win32
		{15CB3C4D-7F4B-492A-9C61-2329E1E8332B}.Debug|x64.ActiveCfg = Debug|x64
		{15CB3C4D-7F4B-492A-9C61-2329E1E8332B}.Debug|x64.Build.0 = Debug|x64
		{15CB3C4D-7F4B-492A-9C61-2329E1E8332B}.Debug|x86.ActiveCfg = Debug|Win32
		{15CB3C4D-7F4B-492A-9C61-2329E1E8332B}.Debug|x86.Build.0 = Debug|Win32
		{15CB3C4D-7F4B-492A-9C61-2329E1E8332B}.Release|x64.ActiveCfg = Release|x64
		{15CB3C4D-7F4B-492A-9C61-2329E1E8332B}.Release|x64.Build.0 = Release|x64
		{15CB3C4D-7F4B-492A-9C61-2329E1E8332B}.Release|x86.ActiveCfg = Release|Win32
		{15CB3C4D-7F4B-492A-9C61-2329E1E8332B}.Release|x86.Build.0 = Release|Win32
		{C47EABBF-6B5D-4A4D-90AD-56B82994D935}.Debug|x64.ActiveCfg = Debug|x64
		{C47EABBF-6B5D-4A4D-90AD-56B82994D935}.Debug|x64.Build.0 = Debug|x64
		{C47EABBF-6B5D-4A4D-90AD-56B82994D935}.Debug|x86.ActiveCfg = Debug|Win32
		{C47EABBF-6B5D-4A4D-90AD-56B82994D935}.Debug|x86.Build.0 = Debug|Win32
		{C47EABBF-6B5D-4A4D-90AD-56B82994D935}.Release|x64.ActiveCfg = Release|x64
		{C47EABBF-6B5D-4A4D-90AD-56B82994D935}.Release|x64.Build.0 = Release|x64
		{C47EABBF-6B5D-4A4D-90AD-56B82994D935}.Release|x86.ActiveCfg = Release|Win32
		{C47EABBF-6B5D-4A4D-90AD-56B82994D935}.Release|x86.Build.0 = Release|Win32
		{11783514-3CC5-43A1-ACC2-3B5C2A31D257}.Debug|x64.ActiveCfg = Debug|x64
		{11783514-3CC5-43A1-ACC2-3B5C2A31D257}.Debug|x64.Build.0 = Debug|x64
		{11783514-3CC5-43A1-ACC2-3B5C2A31D257}.Debug|x86.ActiveCfg = Debug|Win32
		{11783514-3CC5-43A1-ACC2-3B5C2A31D257}.Debug|x86.Build.0 = Debug|Win32
		{11783514-3CC5-43A1-ACC2-3B5C2A31D257}.Release|x64.ActiveCfg = Release|x64
		{11783514-3CC5-43A1-ACC2-3B5C2A31D257}.Release|x64.Build.0 = Release|x64
		{11783514-3CC5-43A1-ACC2-3B5C2A31D257}.Release|x86.ActiveCfg = Release|Win32
		{11783514-3CC5-43A1-ACC2-3B5C2A31D257}.Release|x86.Build.0 = Release|Win32
		{99C644A7-A41C-431F-AA46-42923167BA15}.Debug|x64.ActiveCfg = Debug|x64
		{99C644A7-A41C-431F-AA46-42923167BA15}.Debug|x64.Build.0 = Debug|x64
		{99C644A7-A41C-431F-AA46-42923167BA15}.Debug|x86.ActiveCfg = Debug|Win32
		{99C644A7-A41C-431F-AA46-42923167BA15}.Debug|x86.Build.0 = Debug|Win32
		{99C644A7-A41C-431F-AA46-42923167BA15}.Release|x64.ActiveCfg = Release|x64
		{99C644A7-A41C-431F-AA46-42923167BA15}.Release|x64.Build.0 = Release|x64
		{99C644A7-A41C-431F-AA46-42923167BA15}.Release|x86.ActiveCfg = Release|Win32
		{99C644A7-A41C-431F-AA46-42923167BA15}.Release|x86.Build.0 = Release|Win32
		{D8B9E034-840A-48DB-AA27-BC2FE73821B1}.Debug|x64.ActiveCfg = Debug|x64
		{D8B9E034-840A-48DB-AA27-BC2FE73821B1}.Debug|x64.Build.0 = Debug|x64
		{D8B9E034-840A-48DB-AA27-BC2FE73821B1}.Debug|x86.ActiveCfg = Debug|Win32
		{D8B9E034-840A-48DB-AA27-BC2FE73821B1}.Debug|x86.Build.0 = Debug|Win32
		{D8B9E034-840A-48DB-AA27-BC2FE73821B1}.Release|x64.ActiveCfg = Release|x64
		{D8B9E034-840A-48DB-AA27-BC2FE73821B1}.Release|x64.Build.0 = Release|x64
		{D8B9E034-840A-48DB-AA27-BC2FE73821B1}.Release|x86.ActiveCfg = Release|Win32
		{D8B9E034-840A-48DB-AA27-BC2FE73821B1}.Release|x86.Build.0 = Release|Win32
		{1C537453-452F-4877-83F7-1A4DA5FCA4E2}.Debug|x64.ActiveCfg = Debug|x64
		{1C537453-452F-4877-83F7-1A4DA5FCA4E2}.Debug|x64.Build.0 = Debug|x64
		{1C537453-452F-4877-83F7-1A4DA5FCA4E2}.Debug|x86.ActiveCfg = Debug|Win32
		{1C537453-452F-4877-83F7-1A4DA5FCA4E2}.Debug|x86.Build.0 = Debug|Win32
		{1C537453-452F-4877-83F7-1A4DA5FCA4E2}.Release|x64.ActiveCfg = Release|x64
		{1C537453-452F-4877-83F7-1A4DA5FCA4E2}.Release|x64.Build.0 = Release|x64
		{1C537453-452F-4877-83F7-1A4DA5FCA4E2}.Release|x86.ActiveCfg = Release|Win32
		{1C537453-452F-4877-83F7-1A4DA5FCA4E2}.Release|x86.Build.0 = Release|Win32
		{9BBB2AF4-9F82-4001-A9CC-4C0D7279B799}.Debug|x64.ActiveCfg = Debug|x64
		{9BBB2AF4-9F82-4001-A9CC-4C0D7279B799}.Debug|x64.Build.0 = Debug|x64
		{9BBB2AF4-9F82-4001-A9CC-4C0D7279B799}.Debug|x86.ActiveCfg = Debug|Win32
		{9BBB2AF4-9F82-4001-A9CC-4C0D7279B799}.Debug|x86.Build.0 = Debug|Win32
		{9BBB2AF4-9F82-4001-A9CC-4C0D7279B799}.Release|x64.ActiveCfg = Release|x64
		{9BBB2AF4-9F82-4001-A9CC-4C0D7279B799}.Release|x64.Build.0 = Release|x64
		{9BBB2AF4-9F82-4001-A9CC-4C0D7279B799}.Release|x86.ActiveCfg = Release|Win32
		{9BBB2AF4-9F82-4001-A9CC-4C0D7279B799}.Release|x86.Build.0 = Release|Win32
		{80CA194D-B96D-4D98-BE6D-D5DCB60E79AE}.Debug|x64.ActiveCfg = Debug|x64
		{80CA194D-B96D-4D98-BE6D-D5DCB60E79AE}.Debug|x64.Build.0 = Debug|x64
		{80CA194D-B96D-4D98-BE6D-D5DCB60E79AE}.Debug|x86.ActiveCfg = Debug|Win32
		{80CA194D-B96D-4D98-BE6D-D5DCB60E79AE}.Debug|x86.Build.0 = Debug|Win32
		{80CA194D-B96D-4D98-BE6D-D5DCB60E79AE}.Release|x64.ActiveCfg = Release|x64
		{80CA194D-B96D-4D98-BE6D-D5DCB60E79AE}.Release|x64.Build.0 = Release|x64
		{80CA194D-B96D-4D98-BE6D-D5DCB60E79AE}.Release|x86.ActiveCfg = Release|Win32
		{80CA194D-B96D-4D98-BE6D-D5DCB60E79AE}.Release|x86.Build.0 = Release|Win32
		{3E22FB5A-1CA6-429B-ACEE-220BA499E611}.Debug|x64.ActiveCfg = Debug|x64
		{3E22FB5A-1CA6-429B-ACEE-220BA499E611}.Debug|x64.Build.0 = Debug|x64
		{3E22FB5A-1CA6-429B-ACEE-220BA499E611}.Debug|x86.ActiveCfg = Debug|Win32
		{3E22FB5A-1CA6-429B-ACEE-220BA499E611}.Debug|x86.Build.0 = Debug|Win32
		{3E22FB5A-1CA6-429B-ACEE-220BA499E611}.Release|x64.ActiveCfg = Release|x64
		{3E22FB5A-1CA6-429B-ACEE-220BA499E611}.Release|x64.Build.0 = Release|x64
		{3E22FB5A-1CA6-429B-ACEE-220BA499E611}.Release|x86.ActiveCfg = Release|Win32
		{3E22FB5A-1CA6-429B-ACEE-220BA499E611}.Release|x86.Build.0 = Release|Win32
		{19733630-6243-47D8-A884-6860C3DFAEFF}.Debug|x64.ActiveCfg = Debug|x64
		{19733630-6243-47D8-A884-6860C3DFAEFF}.Debug|x64.Build.0 = Debug|x64
		{19733630-6243-47D8-A884-6860C3DFAEFF}.Debug|x86.ActiveCfg = Debug|Win32
		{19733630-6243-47D8-A884-6860C3DFAEFF}.Debug|x86.Build.0 = Debug|Win32
		{19733630-6243-47D8-A884-6860C3DFAEFF}.Release|x64.ActiveCfg = Release|x64
		{19733630-6243-47D8-A884-6860C3DFAEFF}.Release|x64.Build.0 = Release|x64
		{19733630-6243-47D8-A884-6860C3DFAEFF}.Release|x86.ActiveCfg = Release|Win32
		{19733630-6243-47D8-A884-6860C3DFAEFF}.Release|x86.Build.0 = Release|Win32
		{C924A68D-82C1-4F5A-8C9D-253FA6EDF86C}.Debug|x64.ActiveCfg = Debug|x64
		{C924A68D-82C1-4F5A-8C9D-253FA6EDF86C}.Debug|x64.Build.0 = Debug|x64
		{C924A68D-82C1-4F5A-8C9D-253FA6EDF86C}.Debug|x86.ActiveCfg = Debug|Win32
		{C924A68D-82C1-4F5A-8C9D-253FA6EDF86C}.Debug|x86.Build.0 = Debug|Win32
		{C924A68D-82C1-4F5A-8C9D-253FA6EDF86C}.Release|x64.ActiveCfg = Release|x64
		{C924A68D-82C1-4F5A-8C9D-253FA6EDF86C}.Release|x64.Build.0 = Release|x64
		{C924A68D-82C1-4F5A-8C9D-253FA6EDF86C}.Release|x86.ActiveCfg = Release|Win32
		{C924A68D-82C1-4F5A-8C9D-253FA6EDF86C}.Release|x86.Build.0 = Release|Win32
	EndGlobalSection
	GlobalSection(SolutionProperties) = preSolution
		HideSolutionNode = FALSE
	EndGlobalSection
	GlobalSection(ExtensibilityGlobals) = postSolution
		SolutionGuid = {39E1E674-0C59-47B4-A174-C4BE8B7FC9B4}
	EndGlobalSection
EndGlobal
