
Microsoft Visual Studio Solution File, Format Version 12.00
# Visual Studio Version 17
VisualStudioVersion = 17.7.34031.279
MinimumVisualStudioVersion = 10.0.40219.1
Project("{8BC9CEB8-8B4A-11D0-8D11-00A0C91BC942}") = "Bai_001", "UIT_23520361-BTMT\UIT_23520361-BTMT.vcxproj", "{5CEEF6C2-B72B-4F10-882D-4ED9D54B9CF5}"
EndProject
Project("{8BC9CEB8-8B4A-11D0-8D11-00A0C91BC942}") = "Bai_007", "Bai_007\Bai_007.vcxproj", "{18B47201-EE48-4A29-BBD5-B2183BE21937}"
EndProject
Project("{8BC9CEB8-8B4A-11D0-8D11-00A0C91BC942}") = "Bai_013", "Bai_013\Bai_013.vcxproj", "{8BEBD872-C21A-4FE8-98C2-691677BB7A82}"
EndProject
Project("{8BC9CEB8-8B4A-11D0-8D11-00A0C91BC942}") = "Bai_019", "Bai_019\Bai_019.vcxproj", "{C25724B2-923C-46CA-B7BC-BE56BBDA1268}"
EndProject
Project("{8BC9CEB8-8B4A-11D0-8D11-00A0C91BC942}") = "Bai_025", "Bai_025\Bai_025.vcxproj", "{F3A6589B-8B71-4B27-90D4-3BB7C345720D}"
EndProject
Project("{8BC9CEB8-8B4A-11D0-8D11-00A0C91BC942}") = "Bai_031", "Bai_031\Bai_031.vcxproj", "{E05C2E8F-B56B-41DB-A3CF-0F98881F7250}"
EndProject
Project("{8BC9CEB8-8B4A-11D0-8D11-00A0C91BC942}") = "Bai_037", "Bai_037\Bai_037.vcxproj", "{EE12FB02-3DCA-4E1A-8557-3F87FC129A74}"
EndProject
Project("{8BC9CEB8-8B4A-11D0-8D11-00A0C91BC942}") = "Bai_043", "Bai_043\Bai_043.vcxproj", "{2E15B29E-2B4A-4980-9AC0-6084520E2610}"
EndProject
Project("{8BC9CEB8-8B4A-11D0-8D11-00A0C91BC942}") = "Bai_049", "Bai_049\Bai_049.vcxproj", "{5D60EBE6-7450-4B14-96AC-A08B29D592E0}"
EndProject
Project("{8BC9CEB8-8B4A-11D0-8D11-00A0C91BC942}") = "Bai_055", "Bai_055\Bai_055.vcxproj", "{C668CC15-9A62-4A64-89EF-1790CDAF490B}"
EndProject
Project("{8BC9CEB8-8B4A-11D0-8D11-00A0C91BC942}") = "Bai_061", "Bai_061\Bai_061.vcxproj", "{5DCD51D3-884E-49DB-AA40-7F8B6FDF8372}"
EndProject
Project("{8BC9CEB8-8B4A-11D0-8D11-00A0C91BC942}") = "Bai_067", "Bai_067\Bai_067.vcxproj", "{ED9AE5CB-F314-4C2C-B402-82C8CE474C1B}"
EndProject
Project("{8BC9CEB8-8B4A-11D0-8D11-00A0C91BC942}") = "Bai_073", "Bai_73\Bai_73.vcxproj", "{1D68896D-1C3C-487B-8B84-90198092C3DD}"
EndProject
Project("{8BC9CEB8-8B4A-11D0-8D11-00A0C91BC942}") = "Bai_079", "Bai_079\Bai_079.vcxproj", "{C4F44A9F-67C7-44CE-A5A9-59CC411FD882}"
EndProject
Project("{8BC9CEB8-8B4A-11D0-8D11-00A0C91BC942}") = "Bai_085", "Bai_085\Bai_085.vcxproj", "{47D27C4A-C2FA-47E6-8330-3223D963470C}"
EndProject
Project("{8BC9CEB8-8B4A-11D0-8D11-00A0C91BC942}") = "Bai_091", "Bai_091\Bai_091.vcxproj", "{E9A32538-5854-4481-82BD-095948A569E9}"
EndProject
Project("{8BC9CEB8-8B4A-11D0-8D11-00A0C91BC942}") = "Bai_097", "Bai_097\Bai_097.vcxproj", "{17819486-E46C-40C7-8DC2-960EFB4220D8}"
EndProject
Project("{8BC9CEB8-8B4A-11D0-8D11-00A0C91BC942}") = "Bai_103", "Bai_103\Bai_103.vcxproj", "{7423BAB0-F101-4A29-BA71-472AD7A315F2}"
EndProject
Project("{8BC9CEB8-8B4A-11D0-8D11-00A0C91BC942}") = "Bai_109", "BAi_109\BAi_109.vcxproj", "{DE4CD9D3-0E3A-4FBC-8B76-FBE61EA7E918}"
EndProject
Project("{8BC9CEB8-8B4A-11D0-8D11-00A0C91BC942}") = "Bai_115", "Bai_115\Bai_115.vcxproj", "{8CD5D602-202C-45E4-A047-7C38C4D308AD}"
EndProject
Project("{8BC9CEB8-8B4A-11D0-8D11-00A0C91BC942}") = "Bai_121", "Bai_121\Bai_121.vcxproj", "{675C4FCC-5D8C-45B3-BB4A-7548D3FB27D6}"
EndProject
Project("{8BC9CEB8-8B4A-11D0-8D11-00A0C91BC942}") = "Bai_127", "Bai_127\Bai_127.vcxproj", "{C57B5130-FDEF-470B-8574-AFE1C8D25600}"
EndProject
Project("{8BC9CEB8-8B4A-11D0-8D11-00A0C91BC942}") = "Bai_133", "Bai_133\Bai_133.vcxproj", "{D0959991-8EAD-4F02-8812-432C1C1944D4}"
EndProject
Project("{8BC9CEB8-8B4A-11D0-8D11-00A0C91BC942}") = "Bai_139", "Bai_139\Bai_139.vcxproj", "{E9F297EC-2108-41C1-84BC-E145EDB46C0C}"
EndProject
Project("{8BC9CEB8-8B4A-11D0-8D11-00A0C91BC942}") = "Bai_145", "Bai_145\Bai_145.vcxproj", "{C315C6AE-8FDC-4717-A90A-689DE9950F5C}"
EndProject
Project("{8BC9CEB8-8B4A-11D0-8D11-00A0C91BC942}") = "Bai151", "Bai151\Bai151.vcxproj", "{22F2D2F0-F431-4B49-961E-2DFEC789424E}"
EndProject
Project("{8BC9CEB8-8B4A-11D0-8D11-00A0C91BC942}") = "Bai_157", "Bai_157\Bai_157.vcxproj", "{69778FCD-24AF-4CC2-AF25-E82797BA20FC}"
EndProject
Project("{8BC9CEB8-8B4A-11D0-8D11-00A0C91BC942}") = "Bai_163", "Bai_163\Bai_163.vcxproj", "{9E7F4713-24C4-4078-8033-19C65A915DED}"
EndProject
Project("{8BC9CEB8-8B4A-11D0-8D11-00A0C91BC942}") = "Bai_169", "Bai_169\Bai_169.vcxproj", "{FE6176D3-A847-4713-AC6B-32E92C74E8BB}"
EndProject
Global
	GlobalSection(SolutionConfigurationPlatforms) = preSolution
		Debug|x64 = Debug|x64
		Debug|x86 = Debug|x86
		Release|x64 = Release|x64
		Release|x86 = Release|x86
	EndGlobalSection
	GlobalSection(ProjectConfigurationPlatforms) = postSolution
		{5CEEF6C2-B72B-4F10-882D-4ED9D54B9CF5}.Debug|x64.ActiveCfg = Debug|x64
		{5CEEF6C2-B72B-4F10-882D-4ED9D54B9CF5}.Debug|x64.Build.0 = Debug|x64
		{5CEEF6C2-B72B-4F10-882D-4ED9D54B9CF5}.Debug|x86.ActiveCfg = Debug|Win32
		{5CEEF6C2-B72B-4F10-882D-4ED9D54B9CF5}.Debug|x86.Build.0 = Debug|Win32
		{5CEEF6C2-B72B-4F10-882D-4ED9D54B9CF5}.Release|x64.ActiveCfg = Release|x64
		{5CEEF6C2-B72B-4F10-882D-4ED9D54B9CF5}.Release|x64.Build.0 = Release|x64
		{5CEEF6C2-B72B-4F10-882D-4ED9D54B9CF5}.Release|x86.ActiveCfg = Release|Win32
		{5CEEF6C2-B72B-4F10-882D-4ED9D54B9CF5}.Release|x86.Build.0 = Release|Win32
		{18B47201-EE48-4A29-BBD5-B2183BE21937}.Debug|x64.ActiveCfg = Debug|x64
		{18B47201-EE48-4A29-BBD5-B2183BE21937}.Debug|x64.Build.0 = Debug|x64
		{18B47201-EE48-4A29-BBD5-B2183BE21937}.Debug|x86.ActiveCfg = Debug|Win32
		{18B47201-EE48-4A29-BBD5-B2183BE21937}.Debug|x86.Build.0 = Debug|Win32
		{18B47201-EE48-4A29-BBD5-B2183BE21937}.Release|x64.ActiveCfg = Release|x64
		{18B47201-EE48-4A29-BBD5-B2183BE21937}.Release|x64.Build.0 = Release|x64
		{18B47201-EE48-4A29-BBD5-B2183BE21937}.Release|x86.ActiveCfg = Release|Win32
		{18B47201-EE48-4A29-BBD5-B2183BE21937}.Release|x86.Build.0 = Release|Win32
		{8BEBD872-C21A-4FE8-98C2-691677BB7A82}.Debug|x64.ActiveCfg = Debug|x64
		{8BEBD872-C21A-4FE8-98C2-691677BB7A82}.Debug|x64.Build.0 = Debug|x64
		{8BEBD872-C21A-4FE8-98C2-691677BB7A82}.Debug|x86.ActiveCfg = Debug|Win32
		{8BEBD872-C21A-4FE8-98C2-691677BB7A82}.Debug|x86.Build.0 = Debug|Win32
		{8BEBD872-C21A-4FE8-98C2-691677BB7A82}.Release|x64.ActiveCfg = Release|x64
		{8BEBD872-C21A-4FE8-98C2-691677BB7A82}.Release|x64.Build.0 = Release|x64
		{8BEBD872-C21A-4FE8-98C2-691677BB7A82}.Release|x86.ActiveCfg = Release|Win32
		{8BEBD872-C21A-4FE8-98C2-691677BB7A82}.Release|x86.Build.0 = Release|Win32
		{C25724B2-923C-46CA-B7BC-BE56BBDA1268}.Debug|x64.ActiveCfg = Debug|x64
		{C25724B2-923C-46CA-B7BC-BE56BBDA1268}.Debug|x64.Build.0 = Debug|x64
		{C25724B2-923C-46CA-B7BC-BE56BBDA1268}.Debug|x86.ActiveCfg = Debug|Win32
		{C25724B2-923C-46CA-B7BC-BE56BBDA1268}.Debug|x86.Build.0 = Debug|Win32
		{C25724B2-923C-46CA-B7BC-BE56BBDA1268}.Release|x64.ActiveCfg = Release|x64
		{C25724B2-923C-46CA-B7BC-BE56BBDA1268}.Release|x64.Build.0 = Release|x64
		{C25724B2-923C-46CA-B7BC-BE56BBDA1268}.Release|x86.ActiveCfg = Release|Win32
		{C25724B2-923C-46CA-B7BC-BE56BBDA1268}.Release|x86.Build.0 = Release|Win32
		{F3A6589B-8B71-4B27-90D4-3BB7C345720D}.Debug|x64.ActiveCfg = Debug|x64
		{F3A6589B-8B71-4B27-90D4-3BB7C345720D}.Debug|x64.Build.0 = Debug|x64
		{F3A6589B-8B71-4B27-90D4-3BB7C345720D}.Debug|x86.ActiveCfg = Debug|Win32
		{F3A6589B-8B71-4B27-90D4-3BB7C345720D}.Debug|x86.Build.0 = Debug|Win32
		{F3A6589B-8B71-4B27-90D4-3BB7C345720D}.Release|x64.ActiveCfg = Release|x64
		{F3A6589B-8B71-4B27-90D4-3BB7C345720D}.Release|x64.Build.0 = Release|x64
		{F3A6589B-8B71-4B27-90D4-3BB7C345720D}.Release|x86.ActiveCfg = Release|Win32
		{F3A6589B-8B71-4B27-90D4-3BB7C345720D}.Release|x86.Build.0 = Release|Win32
		{E05C2E8F-B56B-41DB-A3CF-0F98881F7250}.Debug|x64.ActiveCfg = Debug|x64
		{E05C2E8F-B56B-41DB-A3CF-0F98881F7250}.Debug|x64.Build.0 = Debug|x64
		{E05C2E8F-B56B-41DB-A3CF-0F98881F7250}.Debug|x86.ActiveCfg = Debug|Win32
		{E05C2E8F-B56B-41DB-A3CF-0F98881F7250}.Debug|x86.Build.0 = Debug|Win32
		{E05C2E8F-B56B-41DB-A3CF-0F98881F7250}.Release|x64.ActiveCfg = Release|x64
		{E05C2E8F-B56B-41DB-A3CF-0F98881F7250}.Release|x64.Build.0 = Release|x64
		{E05C2E8F-B56B-41DB-A3CF-0F98881F7250}.Release|x86.ActiveCfg = Release|Win32
		{E05C2E8F-B56B-41DB-A3CF-0F98881F7250}.Release|x86.Build.0 = Release|Win32
		{EE12FB02-3DCA-4E1A-8557-3F87FC129A74}.Debug|x64.ActiveCfg = Debug|x64
		{EE12FB02-3DCA-4E1A-8557-3F87FC129A74}.Debug|x64.Build.0 = Debug|x64
		{EE12FB02-3DCA-4E1A-8557-3F87FC129A74}.Debug|x86.ActiveCfg = Debug|Win32
		{EE12FB02-3DCA-4E1A-8557-3F87FC129A74}.Debug|x86.Build.0 = Debug|Win32
		{EE12FB02-3DCA-4E1A-8557-3F87FC129A74}.Release|x64.ActiveCfg = Release|x64
		{EE12FB02-3DCA-4E1A-8557-3F87FC129A74}.Release|x64.Build.0 = Release|x64
		{EE12FB02-3DCA-4E1A-8557-3F87FC129A74}.Release|x86.ActiveCfg = Release|Win32
		{EE12FB02-3DCA-4E1A-8557-3F87FC129A74}.Release|x86.Build.0 = Release|Win32
		{2E15B29E-2B4A-4980-9AC0-6084520E2610}.Debug|x64.ActiveCfg = Debug|x64
		{2E15B29E-2B4A-4980-9AC0-6084520E2610}.Debug|x64.Build.0 = Debug|x64
		{2E15B29E-2B4A-4980-9AC0-6084520E2610}.Debug|x86.ActiveCfg = Debug|Win32
		{2E15B29E-2B4A-4980-9AC0-6084520E2610}.Debug|x86.Build.0 = Debug|Win32
		{2E15B29E-2B4A-4980-9AC0-6084520E2610}.Release|x64.ActiveCfg = Release|x64
		{2E15B29E-2B4A-4980-9AC0-6084520E2610}.Release|x64.Build.0 = Release|x64
		{2E15B29E-2B4A-4980-9AC0-6084520E2610}.Release|x86.ActiveCfg = Release|Win32
		{2E15B29E-2B4A-4980-9AC0-6084520E2610}.Release|x86.Build.0 = Release|Win32
		{5D60EBE6-7450-4B14-96AC-A08B29D592E0}.Debug|x64.ActiveCfg = Debug|x64
		{5D60EBE6-7450-4B14-96AC-A08B29D592E0}.Debug|x64.Build.0 = Debug|x64
		{5D60EBE6-7450-4B14-96AC-A08B29D592E0}.Debug|x86.ActiveCfg = Debug|Win32
		{5D60EBE6-7450-4B14-96AC-A08B29D592E0}.Debug|x86.Build.0 = Debug|Win32
		{5D60EBE6-7450-4B14-96AC-A08B29D592E0}.Release|x64.ActiveCfg = Release|x64
		{5D60EBE6-7450-4B14-96AC-A08B29D592E0}.Release|x64.Build.0 = Release|x64
		{5D60EBE6-7450-4B14-96AC-A08B29D592E0}.Release|x86.ActiveCfg = Release|Win32
		{5D60EBE6-7450-4B14-96AC-A08B29D592E0}.Release|x86.Build.0 = Release|Win32
		{C668CC15-9A62-4A64-89EF-1790CDAF490B}.Debug|x64.ActiveCfg = Debug|x64
		{C668CC15-9A62-4A64-89EF-1790CDAF490B}.Debug|x64.Build.0 = Debug|x64
		{C668CC15-9A62-4A64-89EF-1790CDAF490B}.Debug|x86.ActiveCfg = Debug|Win32
		{C668CC15-9A62-4A64-89EF-1790CDAF490B}.Debug|x86.Build.0 = Debug|Win32
		{C668CC15-9A62-4A64-89EF-1790CDAF490B}.Release|x64.ActiveCfg = Release|x64
		{C668CC15-9A62-4A64-89EF-1790CDAF490B}.Release|x64.Build.0 = Release|x64
		{C668CC15-9A62-4A64-89EF-1790CDAF490B}.Release|x86.ActiveCfg = Release|Win32
		{C668CC15-9A62-4A64-89EF-1790CDAF490B}.Release|x86.Build.0 = Release|Win32
		{5DCD51D3-884E-49DB-AA40-7F8B6FDF8372}.Debug|x64.ActiveCfg = Debug|x64
		{5DCD51D3-884E-49DB-AA40-7F8B6FDF8372}.Debug|x64.Build.0 = Debug|x64
		{5DCD51D3-884E-49DB-AA40-7F8B6FDF8372}.Debug|x86.ActiveCfg = Debug|Win32
		{5DCD51D3-884E-49DB-AA40-7F8B6FDF8372}.Debug|x86.Build.0 = Debug|Win32
		{5DCD51D3-884E-49DB-AA40-7F8B6FDF8372}.Release|x64.ActiveCfg = Release|x64
		{5DCD51D3-884E-49DB-AA40-7F8B6FDF8372}.Release|x64.Build.0 = Release|x64
		{5DCD51D3-884E-49DB-AA40-7F8B6FDF8372}.Release|x86.ActiveCfg = Release|Win32
		{5DCD51D3-884E-49DB-AA40-7F8B6FDF8372}.Release|x86.Build.0 = Release|Win32
		{ED9AE5CB-F314-4C2C-B402-82C8CE474C1B}.Debug|x64.ActiveCfg = Debug|x64
		{ED9AE5CB-F314-4C2C-B402-82C8CE474C1B}.Debug|x64.Build.0 = Debug|x64
		{ED9AE5CB-F314-4C2C-B402-82C8CE474C1B}.Debug|x86.ActiveCfg = Debug|Win32
		{ED9AE5CB-F314-4C2C-B402-82C8CE474C1B}.Debug|x86.Build.0 = Debug|Win32
		{ED9AE5CB-F314-4C2C-B402-82C8CE474C1B}.Release|x64.ActiveCfg = Release|x64
		{ED9AE5CB-F314-4C2C-B402-82C8CE474C1B}.Release|x64.Build.0 = Release|x64
		{ED9AE5CB-F314-4C2C-B402-82C8CE474C1B}.Release|x86.ActiveCfg = Release|Win32
		{ED9AE5CB-F314-4C2C-B402-82C8CE474C1B}.Release|x86.Build.0 = Release|Win32
		{1D68896D-1C3C-487B-8B84-90198092C3DD}.Debug|x64.ActiveCfg = Debug|x64
		{1D68896D-1C3C-487B-8B84-90198092C3DD}.Debug|x64.Build.0 = Debug|x64
		{1D68896D-1C3C-487B-8B84-90198092C3DD}.Debug|x86.ActiveCfg = Debug|Win32
		{1D68896D-1C3C-487B-8B84-90198092C3DD}.Debug|x86.Build.0 = Debug|Win32
		{1D68896D-1C3C-487B-8B84-90198092C3DD}.Release|x64.ActiveCfg = Release|x64
		{1D68896D-1C3C-487B-8B84-90198092C3DD}.Release|x64.Build.0 = Release|x64
		{1D68896D-1C3C-487B-8B84-90198092C3DD}.Release|x86.ActiveCfg = Release|Win32
		{1D68896D-1C3C-487B-8B84-90198092C3DD}.Release|x86.Build.0 = Release|Win32
		{C4F44A9F-67C7-44CE-A5A9-59CC411FD882}.Debug|x64.ActiveCfg = Debug|x64
		{C4F44A9F-67C7-44CE-A5A9-59CC411FD882}.Debug|x64.Build.0 = Debug|x64
		{C4F44A9F-67C7-44CE-A5A9-59CC411FD882}.Debug|x86.ActiveCfg = Debug|Win32
		{C4F44A9F-67C7-44CE-A5A9-59CC411FD882}.Debug|x86.Build.0 = Debug|Win32
		{C4F44A9F-67C7-44CE-A5A9-59CC411FD882}.Release|x64.ActiveCfg = Release|x64
		{C4F44A9F-67C7-44CE-A5A9-59CC411FD882}.Release|x64.Build.0 = Release|x64
		{C4F44A9F-67C7-44CE-A5A9-59CC411FD882}.Release|x86.ActiveCfg = Release|Win32
		{C4F44A9F-67C7-44CE-A5A9-59CC411FD882}.Release|x86.Build.0 = Release|Win32
		{47D27C4A-C2FA-47E6-8330-3223D963470C}.Debug|x64.ActiveCfg = Debug|x64
		{47D27C4A-C2FA-47E6-8330-3223D963470C}.Debug|x64.Build.0 = Debug|x64
		{47D27C4A-C2FA-47E6-8330-3223D963470C}.Debug|x86.ActiveCfg = Debug|Win32
		{47D27C4A-C2FA-47E6-8330-3223D963470C}.Debug|x86.Build.0 = Debug|Win32
		{47D27C4A-C2FA-47E6-8330-3223D963470C}.Release|x64.ActiveCfg = Release|x64
		{47D27C4A-C2FA-47E6-8330-3223D963470C}.Release|x64.Build.0 = Release|x64
		{47D27C4A-C2FA-47E6-8330-3223D963470C}.Release|x86.ActiveCfg = Release|Win32
		{47D27C4A-C2FA-47E6-8330-3223D963470C}.Release|x86.Build.0 = Release|Win32
		{E9A32538-5854-4481-82BD-095948A569E9}.Debug|x64.ActiveCfg = Debug|x64
		{E9A32538-5854-4481-82BD-095948A569E9}.Debug|x64.Build.0 = Debug|x64
		{E9A32538-5854-4481-82BD-095948A569E9}.Debug|x86.ActiveCfg = Debug|Win32
		{E9A32538-5854-4481-82BD-095948A569E9}.Debug|x86.Build.0 = Debug|Win32
		{E9A32538-5854-4481-82BD-095948A569E9}.Release|x64.ActiveCfg = Release|x64
		{E9A32538-5854-4481-82BD-095948A569E9}.Release|x64.Build.0 = Release|x64
		{E9A32538-5854-4481-82BD-095948A569E9}.Release|x86.ActiveCfg = Release|Win32
		{E9A32538-5854-4481-82BD-095948A569E9}.Release|x86.Build.0 = Release|Win32
		{17819486-E46C-40C7-8DC2-960EFB4220D8}.Debug|x64.ActiveCfg = Debug|x64
		{17819486-E46C-40C7-8DC2-960EFB4220D8}.Debug|x64.Build.0 = Debug|x64
		{17819486-E46C-40C7-8DC2-960EFB4220D8}.Debug|x86.ActiveCfg = Debug|Win32
		{17819486-E46C-40C7-8DC2-960EFB4220D8}.Debug|x86.Build.0 = Debug|Win32
		{17819486-E46C-40C7-8DC2-960EFB4220D8}.Release|x64.ActiveCfg = Release|x64
		{17819486-E46C-40C7-8DC2-960EFB4220D8}.Release|x64.Build.0 = Release|x64
		{17819486-E46C-40C7-8DC2-960EFB4220D8}.Release|x86.ActiveCfg = Release|Win32
		{17819486-E46C-40C7-8DC2-960EFB4220D8}.Release|x86.Build.0 = Release|Win32
		{7423BAB0-F101-4A29-BA71-472AD7A315F2}.Debug|x64.ActiveCfg = Debug|x64
		{7423BAB0-F101-4A29-BA71-472AD7A315F2}.Debug|x64.Build.0 = Debug|x64
		{7423BAB0-F101-4A29-BA71-472AD7A315F2}.Debug|x86.ActiveCfg = Debug|Win32
		{7423BAB0-F101-4A29-BA71-472AD7A315F2}.Debug|x86.Build.0 = Debug|Win32
		{7423BAB0-F101-4A29-BA71-472AD7A315F2}.Release|x64.ActiveCfg = Release|x64
		{7423BAB0-F101-4A29-BA71-472AD7A315F2}.Release|x64.Build.0 = Release|x64
		{7423BAB0-F101-4A29-BA71-472AD7A315F2}.Release|x86.ActiveCfg = Release|Win32
		{7423BAB0-F101-4A29-BA71-472AD7A315F2}.Release|x86.Build.0 = Release|Win32
		{DE4CD9D3-0E3A-4FBC-8B76-FBE61EA7E918}.Debug|x64.ActiveCfg = Debug|x64
		{DE4CD9D3-0E3A-4FBC-8B76-FBE61EA7E918}.Debug|x64.Build.0 = Debug|x64
		{DE4CD9D3-0E3A-4FBC-8B76-FBE61EA7E918}.Debug|x86.ActiveCfg = Debug|Win32
		{DE4CD9D3-0E3A-4FBC-8B76-FBE61EA7E918}.Debug|x86.Build.0 = Debug|Win32
		{DE4CD9D3-0E3A-4FBC-8B76-FBE61EA7E918}.Release|x64.ActiveCfg = Release|x64
		{DE4CD9D3-0E3A-4FBC-8B76-FBE61EA7E918}.Release|x64.Build.0 = Release|x64
		{DE4CD9D3-0E3A-4FBC-8B76-FBE61EA7E918}.Release|x86.ActiveCfg = Release|Win32
		{DE4CD9D3-0E3A-4FBC-8B76-FBE61EA7E918}.Release|x86.Build.0 = Release|Win32
		{8CD5D602-202C-45E4-A047-7C38C4D308AD}.Debug|x64.ActiveCfg = Debug|x64
		{8CD5D602-202C-45E4-A047-7C38C4D308AD}.Debug|x64.Build.0 = Debug|x64
		{8CD5D602-202C-45E4-A047-7C38C4D308AD}.Debug|x86.ActiveCfg = Debug|Win32
		{8CD5D602-202C-45E4-A047-7C38C4D308AD}.Debug|x86.Build.0 = Debug|Win32
		{8CD5D602-202C-45E4-A047-7C38C4D308AD}.Release|x64.ActiveCfg = Release|x64
		{8CD5D602-202C-45E4-A047-7C38C4D308AD}.Release|x64.Build.0 = Release|x64
		{8CD5D602-202C-45E4-A047-7C38C4D308AD}.Release|x86.ActiveCfg = Release|Win32
		{8CD5D602-202C-45E4-A047-7C38C4D308AD}.Release|x86.Build.0 = Release|Win32
		{675C4FCC-5D8C-45B3-BB4A-7548D3FB27D6}.Debug|x64.ActiveCfg = Debug|x64
		{675C4FCC-5D8C-45B3-BB4A-7548D3FB27D6}.Debug|x64.Build.0 = Debug|x64
		{675C4FCC-5D8C-45B3-BB4A-7548D3FB27D6}.Debug|x86.ActiveCfg = Debug|Win32
		{675C4FCC-5D8C-45B3-BB4A-7548D3FB27D6}.Debug|x86.Build.0 = Debug|Win32
		{675C4FCC-5D8C-45B3-BB4A-7548D3FB27D6}.Release|x64.ActiveCfg = Release|x64
		{675C4FCC-5D8C-45B3-BB4A-7548D3FB27D6}.Release|x64.Build.0 = Release|x64
		{675C4FCC-5D8C-45B3-BB4A-7548D3FB27D6}.Release|x86.ActiveCfg = Release|Win32
		{675C4FCC-5D8C-45B3-BB4A-7548D3FB27D6}.Release|x86.Build.0 = Release|Win32
		{C57B5130-FDEF-470B-8574-AFE1C8D25600}.Debug|x64.ActiveCfg = Debug|x64
		{C57B5130-FDEF-470B-8574-AFE1C8D25600}.Debug|x64.Build.0 = Debug|x64
		{C57B5130-FDEF-470B-8574-AFE1C8D25600}.Debug|x86.ActiveCfg = Debug|Win32
		{C57B5130-FDEF-470B-8574-AFE1C8D25600}.Debug|x86.Build.0 = Debug|Win32
		{C57B5130-FDEF-470B-8574-AFE1C8D25600}.Release|x64.ActiveCfg = Release|x64
		{C57B5130-FDEF-470B-8574-AFE1C8D25600}.Release|x64.Build.0 = Release|x64
		{C57B5130-FDEF-470B-8574-AFE1C8D25600}.Release|x86.ActiveCfg = Release|Win32
		{C57B5130-FDEF-470B-8574-AFE1C8D25600}.Release|x86.Build.0 = Release|Win32
		{D0959991-8EAD-4F02-8812-432C1C1944D4}.Debug|x64.ActiveCfg = Debug|x64
		{D0959991-8EAD-4F02-8812-432C1C1944D4}.Debug|x64.Build.0 = Debug|x64
		{D0959991-8EAD-4F02-8812-432C1C1944D4}.Debug|x86.ActiveCfg = Debug|Win32
		{D0959991-8EAD-4F02-8812-432C1C1944D4}.Debug|x86.Build.0 = Debug|Win32
		{D0959991-8EAD-4F02-8812-432C1C1944D4}.Release|x64.ActiveCfg = Release|x64
		{D0959991-8EAD-4F02-8812-432C1C1944D4}.Release|x64.Build.0 = Release|x64
		{D0959991-8EAD-4F02-8812-432C1C1944D4}.Release|x86.ActiveCfg = Release|Win32
		{D0959991-8EAD-4F02-8812-432C1C1944D4}.Release|x86.Build.0 = Release|Win32
		{E9F297EC-2108-41C1-84BC-E145EDB46C0C}.Debug|x64.ActiveCfg = Debug|x64
		{E9F297EC-2108-41C1-84BC-E145EDB46C0C}.Debug|x64.Build.0 = Debug|x64
		{E9F297EC-2108-41C1-84BC-E145EDB46C0C}.Debug|x86.ActiveCfg = Debug|Win32
		{E9F297EC-2108-41C1-84BC-E145EDB46C0C}.Debug|x86.Build.0 = Debug|Win32
		{E9F297EC-2108-41C1-84BC-E145EDB46C0C}.Release|x64.ActiveCfg = Release|x64
		{E9F297EC-2108-41C1-84BC-E145EDB46C0C}.Release|x64.Build.0 = Release|x64
		{E9F297EC-2108-41C1-84BC-E145EDB46C0C}.Release|x86.ActiveCfg = Release|Win32
		{E9F297EC-2108-41C1-84BC-E145EDB46C0C}.Release|x86.Build.0 = Release|Win32
		{C315C6AE-8FDC-4717-A90A-689DE9950F5C}.Debug|x64.ActiveCfg = Debug|x64
		{C315C6AE-8FDC-4717-A90A-689DE9950F5C}.Debug|x64.Build.0 = Debug|x64
		{C315C6AE-8FDC-4717-A90A-689DE9950F5C}.Debug|x86.ActiveCfg = Debug|Win32
		{C315C6AE-8FDC-4717-A90A-689DE9950F5C}.Debug|x86.Build.0 = Debug|Win32
		{C315C6AE-8FDC-4717-A90A-689DE9950F5C}.Release|x64.ActiveCfg = Release|x64
		{C315C6AE-8FDC-4717-A90A-689DE9950F5C}.Release|x64.Build.0 = Release|x64
		{C315C6AE-8FDC-4717-A90A-689DE9950F5C}.Release|x86.ActiveCfg = Release|Win32
		{C315C6AE-8FDC-4717-A90A-689DE9950F5C}.Release|x86.Build.0 = Release|Win32
		{22F2D2F0-F431-4B49-961E-2DFEC789424E}.Debug|x64.ActiveCfg = Debug|x64
		{22F2D2F0-F431-4B49-961E-2DFEC789424E}.Debug|x64.Build.0 = Debug|x64
		{22F2D2F0-F431-4B49-961E-2DFEC789424E}.Debug|x86.ActiveCfg = Debug|Win32
		{22F2D2F0-F431-4B49-961E-2DFEC789424E}.Debug|x86.Build.0 = Debug|Win32
		{22F2D2F0-F431-4B49-961E-2DFEC789424E}.Release|x64.ActiveCfg = Release|x64
		{22F2D2F0-F431-4B49-961E-2DFEC789424E}.Release|x64.Build.0 = Release|x64
		{22F2D2F0-F431-4B49-961E-2DFEC789424E}.Release|x86.ActiveCfg = Release|Win32
		{22F2D2F0-F431-4B49-961E-2DFEC789424E}.Release|x86.Build.0 = Release|Win32
		{69778FCD-24AF-4CC2-AF25-E82797BA20FC}.Debug|x64.ActiveCfg = Debug|x64
		{69778FCD-24AF-4CC2-AF25-E82797BA20FC}.Debug|x64.Build.0 = Debug|x64
		{69778FCD-24AF-4CC2-AF25-E82797BA20FC}.Debug|x86.ActiveCfg = Debug|Win32
		{69778FCD-24AF-4CC2-AF25-E82797BA20FC}.Debug|x86.Build.0 = Debug|Win32
		{69778FCD-24AF-4CC2-AF25-E82797BA20FC}.Release|x64.ActiveCfg = Release|x64
		{69778FCD-24AF-4CC2-AF25-E82797BA20FC}.Release|x64.Build.0 = Release|x64
		{69778FCD-24AF-4CC2-AF25-E82797BA20FC}.Release|x86.ActiveCfg = Release|Win32
		{69778FCD-24AF-4CC2-AF25-E82797BA20FC}.Release|x86.Build.0 = Release|Win32
		{9E7F4713-24C4-4078-8033-19C65A915DED}.Debug|x64.ActiveCfg = Debug|x64
		{9E7F4713-24C4-4078-8033-19C65A915DED}.Debug|x64.Build.0 = Debug|x64
		{9E7F4713-24C4-4078-8033-19C65A915DED}.Debug|x86.ActiveCfg = Debug|Win32
		{9E7F4713-24C4-4078-8033-19C65A915DED}.Debug|x86.Build.0 = Debug|Win32
		{9E7F4713-24C4-4078-8033-19C65A915DED}.Release|x64.ActiveCfg = Release|x64
		{9E7F4713-24C4-4078-8033-19C65A915DED}.Release|x64.Build.0 = Release|x64
		{9E7F4713-24C4-4078-8033-19C65A915DED}.Release|x86.ActiveCfg = Release|Win32
		{9E7F4713-24C4-4078-8033-19C65A915DED}.Release|x86.Build.0 = Release|Win32
		{FE6176D3-A847-4713-AC6B-32E92C74E8BB}.Debug|x64.ActiveCfg = Debug|x64
		{FE6176D3-A847-4713-AC6B-32E92C74E8BB}.Debug|x64.Build.0 = Debug|x64
		{FE6176D3-A847-4713-AC6B-32E92C74E8BB}.Debug|x86.ActiveCfg = Debug|Win32
		{FE6176D3-A847-4713-AC6B-32E92C74E8BB}.Debug|x86.Build.0 = Debug|Win32
		{FE6176D3-A847-4713-AC6B-32E92C74E8BB}.Release|x64.ActiveCfg = Release|x64
		{FE6176D3-A847-4713-AC6B-32E92C74E8BB}.Release|x64.Build.0 = Release|x64
		{FE6176D3-A847-4713-AC6B-32E92C74E8BB}.Release|x86.ActiveCfg = Release|Win32
		{FE6176D3-A847-4713-AC6B-32E92C74E8BB}.Release|x86.Build.0 = Release|Win32
	EndGlobalSection
	GlobalSection(SolutionProperties) = preSolution
		HideSolutionNode = FALSE
	EndGlobalSection
	GlobalSection(ExtensibilityGlobals) = postSolution
		SolutionGuid = {11E46D7F-F0BC-41C5-9875-AD14C27244D2}
	EndGlobalSection
EndGlobal
