
Microsoft Visual Studio Solution File, Format Version 12.00
# Visual Studio Version 17
VisualStudioVersion = 17.7.34202.233
MinimumVisualStudioVersion = 10.0.40219.1
Project("{8BC9CEB8-8B4A-11D0-8D11-00A0C91BC942}") = "bai2", "bai2\bai2.vcxproj", "{C320D1B8-CBDA-4614-947F-CE515FFD471B}"
EndProject
Project("{8BC9CEB8-8B4A-11D0-8D11-00A0C91BC942}") = "bai8", "bai8\bai8.vcxproj", "{7D5A143A-F68B-49CD-BC3B-41F8BBCD2016}"
EndProject
Project("{8BC9CEB8-8B4A-11D0-8D11-00A0C91BC942}") = "bai14", "bai14\bai14.vcxproj", "{B9FB7696-E929-4E78-9C10-88D918C9E2DC}"
EndProject
Project("{8BC9CEB8-8B4A-11D0-8D11-00A0C91BC942}") = "bai20", "bai20\bai20.vcxproj", "{807D9E13-AB63-47A4-8C8B-F2E4692ED411}"
EndProject
Project("{8BC9CEB8-8B4A-11D0-8D11-00A0C91BC942}") = "bai26", "bai26\bai26.vcxproj", "{F078AC5C-8CF8-4171-B449-9C271563C231}"
EndProject
Project("{8BC9CEB8-8B4A-11D0-8D11-00A0C91BC942}") = "bai32", "bai32\bai32.vcxproj", "{4E8631F2-7EBF-4944-ABAD-FEB25E564E8C}"
EndProject
Project("{8BC9CEB8-8B4A-11D0-8D11-00A0C91BC942}") = "bai38", "bai38\bai38.vcxproj", "{2E6AA583-63F7-4C77-9C58-1769FE89D3E5}"
EndProject
Project("{8BC9CEB8-8B4A-11D0-8D11-00A0C91BC942}") = "bai44", "bai44\bai44.vcxproj", "{29DB0785-8AEF-490E-8756-AB7E82BDF1BC}"
EndProject
Project("{8BC9CEB8-8B4A-11D0-8D11-00A0C91BC942}") = "bai50", "bai50\bai50.vcxproj", "{89FC0B7B-4135-4BE7-9ED3-AE0089CB11DA}"
EndProject
Project("{8BC9CEB8-8B4A-11D0-8D11-00A0C91BC942}") = "bai56", "bai56\bai56.vcxproj", "{19104185-5282-4B64-A06B-5C562928EFDD}"
EndProject
Project("{8BC9CEB8-8B4A-11D0-8D11-00A0C91BC942}") = "bai62", "bai62\bai62.vcxproj", "{A0816CF2-F7F5-41E8-86B5-A09BFD99EEF9}"
EndProject
Project("{8BC9CEB8-8B4A-11D0-8D11-00A0C91BC942}") = "bai68", "bai68\bai68.vcxproj", "{00C77543-0EE1-4792-9DED-14DE033A047C}"
EndProject
Project("{8BC9CEB8-8B4A-11D0-8D11-00A0C91BC942}") = "bai74", "bai74\bai74.vcxproj", "{63331BDE-11DC-40EA-A7BD-E5BC193E43C6}"
EndProject
Project("{8BC9CEB8-8B4A-11D0-8D11-00A0C91BC942}") = "bai80", "bai80\bai80.vcxproj", "{EF43A50D-B3D7-492E-8E8F-77CFA9B24FF3}"
EndProject
Project("{8BC9CEB8-8B4A-11D0-8D11-00A0C91BC942}") = "bai86", "bai86\bai86.vcxproj", "{4E6EA9BC-8D84-425F-8236-5264992C1E27}"
EndProject
Project("{8BC9CEB8-8B4A-11D0-8D11-00A0C91BC942}") = "bai92", "bai92\bai92.vcxproj", "{57D25122-C4C3-4FDD-AF53-B4BCB5C491DE}"
EndProject
Project("{8BC9CEB8-8B4A-11D0-8D11-00A0C91BC942}") = "bai98", "bai98\bai98.vcxproj", "{B836C40A-9756-49F1-BA34-9EAA4FF025BB}"
EndProject
Project("{8BC9CEB8-8B4A-11D0-8D11-00A0C91BC942}") = "bai104", "bai104\bai104.vcxproj", "{8926ABFF-39F2-42D3-B037-4ACDCC5B1C31}"
EndProject
Project("{8BC9CEB8-8B4A-11D0-8D11-00A0C91BC942}") = "bai110", "bai110\bai110.vcxproj", "{1DF08354-DCE7-4702-A16F-105810D98EEA}"
EndProject
Project("{8BC9CEB8-8B4A-11D0-8D11-00A0C91BC942}") = "bai116", "bai116\bai116.vcxproj", "{EEE795BF-BE02-4D46-917A-F5C848C3DA5E}"
EndProject
Project("{8BC9CEB8-8B4A-11D0-8D11-00A0C91BC942}") = "bai122", "bai122\bai122.vcxproj", "{F87B6308-C176-4611-B592-32BB634ECBF8}"
EndProject
Project("{8BC9CEB8-8B4A-11D0-8D11-00A0C91BC942}") = "bai128", "bai128\bai128.vcxproj", "{22F4F4BE-D6BA-462B-993D-4AB1A9907F0C}"
EndProject
Project("{8BC9CEB8-8B4A-11D0-8D11-00A0C91BC942}") = "bai134", "bai134\bai134.vcxproj", "{670C5473-A12E-48DC-8D9A-2C026D172758}"
EndProject
Project("{8BC9CEB8-8B4A-11D0-8D11-00A0C91BC942}") = "bai140", "bai140\bai140.vcxproj", "{36201BF1-F156-4B8A-9E02-1751C44EEE8D}"
EndProject
Project("{8BC9CEB8-8B4A-11D0-8D11-00A0C91BC942}") = "bai146", "bai146\bai146.vcxproj", "{BD3DAC9E-BF7D-4388-A271-20E5315282B1}"
EndProject
Project("{8BC9CEB8-8B4A-11D0-8D11-00A0C91BC942}") = "bai152", "bai152\bai152.vcxproj", "{BF63C5F7-5C48-4E51-8736-1BADD01A0D4B}"
EndProject
Project("{8BC9CEB8-8B4A-11D0-8D11-00A0C91BC942}") = "bai158", "bai158\bai158.vcxproj", "{FCDB9CF5-BDD2-4EA9-8A5E-1D511D254C44}"
EndProject
Project("{8BC9CEB8-8B4A-11D0-8D11-00A0C91BC942}") = "bai164", "bai164\bai164.vcxproj", "{68DCDA64-D954-4237-A288-2EFF44DE326B}"
EndProject
Project("{8BC9CEB8-8B4A-11D0-8D11-00A0C91BC942}") = "bai170", "bai170\bai170.vcxproj", "{19AEF13E-021A-4A2C-818E-DCA043D382E2}"
EndProject
Global
	GlobalSection(SolutionConfigurationPlatforms) = preSolution
		Debug|x64 = Debug|x64
		Debug|x86 = Debug|x86
		Release|x64 = Release|x64
		Release|x86 = Release|x86
	EndGlobalSection
	GlobalSection(ProjectConfigurationPlatforms) = postSolution
		{C320D1B8-CBDA-4614-947F-CE515FFD471B}.Debug|x64.ActiveCfg = Debug|x64
		{C320D1B8-CBDA-4614-947F-CE515FFD471B}.Debug|x64.Build.0 = Debug|x64
		{C320D1B8-CBDA-4614-947F-CE515FFD471B}.Debug|x86.ActiveCfg = Debug|Win32
		{C320D1B8-CBDA-4614-947F-CE515FFD471B}.Debug|x86.Build.0 = Debug|Win32
		{C320D1B8-CBDA-4614-947F-CE515FFD471B}.Release|x64.ActiveCfg = Release|x64
		{C320D1B8-CBDA-4614-947F-CE515FFD471B}.Release|x64.Build.0 = Release|x64
		{C320D1B8-CBDA-4614-947F-CE515FFD471B}.Release|x86.ActiveCfg = Release|Win32
		{C320D1B8-CBDA-4614-947F-CE515FFD471B}.Release|x86.Build.0 = Release|Win32
		{7D5A143A-F68B-49CD-BC3B-41F8BBCD2016}.Debug|x64.ActiveCfg = Debug|x64
		{7D5A143A-F68B-49CD-BC3B-41F8BBCD2016}.Debug|x64.Build.0 = Debug|x64
		{7D5A143A-F68B-49CD-BC3B-41F8BBCD2016}.Debug|x86.ActiveCfg = Debug|Win32
		{7D5A143A-F68B-49CD-BC3B-41F8BBCD2016}.Debug|x86.Build.0 = Debug|Win32
		{7D5A143A-F68B-49CD-BC3B-41F8BBCD2016}.Release|x64.ActiveCfg = Release|x64
		{7D5A143A-F68B-49CD-BC3B-41F8BBCD2016}.Release|x64.Build.0 = Release|x64
		{7D5A143A-F68B-49CD-BC3B-41F8BBCD2016}.Release|x86.ActiveCfg = Release|Win32
		{7D5A143A-F68B-49CD-BC3B-41F8BBCD2016}.Release|x86.Build.0 = Release|Win32
		{B9FB7696-E929-4E78-9C10-88D918C9E2DC}.Debug|x64.ActiveCfg = Debug|x64
		{B9FB7696-E929-4E78-9C10-88D918C9E2DC}.Debug|x64.Build.0 = Debug|x64
		{B9FB7696-E929-4E78-9C10-88D918C9E2DC}.Debug|x86.ActiveCfg = Debug|Win32
		{B9FB7696-E929-4E78-9C10-88D918C9E2DC}.Debug|x86.Build.0 = Debug|Win32
		{B9FB7696-E929-4E78-9C10-88D918C9E2DC}.Release|x64.ActiveCfg = Release|x64
		{B9FB7696-E929-4E78-9C10-88D918C9E2DC}.Release|x64.Build.0 = Release|x64
		{B9FB7696-E929-4E78-9C10-88D918C9E2DC}.Release|x86.ActiveCfg = Release|Win32
		{B9FB7696-E929-4E78-9C10-88D918C9E2DC}.Release|x86.Build.0 = Release|Win32
		{807D9E13-AB63-47A4-8C8B-F2E4692ED411}.Debug|x64.ActiveCfg = Debug|x64
		{807D9E13-AB63-47A4-8C8B-F2E4692ED411}.Debug|x64.Build.0 = Debug|x64
		{807D9E13-AB63-47A4-8C8B-F2E4692ED411}.Debug|x86.ActiveCfg = Debug|Win32
		{807D9E13-AB63-47A4-8C8B-F2E4692ED411}.Debug|x86.Build.0 = Debug|Win32
		{807D9E13-AB63-47A4-8C8B-F2E4692ED411}.Release|x64.ActiveCfg = Release|x64
		{807D9E13-AB63-47A4-8C8B-F2E4692ED411}.Release|x64.Build.0 = Release|x64
		{807D9E13-AB63-47A4-8C8B-F2E4692ED411}.Release|x86.ActiveCfg = Release|Win32
		{807D9E13-AB63-47A4-8C8B-F2E4692ED411}.Release|x86.Build.0 = Release|Win32
		{F078AC5C-8CF8-4171-B449-9C271563C231}.Debug|x64.ActiveCfg = Debug|x64
		{F078AC5C-8CF8-4171-B449-9C271563C231}.Debug|x64.Build.0 = Debug|x64
		{F078AC5C-8CF8-4171-B449-9C271563C231}.Debug|x86.ActiveCfg = Debug|Win32
		{F078AC5C-8CF8-4171-B449-9C271563C231}.Debug|x86.Build.0 = Debug|Win32
		{F078AC5C-8CF8-4171-B449-9C271563C231}.Release|x64.ActiveCfg = Release|x64
		{F078AC5C-8CF8-4171-B449-9C271563C231}.Release|x64.Build.0 = Release|x64
		{F078AC5C-8CF8-4171-B449-9C271563C231}.Release|x86.ActiveCfg = Release|Win32
		{F078AC5C-8CF8-4171-B449-9C271563C231}.Release|x86.Build.0 = Release|Win32
		{4E8631F2-7EBF-4944-ABAD-FEB25E564E8C}.Debug|x64.ActiveCfg = Debug|x64
		{4E8631F2-7EBF-4944-ABAD-FEB25E564E8C}.Debug|x64.Build.0 = Debug|x64
		{4E8631F2-7EBF-4944-ABAD-FEB25E564E8C}.Debug|x86.ActiveCfg = Debug|Win32
		{4E8631F2-7EBF-4944-ABAD-FEB25E564E8C}.Debug|x86.Build.0 = Debug|Win32
		{4E8631F2-7EBF-4944-ABAD-FEB25E564E8C}.Release|x64.ActiveCfg = Release|x64
		{4E8631F2-7EBF-4944-ABAD-FEB25E564E8C}.Release|x64.Build.0 = Release|x64
		{4E8631F2-7EBF-4944-ABAD-FEB25E564E8C}.Release|x86.ActiveCfg = Release|Win32
		{4E8631F2-7EBF-4944-ABAD-FEB25E564E8C}.Release|x86.Build.0 = Release|Win32
		{2E6AA583-63F7-4C77-9C58-1769FE89D3E5}.Debug|x64.ActiveCfg = Debug|x64
		{2E6AA583-63F7-4C77-9C58-1769FE89D3E5}.Debug|x64.Build.0 = Debug|x64
		{2E6AA583-63F7-4C77-9C58-1769FE89D3E5}.Debug|x86.ActiveCfg = Debug|Win32
		{2E6AA583-63F7-4C77-9C58-1769FE89D3E5}.Debug|x86.Build.0 = Debug|Win32
		{2E6AA583-63F7-4C77-9C58-1769FE89D3E5}.Release|x64.ActiveCfg = Release|x64
		{2E6AA583-63F7-4C77-9C58-1769FE89D3E5}.Release|x64.Build.0 = Release|x64
		{2E6AA583-63F7-4C77-9C58-1769FE89D3E5}.Release|x86.ActiveCfg = Release|Win32
		{2E6AA583-63F7-4C77-9C58-1769FE89D3E5}.Release|x86.Build.0 = Release|Win32
		{29DB0785-8AEF-490E-8756-AB7E82BDF1BC}.Debug|x64.ActiveCfg = Debug|x64
		{29DB0785-8AEF-490E-8756-AB7E82BDF1BC}.Debug|x64.Build.0 = Debug|x64
		{29DB0785-8AEF-490E-8756-AB7E82BDF1BC}.Debug|x86.ActiveCfg = Debug|Win32
		{29DB0785-8AEF-490E-8756-AB7E82BDF1BC}.Debug|x86.Build.0 = Debug|Win32
		{29DB0785-8AEF-490E-8756-AB7E82BDF1BC}.Release|x64.ActiveCfg = Release|x64
		{29DB0785-8AEF-490E-8756-AB7E82BDF1BC}.Release|x64.Build.0 = Release|x64
		{29DB0785-8AEF-490E-8756-AB7E82BDF1BC}.Release|x86.ActiveCfg = Release|Win32
		{29DB0785-8AEF-490E-8756-AB7E82BDF1BC}.Release|x86.Build.0 = Release|Win32
		{89FC0B7B-4135-4BE7-9ED3-AE0089CB11DA}.Debug|x64.ActiveCfg = Debug|x64
		{89FC0B7B-4135-4BE7-9ED3-AE0089CB11DA}.Debug|x64.Build.0 = Debug|x64
		{89FC0B7B-4135-4BE7-9ED3-AE0089CB11DA}.Debug|x86.ActiveCfg = Debug|Win32
		{89FC0B7B-4135-4BE7-9ED3-AE0089CB11DA}.Debug|x86.Build.0 = Debug|Win32
		{89FC0B7B-4135-4BE7-9ED3-AE0089CB11DA}.Release|x64.ActiveCfg = Release|x64
		{89FC0B7B-4135-4BE7-9ED3-AE0089CB11DA}.Release|x64.Build.0 = Release|x64
		{89FC0B7B-4135-4BE7-9ED3-AE0089CB11DA}.Release|x86.ActiveCfg = Release|Win32
		{89FC0B7B-4135-4BE7-9ED3-AE0089CB11DA}.Release|x86.Build.0 = Release|Win32
		{19104185-5282-4B64-A06B-5C562928EFDD}.Debug|x64.ActiveCfg = Debug|x64
		{19104185-5282-4B64-A06B-5C562928EFDD}.Debug|x64.Build.0 = Debug|x64
		{19104185-5282-4B64-A06B-5C562928EFDD}.Debug|x86.ActiveCfg = Debug|Win32
		{19104185-5282-4B64-A06B-5C562928EFDD}.Debug|x86.Build.0 = Debug|Win32
		{19104185-5282-4B64-A06B-5C562928EFDD}.Release|x64.ActiveCfg = Release|x64
		{19104185-5282-4B64-A06B-5C562928EFDD}.Release|x64.Build.0 = Release|x64
		{19104185-5282-4B64-A06B-5C562928EFDD}.Release|x86.ActiveCfg = Release|Win32
		{19104185-5282-4B64-A06B-5C562928EFDD}.Release|x86.Build.0 = Release|Win32
		{A0816CF2-F7F5-41E8-86B5-A09BFD99EEF9}.Debug|x64.ActiveCfg = Debug|x64
		{A0816CF2-F7F5-41E8-86B5-A09BFD99EEF9}.Debug|x64.Build.0 = Debug|x64
		{A0816CF2-F7F5-41E8-86B5-A09BFD99EEF9}.Debug|x86.ActiveCfg = Debug|Win32
		{A0816CF2-F7F5-41E8-86B5-A09BFD99EEF9}.Debug|x86.Build.0 = Debug|Win32
		{A0816CF2-F7F5-41E8-86B5-A09BFD99EEF9}.Release|x64.ActiveCfg = Release|x64
		{A0816CF2-F7F5-41E8-86B5-A09BFD99EEF9}.Release|x64.Build.0 = Release|x64
		{A0816CF2-F7F5-41E8-86B5-A09BFD99EEF9}.Release|x86.ActiveCfg = Release|Win32
		{A0816CF2-F7F5-41E8-86B5-A09BFD99EEF9}.Release|x86.Build.0 = Release|Win32
		{00C77543-0EE1-4792-9DED-14DE033A047C}.Debug|x64.ActiveCfg = Debug|x64
		{00C77543-0EE1-4792-9DED-14DE033A047C}.Debug|x64.Build.0 = Debug|x64
		{00C77543-0EE1-4792-9DED-14DE033A047C}.Debug|x86.ActiveCfg = Debug|Win32
		{00C77543-0EE1-4792-9DED-14DE033A047C}.Debug|x86.Build.0 = Debug|Win32
		{00C77543-0EE1-4792-9DED-14DE033A047C}.Release|x64.ActiveCfg = Release|x64
		{00C77543-0EE1-4792-9DED-14DE033A047C}.Release|x64.Build.0 = Release|x64
		{00C77543-0EE1-4792-9DED-14DE033A047C}.Release|x86.ActiveCfg = Release|Win32
		{00C77543-0EE1-4792-9DED-14DE033A047C}.Release|x86.Build.0 = Release|Win32
		{63331BDE-11DC-40EA-A7BD-E5BC193E43C6}.Debug|x64.ActiveCfg = Debug|x64
		{63331BDE-11DC-40EA-A7BD-E5BC193E43C6}.Debug|x64.Build.0 = Debug|x64
		{63331BDE-11DC-40EA-A7BD-E5BC193E43C6}.Debug|x86.ActiveCfg = Debug|Win32
		{63331BDE-11DC-40EA-A7BD-E5BC193E43C6}.Debug|x86.Build.0 = Debug|Win32
		{63331BDE-11DC-40EA-A7BD-E5BC193E43C6}.Release|x64.ActiveCfg = Release|x64
		{63331BDE-11DC-40EA-A7BD-E5BC193E43C6}.Release|x64.Build.0 = Release|x64
		{63331BDE-11DC-40EA-A7BD-E5BC193E43C6}.Release|x86.ActiveCfg = Release|Win32
		{63331BDE-11DC-40EA-A7BD-E5BC193E43C6}.Release|x86.Build.0 = Release|Win32
		{EF43A50D-B3D7-492E-8E8F-77CFA9B24FF3}.Debug|x64.ActiveCfg = Debug|x64
		{EF43A50D-B3D7-492E-8E8F-77CFA9B24FF3}.Debug|x64.Build.0 = Debug|x64
		{EF43A50D-B3D7-492E-8E8F-77CFA9B24FF3}.Debug|x86.ActiveCfg = Debug|Win32
		{EF43A50D-B3D7-492E-8E8F-77CFA9B24FF3}.Debug|x86.Build.0 = Debug|Win32
		{EF43A50D-B3D7-492E-8E8F-77CFA9B24FF3}.Release|x64.ActiveCfg = Release|x64
		{EF43A50D-B3D7-492E-8E8F-77CFA9B24FF3}.Release|x64.Build.0 = Release|x64
		{EF43A50D-B3D7-492E-8E8F-77CFA9B24FF3}.Release|x86.ActiveCfg = Release|Win32
		{EF43A50D-B3D7-492E-8E8F-77CFA9B24FF3}.Release|x86.Build.0 = Release|Win32
		{4E6EA9BC-8D84-425F-8236-5264992C1E27}.Debug|x64.ActiveCfg = Debug|x64
		{4E6EA9BC-8D84-425F-8236-5264992C1E27}.Debug|x64.Build.0 = Debug|x64
		{4E6EA9BC-8D84-425F-8236-5264992C1E27}.Debug|x86.ActiveCfg = Debug|Win32
		{4E6EA9BC-8D84-425F-8236-5264992C1E27}.Debug|x86.Build.0 = Debug|Win32
		{4E6EA9BC-8D84-425F-8236-5264992C1E27}.Release|x64.ActiveCfg = Release|x64
		{4E6EA9BC-8D84-425F-8236-5264992C1E27}.Release|x64.Build.0 = Release|x64
		{4E6EA9BC-8D84-425F-8236-5264992C1E27}.Release|x86.ActiveCfg = Release|Win32
		{4E6EA9BC-8D84-425F-8236-5264992C1E27}.Release|x86.Build.0 = Release|Win32
		{57D25122-C4C3-4FDD-AF53-B4BCB5C491DE}.Debug|x64.ActiveCfg = Debug|x64
		{57D25122-C4C3-4FDD-AF53-B4BCB5C491DE}.Debug|x64.Build.0 = Debug|x64
		{57D25122-C4C3-4FDD-AF53-B4BCB5C491DE}.Debug|x86.ActiveCfg = Debug|Win32
		{57D25122-C4C3-4FDD-AF53-B4BCB5C491DE}.Debug|x86.Build.0 = Debug|Win32
		{57D25122-C4C3-4FDD-AF53-B4BCB5C491DE}.Release|x64.ActiveCfg = Release|x64
		{57D25122-C4C3-4FDD-AF53-B4BCB5C491DE}.Release|x64.Build.0 = Release|x64
		{57D25122-C4C3-4FDD-AF53-B4BCB5C491DE}.Release|x86.ActiveCfg = Release|Win32
		{57D25122-C4C3-4FDD-AF53-B4BCB5C491DE}.Release|x86.Build.0 = Release|Win32
		{B836C40A-9756-49F1-BA34-9EAA4FF025BB}.Debug|x64.ActiveCfg = Debug|x64
		{B836C40A-9756-49F1-BA34-9EAA4FF025BB}.Debug|x64.Build.0 = Debug|x64
		{B836C40A-9756-49F1-BA34-9EAA4FF025BB}.Debug|x86.ActiveCfg = Debug|Win32
		{B836C40A-9756-49F1-BA34-9EAA4FF025BB}.Debug|x86.Build.0 = Debug|Win32
		{B836C40A-9756-49F1-BA34-9EAA4FF025BB}.Release|x64.ActiveCfg = Release|x64
		{B836C40A-9756-49F1-BA34-9EAA4FF025BB}.Release|x64.Build.0 = Release|x64
		{B836C40A-9756-49F1-BA34-9EAA4FF025BB}.Release|x86.ActiveCfg = Release|Win32
		{B836C40A-9756-49F1-BA34-9EAA4FF025BB}.Release|x86.Build.0 = Release|Win32
		{8926ABFF-39F2-42D3-B037-4ACDCC5B1C31}.Debug|x64.ActiveCfg = Debug|x64
		{8926ABFF-39F2-42D3-B037-4ACDCC5B1C31}.Debug|x64.Build.0 = Debug|x64
		{8926ABFF-39F2-42D3-B037-4ACDCC5B1C31}.Debug|x86.ActiveCfg = Debug|Win32
		{8926ABFF-39F2-42D3-B037-4ACDCC5B1C31}.Debug|x86.Build.0 = Debug|Win32
		{8926ABFF-39F2-42D3-B037-4ACDCC5B1C31}.Release|x64.ActiveCfg = Release|x64
		{8926ABFF-39F2-42D3-B037-4ACDCC5B1C31}.Release|x64.Build.0 = Release|x64
		{8926ABFF-39F2-42D3-B037-4ACDCC5B1C31}.Release|x86.ActiveCfg = Release|Win32
		{8926ABFF-39F2-42D3-B037-4ACDCC5B1C31}.Release|x86.Build.0 = Release|Win32
		{1DF08354-DCE7-4702-A16F-105810D98EEA}.Debug|x64.ActiveCfg = Debug|x64
		{1DF08354-DCE7-4702-A16F-105810D98EEA}.Debug|x64.Build.0 = Debug|x64
		{1DF08354-DCE7-4702-A16F-105810D98EEA}.Debug|x86.ActiveCfg = Debug|Win32
		{1DF08354-DCE7-4702-A16F-105810D98EEA}.Debug|x86.Build.0 = Debug|Win32
		{1DF08354-DCE7-4702-A16F-105810D98EEA}.Release|x64.ActiveCfg = Release|x64
		{1DF08354-DCE7-4702-A16F-105810D98EEA}.Release|x64.Build.0 = Release|x64
		{1DF08354-DCE7-4702-A16F-105810D98EEA}.Release|x86.ActiveCfg = Release|Win32
		{1DF08354-DCE7-4702-A16F-105810D98EEA}.Release|x86.Build.0 = Release|Win32
		{EEE795BF-BE02-4D46-917A-F5C848C3DA5E}.Debug|x64.ActiveCfg = Debug|x64
		{EEE795BF-BE02-4D46-917A-F5C848C3DA5E}.Debug|x64.Build.0 = Debug|x64
		{EEE795BF-BE02-4D46-917A-F5C848C3DA5E}.Debug|x86.ActiveCfg = Debug|Win32
		{EEE795BF-BE02-4D46-917A-F5C848C3DA5E}.Debug|x86.Build.0 = Debug|Win32
		{EEE795BF-BE02-4D46-917A-F5C848C3DA5E}.Release|x64.ActiveCfg = Release|x64
		{EEE795BF-BE02-4D46-917A-F5C848C3DA5E}.Release|x64.Build.0 = Release|x64
		{EEE795BF-BE02-4D46-917A-F5C848C3DA5E}.Release|x86.ActiveCfg = Release|Win32
		{EEE795BF-BE02-4D46-917A-F5C848C3DA5E}.Release|x86.Build.0 = Release|Win32
		{F87B6308-C176-4611-B592-32BB634ECBF8}.Debug|x64.ActiveCfg = Debug|x64
		{F87B6308-C176-4611-B592-32BB634ECBF8}.Debug|x64.Build.0 = Debug|x64
		{F87B6308-C176-4611-B592-32BB634ECBF8}.Debug|x86.ActiveCfg = Debug|Win32
		{F87B6308-C176-4611-B592-32BB634ECBF8}.Debug|x86.Build.0 = Debug|Win32
		{F87B6308-C176-4611-B592-32BB634ECBF8}.Release|x64.ActiveCfg = Release|x64
		{F87B6308-C176-4611-B592-32BB634ECBF8}.Release|x64.Build.0 = Release|x64
		{F87B6308-C176-4611-B592-32BB634ECBF8}.Release|x86.ActiveCfg = Release|Win32
		{F87B6308-C176-4611-B592-32BB634ECBF8}.Release|x86.Build.0 = Release|Win32
		{22F4F4BE-D6BA-462B-993D-4AB1A9907F0C}.Debug|x64.ActiveCfg = Debug|x64
		{22F4F4BE-D6BA-462B-993D-4AB1A9907F0C}.Debug|x64.Build.0 = Debug|x64
		{22F4F4BE-D6BA-462B-993D-4AB1A9907F0C}.Debug|x86.ActiveCfg = Debug|Win32
		{22F4F4BE-D6BA-462B-993D-4AB1A9907F0C}.Debug|x86.Build.0 = Debug|Win32
		{22F4F4BE-D6BA-462B-993D-4AB1A9907F0C}.Release|x64.ActiveCfg = Release|x64
		{22F4F4BE-D6BA-462B-993D-4AB1A9907F0C}.Release|x64.Build.0 = Release|x64
		{22F4F4BE-D6BA-462B-993D-4AB1A9907F0C}.Release|x86.ActiveCfg = Release|Win32
		{22F4F4BE-D6BA-462B-993D-4AB1A9907F0C}.Release|x86.Build.0 = Release|Win32
		{670C5473-A12E-48DC-8D9A-2C026D172758}.Debug|x64.ActiveCfg = Debug|x64
		{670C5473-A12E-48DC-8D9A-2C026D172758}.Debug|x64.Build.0 = Debug|x64
		{670C5473-A12E-48DC-8D9A-2C026D172758}.Debug|x86.ActiveCfg = Debug|Win32
		{670C5473-A12E-48DC-8D9A-2C026D172758}.Debug|x86.Build.0 = Debug|Win32
		{670C5473-A12E-48DC-8D9A-2C026D172758}.Release|x64.ActiveCfg = Release|x64
		{670C5473-A12E-48DC-8D9A-2C026D172758}.Release|x64.Build.0 = Release|x64
		{670C5473-A12E-48DC-8D9A-2C026D172758}.Release|x86.ActiveCfg = Release|Win32
		{670C5473-A12E-48DC-8D9A-2C026D172758}.Release|x86.Build.0 = Release|Win32
		{36201BF1-F156-4B8A-9E02-1751C44EEE8D}.Debug|x64.ActiveCfg = Debug|x64
		{36201BF1-F156-4B8A-9E02-1751C44EEE8D}.Debug|x64.Build.0 = Debug|x64
		{36201BF1-F156-4B8A-9E02-1751C44EEE8D}.Debug|x86.ActiveCfg = Debug|Win32
		{36201BF1-F156-4B8A-9E02-1751C44EEE8D}.Debug|x86.Build.0 = Debug|Win32
		{36201BF1-F156-4B8A-9E02-1751C44EEE8D}.Release|x64.ActiveCfg = Release|x64
		{36201BF1-F156-4B8A-9E02-1751C44EEE8D}.Release|x64.Build.0 = Release|x64
		{36201BF1-F156-4B8A-9E02-1751C44EEE8D}.Release|x86.ActiveCfg = Release|Win32
		{36201BF1-F156-4B8A-9E02-1751C44EEE8D}.Release|x86.Build.0 = Release|Win32
		{BD3DAC9E-BF7D-4388-A271-20E5315282B1}.Debug|x64.ActiveCfg = Debug|x64
		{BD3DAC9E-BF7D-4388-A271-20E5315282B1}.Debug|x64.Build.0 = Debug|x64
		{BD3DAC9E-BF7D-4388-A271-20E5315282B1}.Debug|x86.ActiveCfg = Debug|Win32
		{BD3DAC9E-BF7D-4388-A271-20E5315282B1}.Debug|x86.Build.0 = Debug|Win32
		{BD3DAC9E-BF7D-4388-A271-20E5315282B1}.Release|x64.ActiveCfg = Release|x64
		{BD3DAC9E-BF7D-4388-A271-20E5315282B1}.Release|x64.Build.0 = Release|x64
		{BD3DAC9E-BF7D-4388-A271-20E5315282B1}.Release|x86.ActiveCfg = Release|Win32
		{BD3DAC9E-BF7D-4388-A271-20E5315282B1}.Release|x86.Build.0 = Release|Win32
		{BF63C5F7-5C48-4E51-8736-1BADD01A0D4B}.Debug|x64.ActiveCfg = Debug|x64
		{BF63C5F7-5C48-4E51-8736-1BADD01A0D4B}.Debug|x64.Build.0 = Debug|x64
		{BF63C5F7-5C48-4E51-8736-1BADD01A0D4B}.Debug|x86.ActiveCfg = Debug|Win32
		{BF63C5F7-5C48-4E51-8736-1BADD01A0D4B}.Debug|x86.Build.0 = Debug|Win32
		{BF63C5F7-5C48-4E51-8736-1BADD01A0D4B}.Release|x64.ActiveCfg = Release|x64
		{BF63C5F7-5C48-4E51-8736-1BADD01A0D4B}.Release|x64.Build.0 = Release|x64
		{BF63C5F7-5C48-4E51-8736-1BADD01A0D4B}.Release|x86.ActiveCfg = Release|Win32
		{BF63C5F7-5C48-4E51-8736-1BADD01A0D4B}.Release|x86.Build.0 = Release|Win32
		{FCDB9CF5-BDD2-4EA9-8A5E-1D511D254C44}.Debug|x64.ActiveCfg = Debug|x64
		{FCDB9CF5-BDD2-4EA9-8A5E-1D511D254C44}.Debug|x64.Build.0 = Debug|x64
		{FCDB9CF5-BDD2-4EA9-8A5E-1D511D254C44}.Debug|x86.ActiveCfg = Debug|Win32
		{FCDB9CF5-BDD2-4EA9-8A5E-1D511D254C44}.Debug|x86.Build.0 = Debug|Win32
		{FCDB9CF5-BDD2-4EA9-8A5E-1D511D254C44}.Release|x64.ActiveCfg = Release|x64
		{FCDB9CF5-BDD2-4EA9-8A5E-1D511D254C44}.Release|x64.Build.0 = Release|x64
		{FCDB9CF5-BDD2-4EA9-8A5E-1D511D254C44}.Release|x86.ActiveCfg = Release|Win32
		{FCDB9CF5-BDD2-4EA9-8A5E-1D511D254C44}.Release|x86.Build.0 = Release|Win32
		{68DCDA64-D954-4237-A288-2EFF44DE326B}.Debug|x64.ActiveCfg = Debug|x64
		{68DCDA64-D954-4237-A288-2EFF44DE326B}.Debug|x64.Build.0 = Debug|x64
		{68DCDA64-D954-4237-A288-2EFF44DE326B}.Debug|x86.ActiveCfg = Debug|Win32
		{68DCDA64-D954-4237-A288-2EFF44DE326B}.Debug|x86.Build.0 = Debug|Win32
		{68DCDA64-D954-4237-A288-2EFF44DE326B}.Release|x64.ActiveCfg = Release|x64
		{68DCDA64-D954-4237-A288-2EFF44DE326B}.Release|x64.Build.0 = Release|x64
		{68DCDA64-D954-4237-A288-2EFF44DE326B}.Release|x86.ActiveCfg = Release|Win32
		{68DCDA64-D954-4237-A288-2EFF44DE326B}.Release|x86.Build.0 = Release|Win32
		{19AEF13E-021A-4A2C-818E-DCA043D382E2}.Debug|x64.ActiveCfg = Debug|x64
		{19AEF13E-021A-4A2C-818E-DCA043D382E2}.Debug|x64.Build.0 = Debug|x64
		{19AEF13E-021A-4A2C-818E-DCA043D382E2}.Debug|x86.ActiveCfg = Debug|Win32
		{19AEF13E-021A-4A2C-818E-DCA043D382E2}.Debug|x86.Build.0 = Debug|Win32
		{19AEF13E-021A-4A2C-818E-DCA043D382E2}.Release|x64.ActiveCfg = Release|x64
		{19AEF13E-021A-4A2C-818E-DCA043D382E2}.Release|x64.Build.0 = Release|x64
		{19AEF13E-021A-4A2C-818E-DCA043D382E2}.Release|x86.ActiveCfg = Release|Win32
		{19AEF13E-021A-4A2C-818E-DCA043D382E2}.Release|x86.Build.0 = Release|Win32
	EndGlobalSection
	GlobalSection(SolutionProperties) = preSolution
		HideSolutionNode = FALSE
	EndGlobalSection
	GlobalSection(ExtensibilityGlobals) = postSolution
		SolutionGuid = {6630F004-B378-4E58-B75B-B3421BC3D475}
	EndGlobalSection
EndGlobal
