
Microsoft Visual Studio Solution File, Format Version 12.00
# Visual Studio 15
VisualStudioVersion = 15.0.34031.82
MinimumVisualStudioVersion = 10.0.40219.1
Project("{8BC9CEB8-8B4A-11D0-8D11-00A0C91BC942}") = "Bai003", "Bai003\Bai003.vcxproj", "{F6061BD0-E9B4-4660-BD0A-35AF4831AF29}"
EndProject
Project("{8BC9CEB8-8B4A-11D0-8D11-00A0C91BC942}") = "Bai009", "Bai009\Bai009.vcxproj", "{CDE610BF-0C70-489B-909C-4E7BEBE2C2CB}"
EndProject
Project("{8BC9CEB8-8B4A-11D0-8D11-00A0C91BC942}") = "Bai015", "Bai015\Bai015.vcxproj", "{17CA82D3-6DA9-4527-A710-52457E3B6BAD}"
EndProject
Project("{8BC9CEB8-8B4A-11D0-8D11-00A0C91BC942}") = "Bai021", "Bai021\Bai021.vcxproj", "{7B5E993B-7050-422C-A241-3C92A4F28BE1}"
EndProject
Project("{8BC9CEB8-8B4A-11D0-8D11-00A0C91BC942}") = "Bai027", "Bai027\Bai027.vcxproj", "{3FE27FD7-AB7C-467C-A551-36BE98FF0931}"
EndProject
Project("{8BC9CEB8-8B4A-11D0-8D11-00A0C91BC942}") = "Bai033", "Bai033\Bai033.vcxproj", "{54F1BF88-BC8B-415F-9F5A-CDB75FCDF200}"
EndProject
Project("{8BC9CEB8-8B4A-11D0-8D11-00A0C91BC942}") = "Bai039", "Bai039\Bai039.vcxproj", "{E2AE958F-2216-4D6A-91D3-99348C17FA35}"
EndProject
Project("{8BC9CEB8-8B4A-11D0-8D11-00A0C91BC942}") = "Bai045", "Bai045\Bai045.vcxproj", "{FADE3438-BB2A-450B-9310-A7DD9BC709B1}"
EndProject
Project("{8BC9CEB8-8B4A-11D0-8D11-00A0C91BC942}") = "Bai051", "Bai051\Bai051.vcxproj", "{04602CED-95DB-4B40-8A90-55F4677DD78F}"
EndProject
Project("{8BC9CEB8-8B4A-11D0-8D11-00A0C91BC942}") = "Bai057", "Bai057\Bai057.vcxproj", "{CEC5F4FF-442D-4E21-8814-01D46C15D2C6}"
EndProject
Project("{8BC9CEB8-8B4A-11D0-8D11-00A0C91BC942}") = "Bai063", "Bai063\Bai063.vcxproj", "{601CCB27-40AF-4970-AD35-2A93418A6CC5}"
EndProject
Project("{8BC9CEB8-8B4A-11D0-8D11-00A0C91BC942}") = "Bai069", "Bai069\Bai069.vcxproj", "{FD780403-EAE1-4AE6-A408-5419906646ED}"
EndProject
Project("{8BC9CEB8-8B4A-11D0-8D11-00A0C91BC942}") = "Bai075", "Bai075\Bai075.vcxproj", "{12624991-E401-4E2E-A18B-C87827B79C70}"
EndProject
Project("{8BC9CEB8-8B4A-11D0-8D11-00A0C91BC942}") = "Bai081", "Bai081\Bai081.vcxproj", "{D0BCEC27-2B2A-4477-9417-049CE82B1EA3}"
EndProject
Project("{8BC9CEB8-8B4A-11D0-8D11-00A0C91BC942}") = "Bai087", "Bai087\Bai087.vcxproj", "{E58E03E0-E756-4985-B9CE-F8D38B740414}"
EndProject
Project("{8BC9CEB8-8B4A-11D0-8D11-00A0C91BC942}") = "Bai093", "Bai093\Bai093.vcxproj", "{C28DD9CB-CD61-4FB3-8FC5-E3088986700F}"
EndProject
Project("{8BC9CEB8-8B4A-11D0-8D11-00A0C91BC942}") = "Bai099", "Bai099\Bai099.vcxproj", "{06369E38-D223-4BAF-81F5-F77E4EC6D135}"
EndProject
Project("{8BC9CEB8-8B4A-11D0-8D11-00A0C91BC942}") = "Bai105", "Bai105\Bai105.vcxproj", "{E4FA9780-CBD8-450E-965F-AF1479EFA40D}"
EndProject
Project("{8BC9CEB8-8B4A-11D0-8D11-00A0C91BC942}") = "Bai111", "Bai111\Bai111.vcxproj", "{D5D409BA-1B6C-46EB-8772-0942C511BACF}"
EndProject
Project("{8BC9CEB8-8B4A-11D0-8D11-00A0C91BC942}") = "Bai117", "Bai117\Bai117.vcxproj", "{2362F5A9-34B2-4240-94B9-E5DBE862129A}"
EndProject
Project("{8BC9CEB8-8B4A-11D0-8D11-00A0C91BC942}") = "Bai123", "Bai123\Bai123.vcxproj", "{5797F79B-61D0-4B55-8404-8B0083EADB05}"
EndProject
Project("{8BC9CEB8-8B4A-11D0-8D11-00A0C91BC942}") = "Bai129", "Bai129\Bai129.vcxproj", "{630CBDC2-7BAE-4F1C-A27C-68ECA1BDC033}"
EndProject
Project("{8BC9CEB8-8B4A-11D0-8D11-00A0C91BC942}") = "Bai135", "Bai135\Bai135.vcxproj", "{C3F1782B-15A9-47DE-BEEC-F2F8D67EAB44}"
EndProject
Project("{8BC9CEB8-8B4A-11D0-8D11-00A0C91BC942}") = "Bai141", "Bai141\Bai141.vcxproj", "{9F119B33-5059-4B57-BA5A-1200E8D51539}"
EndProject
Project("{8BC9CEB8-8B4A-11D0-8D11-00A0C91BC942}") = "Bai147", "Bai147\Bai147.vcxproj", "{412E2EAD-43D0-460E-B4F8-0B5546F5FD7F}"
EndProject
Project("{8BC9CEB8-8B4A-11D0-8D11-00A0C91BC942}") = "Bai153", "Bai153\Bai153.vcxproj", "{8FBE97B3-BD0B-4D9D-94F2-6848C065379B}"
EndProject
Project("{8BC9CEB8-8B4A-11D0-8D11-00A0C91BC942}") = "Bai159", "Bai159\Bai159.vcxproj", "{D2676793-869A-47B9-B6FA-F2E9AA19EDD4}"
EndProject
Project("{8BC9CEB8-8B4A-11D0-8D11-00A0C91BC942}") = "Bai165", "Bai165\Bai165.vcxproj", "{2A24C376-43B6-4A11-B3EE-D59F5F12817B}"
EndProject
Project("{8BC9CEB8-8B4A-11D0-8D11-00A0C91BC942}") = "Bai171", "Bai171\Bai171.vcxproj", "{61638DE8-63F0-471C-AD01-CE70F9ACEF58}"
EndProject
Project("{8BC9CEB8-8B4A-11D0-8D11-00A0C91BC942}") = "Bai177", "Bai177\Bai177.vcxproj", "{C0EDCB77-2045-4D76-B220-2D0D8DDB7591}"
EndProject
Project("{8BC9CEB8-8B4A-11D0-8D11-00A0C91BC942}") = "Bai183", "Bai183\Bai183.vcxproj", "{08FA4331-B58F-4CDE-BC2C-EF2ED4361F1A}"
EndProject
Project("{8BC9CEB8-8B4A-11D0-8D11-00A0C91BC942}") = "Bai189", "Bai189\Bai189.vcxproj", "{F467D752-CF58-4B53-BAE1-1575131F0A23}"
EndProject
Global
	GlobalSection(SolutionConfigurationPlatforms) = preSolution
		Debug|x64 = Debug|x64
		Debug|x86 = Debug|x86
		Release|x64 = Release|x64
		Release|x86 = Release|x86
	EndGlobalSection
	GlobalSection(ProjectConfigurationPlatforms) = postSolution
		{F6061BD0-E9B4-4660-BD0A-35AF4831AF29}.Debug|x64.ActiveCfg = Debug|x64
		{F6061BD0-E9B4-4660-BD0A-35AF4831AF29}.Debug|x64.Build.0 = Debug|x64
		{F6061BD0-E9B4-4660-BD0A-35AF4831AF29}.Debug|x86.ActiveCfg = Debug|Win32
		{F6061BD0-E9B4-4660-BD0A-35AF4831AF29}.Debug|x86.Build.0 = Debug|Win32
		{F6061BD0-E9B4-4660-BD0A-35AF4831AF29}.Release|x64.ActiveCfg = Release|x64
		{F6061BD0-E9B4-4660-BD0A-35AF4831AF29}.Release|x64.Build.0 = Release|x64
		{F6061BD0-E9B4-4660-BD0A-35AF4831AF29}.Release|x86.ActiveCfg = Release|Win32
		{F6061BD0-E9B4-4660-BD0A-35AF4831AF29}.Release|x86.Build.0 = Release|Win32
		{CDE610BF-0C70-489B-909C-4E7BEBE2C2CB}.Debug|x64.ActiveCfg = Debug|x64
		{CDE610BF-0C70-489B-909C-4E7BEBE2C2CB}.Debug|x64.Build.0 = Debug|x64
		{CDE610BF-0C70-489B-909C-4E7BEBE2C2CB}.Debug|x86.ActiveCfg = Debug|Win32
		{CDE610BF-0C70-489B-909C-4E7BEBE2C2CB}.Debug|x86.Build.0 = Debug|Win32
		{CDE610BF-0C70-489B-909C-4E7BEBE2C2CB}.Release|x64.ActiveCfg = Release|x64
		{CDE610BF-0C70-489B-909C-4E7BEBE2C2CB}.Release|x64.Build.0 = Release|x64
		{CDE610BF-0C70-489B-909C-4E7BEBE2C2CB}.Release|x86.ActiveCfg = Release|Win32
		{CDE610BF-0C70-489B-909C-4E7BEBE2C2CB}.Release|x86.Build.0 = Release|Win32
		{17CA82D3-6DA9-4527-A710-52457E3B6BAD}.Debug|x64.ActiveCfg = Debug|x64
		{17CA82D3-6DA9-4527-A710-52457E3B6BAD}.Debug|x64.Build.0 = Debug|x64
		{17CA82D3-6DA9-4527-A710-52457E3B6BAD}.Debug|x86.ActiveCfg = Debug|Win32
		{17CA82D3-6DA9-4527-A710-52457E3B6BAD}.Debug|x86.Build.0 = Debug|Win32
		{17CA82D3-6DA9-4527-A710-52457E3B6BAD}.Release|x64.ActiveCfg = Release|x64
		{17CA82D3-6DA9-4527-A710-52457E3B6BAD}.Release|x64.Build.0 = Release|x64
		{17CA82D3-6DA9-4527-A710-52457E3B6BAD}.Release|x86.ActiveCfg = Release|Win32
		{17CA82D3-6DA9-4527-A710-52457E3B6BAD}.Release|x86.Build.0 = Release|Win32
		{7B5E993B-7050-422C-A241-3C92A4F28BE1}.Debug|x64.ActiveCfg = Debug|x64
		{7B5E993B-7050-422C-A241-3C92A4F28BE1}.Debug|x64.Build.0 = Debug|x64
		{7B5E993B-7050-422C-A241-3C92A4F28BE1}.Debug|x86.ActiveCfg = Debug|Win32
		{7B5E993B-7050-422C-A241-3C92A4F28BE1}.Debug|x86.Build.0 = Debug|Win32
		{7B5E993B-7050-422C-A241-3C92A4F28BE1}.Release|x64.ActiveCfg = Release|x64
		{7B5E993B-7050-422C-A241-3C92A4F28BE1}.Release|x64.Build.0 = Release|x64
		{7B5E993B-7050-422C-A241-3C92A4F28BE1}.Release|x86.ActiveCfg = Release|Win32
		{7B5E993B-7050-422C-A241-3C92A4F28BE1}.Release|x86.Build.0 = Release|Win32
		{3FE27FD7-AB7C-467C-A551-36BE98FF0931}.Debug|x64.ActiveCfg = Debug|x64
		{3FE27FD7-AB7C-467C-A551-36BE98FF0931}.Debug|x64.Build.0 = Debug|x64
		{3FE27FD7-AB7C-467C-A551-36BE98FF0931}.Debug|x86.ActiveCfg = Debug|Win32
		{3FE27FD7-AB7C-467C-A551-36BE98FF0931}.Debug|x86.Build.0 = Debug|Win32
		{3FE27FD7-AB7C-467C-A551-36BE98FF0931}.Release|x64.ActiveCfg = Release|x64
		{3FE27FD7-AB7C-467C-A551-36BE98FF0931}.Release|x64.Build.0 = Release|x64
		{3FE27FD7-AB7C-467C-A551-36BE98FF0931}.Release|x86.ActiveCfg = Release|Win32
		{3FE27FD7-AB7C-467C-A551-36BE98FF0931}.Release|x86.Build.0 = Release|Win32
		{54F1BF88-BC8B-415F-9F5A-CDB75FCDF200}.Debug|x64.ActiveCfg = Debug|x64
		{54F1BF88-BC8B-415F-9F5A-CDB75FCDF200}.Debug|x64.Build.0 = Debug|x64
		{54F1BF88-BC8B-415F-9F5A-CDB75FCDF200}.Debug|x86.ActiveCfg = Debug|Win32
		{54F1BF88-BC8B-415F-9F5A-CDB75FCDF200}.Debug|x86.Build.0 = Debug|Win32
		{54F1BF88-BC8B-415F-9F5A-CDB75FCDF200}.Release|x64.ActiveCfg = Release|x64
		{54F1BF88-BC8B-415F-9F5A-CDB75FCDF200}.Release|x64.Build.0 = Release|x64
		{54F1BF88-BC8B-415F-9F5A-CDB75FCDF200}.Release|x86.ActiveCfg = Release|Win32
		{54F1BF88-BC8B-415F-9F5A-CDB75FCDF200}.Release|x86.Build.0 = Release|Win32
		{E2AE958F-2216-4D6A-91D3-99348C17FA35}.Debug|x64.ActiveCfg = Debug|x64
		{E2AE958F-2216-4D6A-91D3-99348C17FA35}.Debug|x64.Build.0 = Debug|x64
		{E2AE958F-2216-4D6A-91D3-99348C17FA35}.Debug|x86.ActiveCfg = Debug|Win32
		{E2AE958F-2216-4D6A-91D3-99348C17FA35}.Debug|x86.Build.0 = Debug|Win32
		{E2AE958F-2216-4D6A-91D3-99348C17FA35}.Release|x64.ActiveCfg = Release|x64
		{E2AE958F-2216-4D6A-91D3-99348C17FA35}.Release|x64.Build.0 = Release|x64
		{E2AE958F-2216-4D6A-91D3-99348C17FA35}.Release|x86.ActiveCfg = Release|Win32
		{E2AE958F-2216-4D6A-91D3-99348C17FA35}.Release|x86.Build.0 = Release|Win32
		{FADE3438-BB2A-450B-9310-A7DD9BC709B1}.Debug|x64.ActiveCfg = Debug|x64
		{FADE3438-BB2A-450B-9310-A7DD9BC709B1}.Debug|x64.Build.0 = Debug|x64
		{FADE3438-BB2A-450B-9310-A7DD9BC709B1}.Debug|x86.ActiveCfg = Debug|Win32
		{FADE3438-BB2A-450B-9310-A7DD9BC709B1}.Debug|x86.Build.0 = Debug|Win32
		{FADE3438-BB2A-450B-9310-A7DD9BC709B1}.Release|x64.ActiveCfg = Release|x64
		{FADE3438-BB2A-450B-9310-A7DD9BC709B1}.Release|x64.Build.0 = Release|x64
		{FADE3438-BB2A-450B-9310-A7DD9BC709B1}.Release|x86.ActiveCfg = Release|Win32
		{FADE3438-BB2A-450B-9310-A7DD9BC709B1}.Release|x86.Build.0 = Release|Win32
		{04602CED-95DB-4B40-8A90-55F4677DD78F}.Debug|x64.ActiveCfg = Debug|x64
		{04602CED-95DB-4B40-8A90-55F4677DD78F}.Debug|x64.Build.0 = Debug|x64
		{04602CED-95DB-4B40-8A90-55F4677DD78F}.Debug|x86.ActiveCfg = Debug|Win32
		{04602CED-95DB-4B40-8A90-55F4677DD78F}.Debug|x86.Build.0 = Debug|Win32
		{04602CED-95DB-4B40-8A90-55F4677DD78F}.Release|x64.ActiveCfg = Release|x64
		{04602CED-95DB-4B40-8A90-55F4677DD78F}.Release|x64.Build.0 = Release|x64
		{04602CED-95DB-4B40-8A90-55F4677DD78F}.Release|x86.ActiveCfg = Release|Win32
		{04602CED-95DB-4B40-8A90-55F4677DD78F}.Release|x86.Build.0 = Release|Win32
		{CEC5F4FF-442D-4E21-8814-01D46C15D2C6}.Debug|x64.ActiveCfg = Debug|x64
		{CEC5F4FF-442D-4E21-8814-01D46C15D2C6}.Debug|x64.Build.0 = Debug|x64
		{CEC5F4FF-442D-4E21-8814-01D46C15D2C6}.Debug|x86.ActiveCfg = Debug|Win32
		{CEC5F4FF-442D-4E21-8814-01D46C15D2C6}.Debug|x86.Build.0 = Debug|Win32
		{CEC5F4FF-442D-4E21-8814-01D46C15D2C6}.Release|x64.ActiveCfg = Release|x64
		{CEC5F4FF-442D-4E21-8814-01D46C15D2C6}.Release|x64.Build.0 = Release|x64
		{CEC5F4FF-442D-4E21-8814-01D46C15D2C6}.Release|x86.ActiveCfg = Release|Win32
		{CEC5F4FF-442D-4E21-8814-01D46C15D2C6}.Release|x86.Build.0 = Release|Win32
		{601CCB27-40AF-4970-AD35-2A93418A6CC5}.Debug|x64.ActiveCfg = Debug|x64
		{601CCB27-40AF-4970-AD35-2A93418A6CC5}.Debug|x64.Build.0 = Debug|x64
		{601CCB27-40AF-4970-AD35-2A93418A6CC5}.Debug|x86.ActiveCfg = Debug|Win32
		{601CCB27-40AF-4970-AD35-2A93418A6CC5}.Debug|x86.Build.0 = Debug|Win32
		{601CCB27-40AF-4970-AD35-2A93418A6CC5}.Release|x64.ActiveCfg = Release|x64
		{601CCB27-40AF-4970-AD35-2A93418A6CC5}.Release|x64.Build.0 = Release|x64
		{601CCB27-40AF-4970-AD35-2A93418A6CC5}.Release|x86.ActiveCfg = Release|Win32
		{601CCB27-40AF-4970-AD35-2A93418A6CC5}.Release|x86.Build.0 = Release|Win32
		{FD780403-EAE1-4AE6-A408-5419906646ED}.Debug|x64.ActiveCfg = Debug|x64
		{FD780403-EAE1-4AE6-A408-5419906646ED}.Debug|x64.Build.0 = Debug|x64
		{FD780403-EAE1-4AE6-A408-5419906646ED}.Debug|x86.ActiveCfg = Debug|Win32
		{FD780403-EAE1-4AE6-A408-5419906646ED}.Debug|x86.Build.0 = Debug|Win32
		{FD780403-EAE1-4AE6-A408-5419906646ED}.Release|x64.ActiveCfg = Release|x64
		{FD780403-EAE1-4AE6-A408-5419906646ED}.Release|x64.Build.0 = Release|x64
		{FD780403-EAE1-4AE6-A408-5419906646ED}.Release|x86.ActiveCfg = Release|Win32
		{FD780403-EAE1-4AE6-A408-5419906646ED}.Release|x86.Build.0 = Release|Win32
		{12624991-E401-4E2E-A18B-C87827B79C70}.Debug|x64.ActiveCfg = Debug|x64
		{12624991-E401-4E2E-A18B-C87827B79C70}.Debug|x64.Build.0 = Debug|x64
		{12624991-E401-4E2E-A18B-C87827B79C70}.Debug|x86.ActiveCfg = Debug|Win32
		{12624991-E401-4E2E-A18B-C87827B79C70}.Debug|x86.Build.0 = Debug|Win32
		{12624991-E401-4E2E-A18B-C87827B79C70}.Release|x64.ActiveCfg = Release|x64
		{12624991-E401-4E2E-A18B-C87827B79C70}.Release|x64.Build.0 = Release|x64
		{12624991-E401-4E2E-A18B-C87827B79C70}.Release|x86.ActiveCfg = Release|Win32
		{12624991-E401-4E2E-A18B-C87827B79C70}.Release|x86.Build.0 = Release|Win32
		{D0BCEC27-2B2A-4477-9417-049CE82B1EA3}.Debug|x64.ActiveCfg = Debug|x64
		{D0BCEC27-2B2A-4477-9417-049CE82B1EA3}.Debug|x64.Build.0 = Debug|x64
		{D0BCEC27-2B2A-4477-9417-049CE82B1EA3}.Debug|x86.ActiveCfg = Debug|Win32
		{D0BCEC27-2B2A-4477-9417-049CE82B1EA3}.Debug|x86.Build.0 = Debug|Win32
		{D0BCEC27-2B2A-4477-9417-049CE82B1EA3}.Release|x64.ActiveCfg = Release|x64
		{D0BCEC27-2B2A-4477-9417-049CE82B1EA3}.Release|x64.Build.0 = Release|x64
		{D0BCEC27-2B2A-4477-9417-049CE82B1EA3}.Release|x86.ActiveCfg = Release|Win32
		{D0BCEC27-2B2A-4477-9417-049CE82B1EA3}.Release|x86.Build.0 = Release|Win32
		{E58E03E0-E756-4985-B9CE-F8D38B740414}.Debug|x64.ActiveCfg = Debug|x64
		{E58E03E0-E756-4985-B9CE-F8D38B740414}.Debug|x64.Build.0 = Debug|x64
		{E58E03E0-E756-4985-B9CE-F8D38B740414}.Debug|x86.ActiveCfg = Debug|Win32
		{E58E03E0-E756-4985-B9CE-F8D38B740414}.Debug|x86.Build.0 = Debug|Win32
		{E58E03E0-E756-4985-B9CE-F8D38B740414}.Release|x64.ActiveCfg = Release|x64
		{E58E03E0-E756-4985-B9CE-F8D38B740414}.Release|x64.Build.0 = Release|x64
		{E58E03E0-E756-4985-B9CE-F8D38B740414}.Release|x86.ActiveCfg = Release|Win32
		{E58E03E0-E756-4985-B9CE-F8D38B740414}.Release|x86.Build.0 = Release|Win32
		{C28DD9CB-CD61-4FB3-8FC5-E3088986700F}.Debug|x64.ActiveCfg = Debug|x64
		{C28DD9CB-CD61-4FB3-8FC5-E3088986700F}.Debug|x64.Build.0 = Debug|x64
		{C28DD9CB-CD61-4FB3-8FC5-E3088986700F}.Debug|x86.ActiveCfg = Debug|Win32
		{C28DD9CB-CD61-4FB3-8FC5-E3088986700F}.Debug|x86.Build.0 = Debug|Win32
		{C28DD9CB-CD61-4FB3-8FC5-E3088986700F}.Release|x64.ActiveCfg = Release|x64
		{C28DD9CB-CD61-4FB3-8FC5-E3088986700F}.Release|x64.Build.0 = Release|x64
		{C28DD9CB-CD61-4FB3-8FC5-E3088986700F}.Release|x86.ActiveCfg = Release|Win32
		{C28DD9CB-CD61-4FB3-8FC5-E3088986700F}.Release|x86.Build.0 = Release|Win32
		{06369E38-D223-4BAF-81F5-F77E4EC6D135}.Debug|x64.ActiveCfg = Debug|x64
		{06369E38-D223-4BAF-81F5-F77E4EC6D135}.Debug|x64.Build.0 = Debug|x64
		{06369E38-D223-4BAF-81F5-F77E4EC6D135}.Debug|x86.ActiveCfg = Debug|Win32
		{06369E38-D223-4BAF-81F5-F77E4EC6D135}.Debug|x86.Build.0 = Debug|Win32
		{06369E38-D223-4BAF-81F5-F77E4EC6D135}.Release|x64.ActiveCfg = Release|x64
		{06369E38-D223-4BAF-81F5-F77E4EC6D135}.Release|x64.Build.0 = Release|x64
		{06369E38-D223-4BAF-81F5-F77E4EC6D135}.Release|x86.ActiveCfg = Release|Win32
		{06369E38-D223-4BAF-81F5-F77E4EC6D135}.Release|x86.Build.0 = Release|Win32
		{E4FA9780-CBD8-450E-965F-AF1479EFA40D}.Debug|x64.ActiveCfg = Debug|x64
		{E4FA9780-CBD8-450E-965F-AF1479EFA40D}.Debug|x64.Build.0 = Debug|x64
		{E4FA9780-CBD8-450E-965F-AF1479EFA40D}.Debug|x86.ActiveCfg = Debug|Win32
		{E4FA9780-CBD8-450E-965F-AF1479EFA40D}.Debug|x86.Build.0 = Debug|Win32
		{E4FA9780-CBD8-450E-965F-AF1479EFA40D}.Release|x64.ActiveCfg = Release|x64
		{E4FA9780-CBD8-450E-965F-AF1479EFA40D}.Release|x64.Build.0 = Release|x64
		{E4FA9780-CBD8-450E-965F-AF1479EFA40D}.Release|x86.ActiveCfg = Release|Win32
		{E4FA9780-CBD8-450E-965F-AF1479EFA40D}.Release|x86.Build.0 = Release|Win32
		{D5D409BA-1B6C-46EB-8772-0942C511BACF}.Debug|x64.ActiveCfg = Debug|x64
		{D5D409BA-1B6C-46EB-8772-0942C511BACF}.Debug|x64.Build.0 = Debug|x64
		{D5D409BA-1B6C-46EB-8772-0942C511BACF}.Debug|x86.ActiveCfg = Debug|Win32
		{D5D409BA-1B6C-46EB-8772-0942C511BACF}.Debug|x86.Build.0 = Debug|Win32
		{D5D409BA-1B6C-46EB-8772-0942C511BACF}.Release|x64.ActiveCfg = Release|x64
		{D5D409BA-1B6C-46EB-8772-0942C511BACF}.Release|x64.Build.0 = Release|x64
		{D5D409BA-1B6C-46EB-8772-0942C511BACF}.Release|x86.ActiveCfg = Release|Win32
		{D5D409BA-1B6C-46EB-8772-0942C511BACF}.Release|x86.Build.0 = Release|Win32
		{2362F5A9-34B2-4240-94B9-E5DBE862129A}.Debug|x64.ActiveCfg = Debug|x64
		{2362F5A9-34B2-4240-94B9-E5DBE862129A}.Debug|x64.Build.0 = Debug|x64
		{2362F5A9-34B2-4240-94B9-E5DBE862129A}.Debug|x86.ActiveCfg = Debug|Win32
		{2362F5A9-34B2-4240-94B9-E5DBE862129A}.Debug|x86.Build.0 = Debug|Win32
		{2362F5A9-34B2-4240-94B9-E5DBE862129A}.Release|x64.ActiveCfg = Release|x64
		{2362F5A9-34B2-4240-94B9-E5DBE862129A}.Release|x64.Build.0 = Release|x64
		{2362F5A9-34B2-4240-94B9-E5DBE862129A}.Release|x86.ActiveCfg = Release|Win32
		{2362F5A9-34B2-4240-94B9-E5DBE862129A}.Release|x86.Build.0 = Release|Win32
		{5797F79B-61D0-4B55-8404-8B0083EADB05}.Debug|x64.ActiveCfg = Debug|x64
		{5797F79B-61D0-4B55-8404-8B0083EADB05}.Debug|x64.Build.0 = Debug|x64
		{5797F79B-61D0-4B55-8404-8B0083EADB05}.Debug|x86.ActiveCfg = Debug|Win32
		{5797F79B-61D0-4B55-8404-8B0083EADB05}.Debug|x86.Build.0 = Debug|Win32
		{5797F79B-61D0-4B55-8404-8B0083EADB05}.Release|x64.ActiveCfg = Release|x64
		{5797F79B-61D0-4B55-8404-8B0083EADB05}.Release|x64.Build.0 = Release|x64
		{5797F79B-61D0-4B55-8404-8B0083EADB05}.Release|x86.ActiveCfg = Release|Win32
		{5797F79B-61D0-4B55-8404-8B0083EADB05}.Release|x86.Build.0 = Release|Win32
		{630CBDC2-7BAE-4F1C-A27C-68ECA1BDC033}.Debug|x64.ActiveCfg = Debug|x64
		{630CBDC2-7BAE-4F1C-A27C-68ECA1BDC033}.Debug|x64.Build.0 = Debug|x64
		{630CBDC2-7BAE-4F1C-A27C-68ECA1BDC033}.Debug|x86.ActiveCfg = Debug|Win32
		{630CBDC2-7BAE-4F1C-A27C-68ECA1BDC033}.Debug|x86.Build.0 = Debug|Win32
		{630CBDC2-7BAE-4F1C-A27C-68ECA1BDC033}.Release|x64.ActiveCfg = Release|x64
		{630CBDC2-7BAE-4F1C-A27C-68ECA1BDC033}.Release|x64.Build.0 = Release|x64
		{630CBDC2-7BAE-4F1C-A27C-68ECA1BDC033}.Release|x86.ActiveCfg = Release|Win32
		{630CBDC2-7BAE-4F1C-A27C-68ECA1BDC033}.Release|x86.Build.0 = Release|Win32
		{C3F1782B-15A9-47DE-BEEC-F2F8D67EAB44}.Debug|x64.ActiveCfg = Debug|x64
		{C3F1782B-15A9-47DE-BEEC-F2F8D67EAB44}.Debug|x64.Build.0 = Debug|x64
		{C3F1782B-15A9-47DE-BEEC-F2F8D67EAB44}.Debug|x86.ActiveCfg = Debug|Win32
		{C3F1782B-15A9-47DE-BEEC-F2F8D67EAB44}.Debug|x86.Build.0 = Debug|Win32
		{C3F1782B-15A9-47DE-BEEC-F2F8D67EAB44}.Release|x64.ActiveCfg = Release|x64
		{C3F1782B-15A9-47DE-BEEC-F2F8D67EAB44}.Release|x64.Build.0 = Release|x64
		{C3F1782B-15A9-47DE-BEEC-F2F8D67EAB44}.Release|x86.ActiveCfg = Release|Win32
		{C3F1782B-15A9-47DE-BEEC-F2F8D67EAB44}.Release|x86.Build.0 = Release|Win32
		{9F119B33-5059-4B57-BA5A-1200E8D51539}.Debug|x64.ActiveCfg = Debug|x64
		{9F119B33-5059-4B57-BA5A-1200E8D51539}.Debug|x64.Build.0 = Debug|x64
		{9F119B33-5059-4B57-BA5A-1200E8D51539}.Debug|x86.ActiveCfg = Debug|Win32
		{9F119B33-5059-4B57-BA5A-1200E8D51539}.Debug|x86.Build.0 = Debug|Win32
		{9F119B33-5059-4B57-BA5A-1200E8D51539}.Release|x64.ActiveCfg = Release|x64
		{9F119B33-5059-4B57-BA5A-1200E8D51539}.Release|x64.Build.0 = Release|x64
		{9F119B33-5059-4B57-BA5A-1200E8D51539}.Release|x86.ActiveCfg = Release|Win32
		{9F119B33-5059-4B57-BA5A-1200E8D51539}.Release|x86.Build.0 = Release|Win32
		{412E2EAD-43D0-460E-B4F8-0B5546F5FD7F}.Debug|x64.ActiveCfg = Debug|x64
		{412E2EAD-43D0-460E-B4F8-0B5546F5FD7F}.Debug|x64.Build.0 = Debug|x64
		{412E2EAD-43D0-460E-B4F8-0B5546F5FD7F}.Debug|x86.ActiveCfg = Debug|Win32
		{412E2EAD-43D0-460E-B4F8-0B5546F5FD7F}.Debug|x86.Build.0 = Debug|Win32
		{412E2EAD-43D0-460E-B4F8-0B5546F5FD7F}.Release|x64.ActiveCfg = Release|x64
		{412E2EAD-43D0-460E-B4F8-0B5546F5FD7F}.Release|x64.Build.0 = Release|x64
		{412E2EAD-43D0-460E-B4F8-0B5546F5FD7F}.Release|x86.ActiveCfg = Release|Win32
		{412E2EAD-43D0-460E-B4F8-0B5546F5FD7F}.Release|x86.Build.0 = Release|Win32
		{8FBE97B3-BD0B-4D9D-94F2-6848C065379B}.Debug|x64.ActiveCfg = Debug|x64
		{8FBE97B3-BD0B-4D9D-94F2-6848C065379B}.Debug|x64.Build.0 = Debug|x64
		{8FBE97B3-BD0B-4D9D-94F2-6848C065379B}.Debug|x86.ActiveCfg = Debug|Win32
		{8FBE97B3-BD0B-4D9D-94F2-6848C065379B}.Debug|x86.Build.0 = Debug|Win32
		{8FBE97B3-BD0B-4D9D-94F2-6848C065379B}.Release|x64.ActiveCfg = Release|x64
		{8FBE97B3-BD0B-4D9D-94F2-6848C065379B}.Release|x64.Build.0 = Release|x64
		{8FBE97B3-BD0B-4D9D-94F2-6848C065379B}.Release|x86.ActiveCfg = Release|Win32
		{8FBE97B3-BD0B-4D9D-94F2-6848C065379B}.Release|x86.Build.0 = Release|Win32
		{D2676793-869A-47B9-B6FA-F2E9AA19EDD4}.Debug|x64.ActiveCfg = Debug|x64
		{D2676793-869A-47B9-B6FA-F2E9AA19EDD4}.Debug|x64.Build.0 = Debug|x64
		{D2676793-869A-47B9-B6FA-F2E9AA19EDD4}.Debug|x86.ActiveCfg = Debug|Win32
		{D2676793-869A-47B9-B6FA-F2E9AA19EDD4}.Debug|x86.Build.0 = Debug|Win32
		{D2676793-869A-47B9-B6FA-F2E9AA19EDD4}.Release|x64.ActiveCfg = Release|x64
		{D2676793-869A-47B9-B6FA-F2E9AA19EDD4}.Release|x64.Build.0 = Release|x64
		{D2676793-869A-47B9-B6FA-F2E9AA19EDD4}.Release|x86.ActiveCfg = Release|Win32
		{D2676793-869A-47B9-B6FA-F2E9AA19EDD4}.Release|x86.Build.0 = Release|Win32
		{2A24C376-43B6-4A11-B3EE-D59F5F12817B}.Debug|x64.ActiveCfg = Debug|x64
		{2A24C376-43B6-4A11-B3EE-D59F5F12817B}.Debug|x64.Build.0 = Debug|x64
		{2A24C376-43B6-4A11-B3EE-D59F5F12817B}.Debug|x86.ActiveCfg = Debug|Win32
		{2A24C376-43B6-4A11-B3EE-D59F5F12817B}.Debug|x86.Build.0 = Debug|Win32
		{2A24C376-43B6-4A11-B3EE-D59F5F12817B}.Release|x64.ActiveCfg = Release|x64
		{2A24C376-43B6-4A11-B3EE-D59F5F12817B}.Release|x64.Build.0 = Release|x64
		{2A24C376-43B6-4A11-B3EE-D59F5F12817B}.Release|x86.ActiveCfg = Release|Win32
		{2A24C376-43B6-4A11-B3EE-D59F5F12817B}.Release|x86.Build.0 = Release|Win32
		{61638DE8-63F0-471C-AD01-CE70F9ACEF58}.Debug|x64.ActiveCfg = Debug|x64
		{61638DE8-63F0-471C-AD01-CE70F9ACEF58}.Debug|x64.Build.0 = Debug|x64
		{61638DE8-63F0-471C-AD01-CE70F9ACEF58}.Debug|x86.ActiveCfg = Debug|Win32
		{61638DE8-63F0-471C-AD01-CE70F9ACEF58}.Debug|x86.Build.0 = Debug|Win32
		{61638DE8-63F0-471C-AD01-CE70F9ACEF58}.Release|x64.ActiveCfg = Release|x64
		{61638DE8-63F0-471C-AD01-CE70F9ACEF58}.Release|x64.Build.0 = Release|x64
		{61638DE8-63F0-471C-AD01-CE70F9ACEF58}.Release|x86.ActiveCfg = Release|Win32
		{61638DE8-63F0-471C-AD01-CE70F9ACEF58}.Release|x86.Build.0 = Release|Win32
		{C0EDCB77-2045-4D76-B220-2D0D8DDB7591}.Debug|x64.ActiveCfg = Debug|x64
		{C0EDCB77-2045-4D76-B220-2D0D8DDB7591}.Debug|x64.Build.0 = Debug|x64
		{C0EDCB77-2045-4D76-B220-2D0D8DDB7591}.Debug|x86.ActiveCfg = Debug|Win32
		{C0EDCB77-2045-4D76-B220-2D0D8DDB7591}.Debug|x86.Build.0 = Debug|Win32
		{C0EDCB77-2045-4D76-B220-2D0D8DDB7591}.Release|x64.ActiveCfg = Release|x64
		{C0EDCB77-2045-4D76-B220-2D0D8DDB7591}.Release|x64.Build.0 = Release|x64
		{C0EDCB77-2045-4D76-B220-2D0D8DDB7591}.Release|x86.ActiveCfg = Release|Win32
		{C0EDCB77-2045-4D76-B220-2D0D8DDB7591}.Release|x86.Build.0 = Release|Win32
		{08FA4331-B58F-4CDE-BC2C-EF2ED4361F1A}.Debug|x64.ActiveCfg = Debug|x64
		{08FA4331-B58F-4CDE-BC2C-EF2ED4361F1A}.Debug|x64.Build.0 = Debug|x64
		{08FA4331-B58F-4CDE-BC2C-EF2ED4361F1A}.Debug|x86.ActiveCfg = Debug|Win32
		{08FA4331-B58F-4CDE-BC2C-EF2ED4361F1A}.Debug|x86.Build.0 = Debug|Win32
		{08FA4331-B58F-4CDE-BC2C-EF2ED4361F1A}.Release|x64.ActiveCfg = Release|x64
		{08FA4331-B58F-4CDE-BC2C-EF2ED4361F1A}.Release|x64.Build.0 = Release|x64
		{08FA4331-B58F-4CDE-BC2C-EF2ED4361F1A}.Release|x86.ActiveCfg = Release|Win32
		{08FA4331-B58F-4CDE-BC2C-EF2ED4361F1A}.Release|x86.Build.0 = Release|Win32
		{F467D752-CF58-4B53-BAE1-1575131F0A23}.Debug|x64.ActiveCfg = Debug|x64
		{F467D752-CF58-4B53-BAE1-1575131F0A23}.Debug|x64.Build.0 = Debug|x64
		{F467D752-CF58-4B53-BAE1-1575131F0A23}.Debug|x86.ActiveCfg = Debug|Win32
		{F467D752-CF58-4B53-BAE1-1575131F0A23}.Debug|x86.Build.0 = Debug|Win32
		{F467D752-CF58-4B53-BAE1-1575131F0A23}.Release|x64.ActiveCfg = Release|x64
		{F467D752-CF58-4B53-BAE1-1575131F0A23}.Release|x64.Build.0 = Release|x64
		{F467D752-CF58-4B53-BAE1-1575131F0A23}.Release|x86.ActiveCfg = Release|Win32
		{F467D752-CF58-4B53-BAE1-1575131F0A23}.Release|x86.Build.0 = Release|Win32
	EndGlobalSection
	GlobalSection(SolutionProperties) = preSolution
		HideSolutionNode = FALSE
	EndGlobalSection
	GlobalSection(ExtensibilityGlobals) = postSolution
		SolutionGuid = {E4F8EF92-B8AD-4271-B2CD-28C34423082E}
	EndGlobalSection
EndGlobal
